// !$*UTF8*$!
{
	archiveVersion = 1;
	classes = {
	};
	objectVersion = 46;
	objects = {
/* Begin PBXBuildFile section */
		223A89461E89CDC70092741E /* MiniApp.jsbundle in Resources */ = {isa = PBXBuildFile; fileRef = 223A89451E89CDC70092741E /* MiniApp.jsbundle */; };
		2265A4A21EB26943007D6C3D /* Info.plist in Resources */ = {isa = PBXBuildFile; fileRef = 2265A4A11EB26943007D6C3D /* Info.plist */; };
		22BF1FEB1E8DAAF800E7F500 /* assets in Resources */ = {isa = PBXBuildFile; fileRef = 22BF1FEA1E8DAAF800E7F500 /* assets */; };
		301CB9021F33F3450048C58B /* NSBundle+frameworkBundle.m in Sources */ = {isa = PBXBuildFile; fileRef = 301CB9001F33F3450048C58B /* NSBundle+frameworkBundle.m */; };
		301CB9031F33F3450048C58B /* NSBundle+frameworkBundle.h in Headers */ = {isa = PBXBuildFile; fileRef = 301CB9011F33F3450048C58B /* NSBundle+frameworkBundle.h */; };
		30F8CDEE1E67946E00413247 /* ElectrodeReactNative_Internal.h in Headers */ = {isa = PBXBuildFile; fileRef = 30F8CDED1E67946E00413247 /* ElectrodeReactNative_Internal.h */; };
		485009ED1E2FF23C009B6610 /* ElectrodeContainer.framework in Frameworks */ = {isa = PBXBuildFile; fileRef = 485009E31E2FF23B009B6610 /* ElectrodeContainer.framework */; };
		485009F41E2FF23C009B6610 /* ElectrodeContainer.h in Headers */ = {isa = PBXBuildFile; fileRef = 485009E61E2FF23B009B6610 /* ElectrodeContainer.h */; settings = {ATTRIBUTES = (Public, ); }; };
		48500A981E2FF55B009B6610 /* ElectrodeReactNative.h in Headers */ = {isa = PBXBuildFile; fileRef = 48500A961E2FF55B009B6610 /* ElectrodeReactNative.h */; settings = {ATTRIBUTES = (Public, ); }; };
		48500A991E2FF55B009B6610 /* ElectrodeReactNative.m in Sources */ = {isa = PBXBuildFile; fileRef = 48500A971E2FF55B009B6610 /* ElectrodeReactNative.m */; };
		968333D71E54E3470031C565 /* ElectrodeBridgeDelegate.h in Headers */ = {isa = PBXBuildFile; fileRef = 968333D51E54E3470031C565 /* ElectrodeBridgeDelegate.h */; settings = {ATTRIBUTES = (Public, ); }; };
		968333D81E54E3470031C565 /* ElectrodeBridgeDelegate.m in Sources */ = {isa = PBXBuildFile; fileRef = 968333D61E54E3470031C565 /* ElectrodeBridgeDelegate.m */; };
		DCF9A37C21B9427B8E471671 /* libReact.a in Frameworks */ = {isa = PBXBuildFile; fileRef = A2F612D9C6564B03A9F541B4 /* libReact.a */; };
		B738695FAC0D47AEB2C7B292 /* libRCTActionSheet.a in Frameworks */ = {isa = PBXBuildFile; fileRef = 2BAC717388E74CB2889B6039 /* libRCTActionSheet.a */; };
		A741823AE5B74EB9AE0A841F /* libRCTImage.a in Frameworks */ = {isa = PBXBuildFile; fileRef = 49FC82FEEE58465FA3403B6E /* libRCTImage.a */; };
		7180C4BA80604A9BB4F4A797 /* libRCTAnimation.a in Frameworks */ = {isa = PBXBuildFile; fileRef = 975B00CFDAFC4188B8667A46 /* libRCTAnimation.a */; };
		C8288EBB0A6549C58AE539E3 /* libRCTText.a in Frameworks */ = {isa = PBXBuildFile; fileRef = 9CEE4CA9340343FE95931DA1 /* libRCTText.a */; };
		EB520C160D594823B92A147B /* libRCTWebSocket.a in Frameworks */ = {isa = PBXBuildFile; fileRef = 32C8EFF60A9F4342A5973419 /* libRCTWebSocket.a */; };
		9FD0935BFE524296B3EAB111 /* libRCTGeolocation.a in Frameworks */ = {isa = PBXBuildFile; fileRef = 521ADA05D96446D19ECAC715 /* libRCTGeolocation.a */; };
		FCF495B9168845D184694628 /* libRCTLinking.a in Frameworks */ = {isa = PBXBuildFile; fileRef = 3B61840F945E48019FACC80A /* libRCTLinking.a */; };
		1D0EBFDD331740759D054F33 /* libRCTNetwork.a in Frameworks */ = {isa = PBXBuildFile; fileRef = AE10114BBB184617B65769B7 /* libRCTNetwork.a */; };
		B3CD75C0EB244F46A8F33A9B /* libRCTSettings.a in Frameworks */ = {isa = PBXBuildFile; fileRef = 579003564FF04DB6AF68D574 /* libRCTSettings.a */; };
		2BB2DFD059D7429E87F7981B /* libRCTVibration.a in Frameworks */ = {isa = PBXBuildFile; fileRef = 23956526C7ED402D983DD67A /* libRCTVibration.a */; };
		39CF37ECA27C4EF080C52BF2 /* libRCTCameraRoll.a in Frameworks */ = {isa = PBXBuildFile; fileRef = 5CE1AA523EEE43C59718DB57 /* libRCTCameraRoll.a */; };
		EC9E37716BA842DF8E736847 /* ElectrodeObject.swift in Sources */ = {isa = PBXBuildFile; fileRef = 1D8BB6A5808A4D3584BB0F3A /* ElectrodeObject.swift */; };
		1EE81EE3122B49ADA3ED1B1E /* Bridgeable.swift in Sources */ = {isa = PBXBuildFile; fileRef = F437A227579B4AEC9890C61C /* Bridgeable.swift */; };
		A6C15424BA924109BD75D1EA /* ElectrodeRequestHandlerProcessor.swift in Sources */ = {isa = PBXBuildFile; fileRef = 3D72EE1D95DC4BC0BA027758 /* ElectrodeRequestHandlerProcessor.swift */; };
		0DBA71A301714C5D88D4A3EC /* ElectrodeRequestProcessor.swift in Sources */ = {isa = PBXBuildFile; fileRef = 18FDCD635CF24407BFE1444C /* ElectrodeRequestProcessor.swift */; };
		699AB2D6177E470E8367ACA9 /* ElectrodeUtilities.swift in Sources */ = {isa = PBXBuildFile; fileRef = 7AE84B7420ED4BE89E912AA0 /* ElectrodeUtilities.swift */; };
		23E0340E95564528B9EFA9EC /* EventListenerProcessor.swift in Sources */ = {isa = PBXBuildFile; fileRef = 2574FCA5323549A9B6194DE6 /* EventListenerProcessor.swift */; };
		E78875ED515A48A6B9388692 /* EventProcessor.swift in Sources */ = {isa = PBXBuildFile; fileRef = 7E6BB5926B5740DCB2171310 /* EventProcessor.swift */; };
		0C3556FEA0DE42F6A4457384 /* Processor.swift in Sources */ = {isa = PBXBuildFile; fileRef = 8C80FA50B7344E8CA935BD62 /* Processor.swift */; };
		FB9A1C79543540D68B6B7B05 /* None.swift in Sources */ = {isa = PBXBuildFile; fileRef = 3306F82E06B34818BB4572E6 /* None.swift */; };
		C96EE095C5B14ED08F10401C /* ElectrodeBridgeEvent.m in Sources */ = {isa = PBXBuildFile; fileRef = 8797FB0E4F6341EDA7C76CF2 /* ElectrodeBridgeEvent.m */; };
		5E0422D05E1243EA86961C1C /* ElectrodeBridgeFailureMessage.m in Sources */ = {isa = PBXBuildFile; fileRef = B0BC02C6B90A456AB8EB43E1 /* ElectrodeBridgeFailureMessage.m */; };
		3A720BB4159A4BF9B1D31231 /* ElectrodeBridgeHolder.m in Sources */ = {isa = PBXBuildFile; fileRef = B4287203169E49E292E0BED6 /* ElectrodeBridgeHolder.m */; };
		48E82E8A05F9484B989B4AE1 /* ElectrodeBridgeMessage.m in Sources */ = {isa = PBXBuildFile; fileRef = 027456D236A04F6785EA245A /* ElectrodeBridgeMessage.m */; };
		0B0A83BE034E4AC88669334C /* ElectrodeBridgeProtocols.m in Sources */ = {isa = PBXBuildFile; fileRef = 5AFF30FD12F64A1698A77AD6 /* ElectrodeBridgeProtocols.m */; };
		2C3464924B6C43FCA828D134 /* ElectrodeBridgeRequest.m in Sources */ = {isa = PBXBuildFile; fileRef = 847C0C4CBFA94BDBB4348E77 /* ElectrodeBridgeRequest.m */; };
		5A5FD13F94B2448FA67A8E94 /* ElectrodeBridgeResponse.m in Sources */ = {isa = PBXBuildFile; fileRef = 9A3535F8629D4E1EB40F5904 /* ElectrodeBridgeResponse.m */; };
		7C2784CB704B4228819EA2D0 /* ElectrodeBridgeTransaction.m in Sources */ = {isa = PBXBuildFile; fileRef = 544515E698F4490AA5C05B9C /* ElectrodeBridgeTransaction.m */; };
		C50F0AF6D2D14E07B1FC6C13 /* ElectrodeBridgeTransceiver.m in Sources */ = {isa = PBXBuildFile; fileRef = 868F6F40FB15475788A10828 /* ElectrodeBridgeTransceiver.m */; };
		5899C76D55B048528A09CE94 /* ElectrodeEventDispatcher.m in Sources */ = {isa = PBXBuildFile; fileRef = 255390245351428D92414E10 /* ElectrodeEventDispatcher.m */; };
		C9F82771CD9E47E5B6424C8C /* ElectrodeEventRegistrar.m in Sources */ = {isa = PBXBuildFile; fileRef = 0D74ACD32032429385A69E2E /* ElectrodeEventRegistrar.m */; };
		B742C8B6058245039C1AFB34 /* ElectrodeRequestDispatcher.m in Sources */ = {isa = PBXBuildFile; fileRef = 497717A7D2B6478A9880ADC2 /* ElectrodeRequestDispatcher.m */; };
		B68709C2CF23479D8B4A86B6 /* ElectrodeRequestRegistrar.m in Sources */ = {isa = PBXBuildFile; fileRef = A0BE03F60F6D481D82D32AC1 /* ElectrodeRequestRegistrar.m */; };
		C40DD43C1A9C4CCBA2308F50 /* ElectrodeLogger.m in Sources */ = {isa = PBXBuildFile; fileRef = D9F68B7B267641CB8ACC188E /* ElectrodeLogger.m */; };
		AF8B8124C6AC4F23B8830E09 /* ElectrodeBridgeEvent.h in Headers */ = {isa = PBXBuildFile; fileRef = 142EFCE355294CB4B2A2EE75 /* ElectrodeBridgeEvent.h */; settings = {ATTRIBUTES = (Public, ); }; };
		8C64D19ABD8942D79A3CE449 /* ElectrodeBridgeFailureMessage.h in Headers */ = {isa = PBXBuildFile; fileRef = F0268C4BD01F453C88AB26AE /* ElectrodeBridgeFailureMessage.h */; settings = {ATTRIBUTES = (Public, ); }; };
		5E36457520A0454392B0700F /* ElectrodeBridgeHolder.h in Headers */ = {isa = PBXBuildFile; fileRef = ED4EB6DBB932414694C4498B /* ElectrodeBridgeHolder.h */; settings = {ATTRIBUTES = (Public, ); }; };
		6735D95454E94FF49DB5BA80 /* ElectrodeBridgeMessage.h in Headers */ = {isa = PBXBuildFile; fileRef = 1FE336DE854542D5968C9489 /* ElectrodeBridgeMessage.h */; settings = {ATTRIBUTES = (Public, ); }; };
		F05087A58BC645EDA77ADC9F /* ElectrodeBridgeProtocols.h in Headers */ = {isa = PBXBuildFile; fileRef = 4CC9998A6A44445DBCDB1D35 /* ElectrodeBridgeProtocols.h */; settings = {ATTRIBUTES = (Public, ); }; };
		7E9D5DABE8D840AE8B9A902D /* ElectrodeBridgeRequest.h in Headers */ = {isa = PBXBuildFile; fileRef = 7D318097C691484F8C2D4DC9 /* ElectrodeBridgeRequest.h */; settings = {ATTRIBUTES = (Public, ); }; };
		3995CC23D7E643328DC8DA26 /* ElectrodeBridgeTransaction.h in Headers */ = {isa = PBXBuildFile; fileRef = D935C2E2E50D4D1EA6994783 /* ElectrodeBridgeTransaction.h */; };
		D820246720924633B257B25D /* ElectrodeBridgeTransceiver.h in Headers */ = {isa = PBXBuildFile; fileRef = B3943AF9318A4BD9B3D10DB8 /* ElectrodeBridgeTransceiver.h */; };
		0CE84F5CDBB7419B982238DE /* ElectrodeBridgeTransceiver_Internal.h in Headers */ = {isa = PBXBuildFile; fileRef = FDD2B17D5AAB4F18BCC5EED6 /* ElectrodeBridgeTransceiver_Internal.h */; };
		52512CF465814BDAA047FABE /* ElectrodeEventDispatcher.h in Headers */ = {isa = PBXBuildFile; fileRef = 028852E6D7014585825CBF1F /* ElectrodeEventDispatcher.h */; };
		9A26726793F64DDDA1F78ABD /* ElectrodeEventRegistrar.h in Headers */ = {isa = PBXBuildFile; fileRef = ACBD83B12DF14296923CAC45 /* ElectrodeEventRegistrar.h */; };
		692B8E15DF0A40A69442AD18 /* ElectrodeRequestDispatcher.h in Headers */ = {isa = PBXBuildFile; fileRef = ACF0378A722744A58B759121 /* ElectrodeRequestDispatcher.h */; };
		C9AA16EF27804865A7084A8A /* ElectrodeRequestRegistrar.h in Headers */ = {isa = PBXBuildFile; fileRef = 4AC5375915C1449FBE58564D /* ElectrodeRequestRegistrar.h */; };
		5353C5EE20804C73AD7A581B /* ElectrodeReactNativeBridge.h in Headers */ = {isa = PBXBuildFile; fileRef = 1D12E50C0ED24396BB41D9D3 /* ElectrodeReactNativeBridge.h */; };
		637B947198944D3094FB374F /* ElectrodeBridgeResponse.h in Headers */ = {isa = PBXBuildFile; fileRef = EA448D1FA5324C5AB2EE5351 /* ElectrodeBridgeResponse.h */; };
		DF36D4F2DE804B0581102453 /* ElectrodeLogger.h in Headers */ = {isa = PBXBuildFile; fileRef = B8346F965A8147588B3D92D3 /* ElectrodeLogger.h */; settings = {ATTRIBUTES = (Public, ); }; };
		7F0E7857E5714A2B9DBC9413 /* BirthYear.swift in Sources */ = {isa = PBXBuildFile; fileRef = 4B7618D65C094A20AAA02E14 /* BirthYear.swift */; };
		D91E43DCBAFE44788505AB47 /* Movie.swift in Sources */ = {isa = PBXBuildFile; fileRef = 0F127EE7F797434EA6AD9D1C /* Movie.swift */; };
		A2309E98CC604D60B02EA03B /* MoviesAPI.swift in Sources */ = {isa = PBXBuildFile; fileRef = CF9F43F86DB84B0B899F33C5 /* MoviesAPI.swift */; };
		FE94E67BE9B74879B0C59094 /* MoviesRequests.swift in Sources */ = {isa = PBXBuildFile; fileRef = DD3A4FD757FB4CED92A653DF /* MoviesRequests.swift */; };
		AB279E9CC45349258540C0B0 /* Person.swift in Sources */ = {isa = PBXBuildFile; fileRef = 417D480FAC7744A59CF61A59 /* Person.swift */; };
		C72576C335A04015BF77CE15 /* Synopsis.swift in Sources */ = {isa = PBXBuildFile; fileRef = 0124E416F00E4CF287CCB61E /* Synopsis.swift */; };
		4C207CE61EA246E1B15304C6 /* MoviesApiController.swift in Sources */ = {isa = PBXBuildFile; fileRef = 6E5DE2E2C7C542E6A59349D8 /* MoviesApiController.swift */; };
		EE4780D1EAD049DFAA3947D2 /* MoviesApiRequestHandlerDelegate.swift in Sources */ = {isa = PBXBuildFile; fileRef = FECBF1209AC34A358142FEB7 /* MoviesApiRequestHandlerDelegate.swift */; };
		91349D6AE7634576A250B771 /* RequestHandlerConfig.swift in Sources */ = {isa = PBXBuildFile; fileRef = 8C6449AB32214B6985EAAA87 /* RequestHandlerConfig.swift */; };
		68AA31A76F674303A4272D4D /* RequestHandlerProvider.swift in Sources */ = {isa = PBXBuildFile; fileRef = 2611281B86A6487789489550 /* RequestHandlerProvider.swift */; };
		3FBA9EAE06A64BF9AC33BFBD /* NavigateData.swift in Sources */ = {isa = PBXBuildFile; fileRef = DA33CA2F00504BE49C3C0DAB /* NavigateData.swift */; };
		E47890A7143741EC847C3013 /* NavigationAPI.swift in Sources */ = {isa = PBXBuildFile; fileRef = 53A23E9F411F499FA84FF3B7 /* NavigationAPI.swift */; };
		47623AF2BEC34352A6F77354 /* NavigationRequests.swift in Sources */ = {isa = PBXBuildFile; fileRef = 7671059E33EA468BA2596450 /* NavigationRequests.swift */; };
		BAA482E2F8074D3D86389D0F /* PetApiController.swift in Sources */ = {isa = PBXBuildFile; fileRef = 63325CDA13194D7693A9D535 /* PetApiController.swift */; };
		066DED92538E4FA58D4F11E4 /* PetApiRequestHandlerDelegate.swift in Sources */ = {isa = PBXBuildFile; fileRef = FB4ABCFAA0B64019B12EA133 /* PetApiRequestHandlerDelegate.swift */; };
		CC02F0A8DA9B47AB8A52FD34 /* PetApiRequestHandlerProvider.swift in Sources */ = {isa = PBXBuildFile; fileRef = 0880B93ACFE246ABB1412194 /* PetApiRequestHandlerProvider.swift */; };
		B526159D119349DB8B1A849D /* StoreApiController.swift in Sources */ = {isa = PBXBuildFile; fileRef = F2D723DDC0384E5687D9C247 /* StoreApiController.swift */; };
		FBDAF18F5B474150B18B2BBF /* StoreApiRequestHandlerDelegate.swift in Sources */ = {isa = PBXBuildFile; fileRef = 90A69EBF2F7841D481EB949C /* StoreApiRequestHandlerDelegate.swift */; };
		758E996C22B8471D82C8EA78 /* StoreApiRequestHandlerProvider.swift in Sources */ = {isa = PBXBuildFile; fileRef = C273307F76A64A98805D6B74 /* StoreApiRequestHandlerProvider.swift */; };
		9259604ADC7F4DC2978A71F4 /* UserApiController.swift in Sources */ = {isa = PBXBuildFile; fileRef = A33C4B742C934337A193E706 /* UserApiController.swift */; };
		D6453DE60A604B6DA475FA9C /* UserApiRequestHandlerDelegate.swift in Sources */ = {isa = PBXBuildFile; fileRef = A24964E14BE443FA95042E8E /* UserApiRequestHandlerDelegate.swift */; };
		6031F83F002E42CAAF368CB6 /* UserApiRequestHandlerProvider.swift in Sources */ = {isa = PBXBuildFile; fileRef = 2D5659C15DD9443F8E808DBF /* UserApiRequestHandlerProvider.swift */; };
/* End PBXBuildFile section */

/* Begin PBXContainerItemProxy section */
		485009EE1E2FF23C009B6610 /* PBXContainerItemProxy */ = {
			isa = PBXContainerItemProxy;
			containerPortal = 485009DA1E2FF23B009B6610 /* Project object */;
			proxyType = 1;
			remoteGlobalIDString = 485009E21E2FF23B009B6610;
			remoteInfo = ElectrodeContainer;
		};
		22DF7ECE5FA440B2BCB6CCF2 /* PBXContainerItemProxy */ = {
			isa = PBXContainerItemProxy;
			containerPortal = F158016196144095BB5550AC /* React.xcodeproj */;
			proxyType = 1;
			remoteGlobalIDString = 00061BB0478C48609C0A6963;
			remoteInfo = React;
		};
		48B025B57D8E4305A4B1DFC4 /* PBXContainerItemProxy */ = {
			isa = PBXContainerItemProxy;
			containerPortal = F158016196144095BB5550AC /* React.xcodeproj */;
			proxyType = 2;
			remoteGlobalIDString = 83CBBA2E1A601D0E00E9B192;
			remoteInfo = React;
		};
		902E2A1B4A534ACF99F4CCED /* PBXContainerItemProxy */ = {
			isa = PBXContainerItemProxy;
			containerPortal = 12BEACBF5503497EB5312139 /* RCTActionSheet.xcodeproj */;
			proxyType = 1;
			remoteGlobalIDString = 61856825840143BA98481647;
			remoteInfo = RCTActionSheet;
		};
		8240B229DADC43A3ABA6B287 /* PBXContainerItemProxy */ = {
			isa = PBXContainerItemProxy;
			containerPortal = 12BEACBF5503497EB5312139 /* RCTActionSheet.xcodeproj */;
			proxyType = 2;
			remoteGlobalIDString = 134814201AA4EA6300B7C361;
			remoteInfo = RCTActionSheet;
		};
		1152B5F5BD914D3287374E79 /* PBXContainerItemProxy */ = {
			isa = PBXContainerItemProxy;
			containerPortal = E27768A227F046EC84284746 /* RCTImage.xcodeproj */;
			proxyType = 1;
			remoteGlobalIDString = 18DFB440F4D34D5588005EF0;
			remoteInfo = RCTImage;
		};
		185EF3CF0AD048CDBB8F38FF /* PBXContainerItemProxy */ = {
			isa = PBXContainerItemProxy;
			containerPortal = E27768A227F046EC84284746 /* RCTImage.xcodeproj */;
			proxyType = 2;
			remoteGlobalIDString = 58B5115D1A9E6B3D00147676;
			remoteInfo = RCTImage;
		};
		E1FD4C78844B40B4BCAAB908 /* PBXContainerItemProxy */ = {
			isa = PBXContainerItemProxy;
			containerPortal = 2AAE8B25F11C480393398BAC /* RCTAnimation.xcodeproj */;
			proxyType = 1;
			remoteGlobalIDString = 711C2C7B4D274C92BF157913;
			remoteInfo = RCTAnimation;
		};
		6A47B75EC4414720866D24FB /* PBXContainerItemProxy */ = {
			isa = PBXContainerItemProxy;
			containerPortal = 2AAE8B25F11C480393398BAC /* RCTAnimation.xcodeproj */;
			proxyType = 2;
			remoteGlobalIDString = 134814201AA4EA6300B7C361;
			remoteInfo = RCTAnimation;
		};
		23E82D6DBA46415392B91AA2 /* PBXContainerItemProxy */ = {
			isa = PBXContainerItemProxy;
			containerPortal = 2C77D86D162641BCA78091BF /* RCTText.xcodeproj */;
			proxyType = 1;
			remoteGlobalIDString = 87857098C5B34ED5AA085F32;
			remoteInfo = RCTText;
		};
		717936EA972846AD80176D3D /* PBXContainerItemProxy */ = {
			isa = PBXContainerItemProxy;
			containerPortal = 2C77D86D162641BCA78091BF /* RCTText.xcodeproj */;
			proxyType = 2;
			remoteGlobalIDString = 58B5119B1A9E6C1200147676;
			remoteInfo = RCTText;
		};
		AE69143A29EC4879ABEB2374 /* PBXContainerItemProxy */ = {
			isa = PBXContainerItemProxy;
			containerPortal = 5967A1D7880048039B9EA6C1 /* RCTWebSocket.xcodeproj */;
			proxyType = 1;
			remoteGlobalIDString = 1527987ED2524DB9B5169DAF;
			remoteInfo = RCTWebSocket;
		};
		6EDCD28FC22D4BD8A8FED6DA /* PBXContainerItemProxy */ = {
			isa = PBXContainerItemProxy;
			containerPortal = 5967A1D7880048039B9EA6C1 /* RCTWebSocket.xcodeproj */;
			proxyType = 2;
			remoteGlobalIDString = 3C86DF461ADF2C930047B81A;
			remoteInfo = RCTWebSocket;
		};
		F38B5BDD97934FBDA2C9BA65 /* PBXContainerItemProxy */ = {
			isa = PBXContainerItemProxy;
			containerPortal = 66B6AD79213242C896B2A930 /* RCTGeolocation.xcodeproj */;
			proxyType = 1;
			remoteGlobalIDString = 58DB643A3CC344AC82CB4CF4;
			remoteInfo = RCTGeolocation;
		};
		FF5229AB78A64A6D9D7BFBDA /* PBXContainerItemProxy */ = {
			isa = PBXContainerItemProxy;
			containerPortal = 66B6AD79213242C896B2A930 /* RCTGeolocation.xcodeproj */;
			proxyType = 2;
			remoteGlobalIDString = 134814201AA4EA6300B7C361;
			remoteInfo = RCTGeolocation;
		};
		9CD5B4AB1A284BB7806F8954 /* PBXContainerItemProxy */ = {
			isa = PBXContainerItemProxy;
			containerPortal = 58AD1073345E4380B4B6B464 /* RCTLinking.xcodeproj */;
			proxyType = 1;
			remoteGlobalIDString = 3ACAE512E9414A3D95A0D08E;
			remoteInfo = RCTLinking;
		};
		04D50733DFB94E90B003C6B0 /* PBXContainerItemProxy */ = {
			isa = PBXContainerItemProxy;
			containerPortal = 58AD1073345E4380B4B6B464 /* RCTLinking.xcodeproj */;
			proxyType = 2;
			remoteGlobalIDString = 134814201AA4EA6300B7C361;
			remoteInfo = RCTLinking;
		};
		DA4E6B83ECCD4B1490D0DF7F /* PBXContainerItemProxy */ = {
			isa = PBXContainerItemProxy;
			containerPortal = 6A3DACF684CE48CF862A3EFD /* RCTNetwork.xcodeproj */;
			proxyType = 1;
			remoteGlobalIDString = EAF4BE6FDB3D4AC187260672;
			remoteInfo = RCTNetwork;
		};
		5E1B3464DED4494CA0AEEA06 /* PBXContainerItemProxy */ = {
			isa = PBXContainerItemProxy;
			containerPortal = 6A3DACF684CE48CF862A3EFD /* RCTNetwork.xcodeproj */;
			proxyType = 2;
			remoteGlobalIDString = 58B511DB1A9E6C8500147676;
			remoteInfo = RCTNetwork;
		};
		3F7831DA52184E5A85769856 /* PBXContainerItemProxy */ = {
			isa = PBXContainerItemProxy;
			containerPortal = DAEB8D816C1A47198D0C064F /* RCTSettings.xcodeproj */;
			proxyType = 1;
			remoteGlobalIDString = 9F481C99FE9A4064925D3A18;
			remoteInfo = RCTSettings;
		};
		396EE24C1CBB494CA6E8D247 /* PBXContainerItemProxy */ = {
			isa = PBXContainerItemProxy;
			containerPortal = DAEB8D816C1A47198D0C064F /* RCTSettings.xcodeproj */;
			proxyType = 2;
			remoteGlobalIDString = 134814201AA4EA6300B7C361;
			remoteInfo = RCTSettings;
		};
		6339B00014354D3DBD7E925C /* PBXContainerItemProxy */ = {
			isa = PBXContainerItemProxy;
			containerPortal = 92E3ACBF574A451AAD39BAAF /* RCTVibration.xcodeproj */;
			proxyType = 1;
			remoteGlobalIDString = A1D64E2F0F294CCC994700E8;
			remoteInfo = RCTVibration;
		};
		C09EF031AEFB435FA07FF949 /* PBXContainerItemProxy */ = {
			isa = PBXContainerItemProxy;
			containerPortal = 92E3ACBF574A451AAD39BAAF /* RCTVibration.xcodeproj */;
			proxyType = 2;
			remoteGlobalIDString = 832C81801AAF6DEF007FA2F7;
			remoteInfo = RCTVibration;
		};
		8F7F8C83CDA44B3BA9914F85 /* PBXContainerItemProxy */ = {
			isa = PBXContainerItemProxy;
			containerPortal = AA7EB499175649B5B1BADBCE /* RCTCameraRoll.xcodeproj */;
			proxyType = 1;
			remoteGlobalIDString = A490C440E2084DBC83F2EF03;
			remoteInfo = RCTCameraRoll;
		};
		FFAF24B2633B4C2188E99808 /* PBXContainerItemProxy */ = {
			isa = PBXContainerItemProxy;
			containerPortal = AA7EB499175649B5B1BADBCE /* RCTCameraRoll.xcodeproj */;
			proxyType = 2;
			remoteGlobalIDString = 58B5115D1A9E6B3D00147676;
			remoteInfo = RCTCameraRoll;
		};
/* End PBXContainerItemProxy section */

/* Begin PBXFileReference section */
		223A89451E89CDC70092741E /* MiniApp.jsbundle */ = {isa = PBXFileReference; fileEncoding = 4; lastKnownFileType = text; path = MiniApp.jsbundle; sourceTree = "<group>"; };
		2265A4A11EB26943007D6C3D /* Info.plist */ = {isa = PBXFileReference; fileEncoding = 4; lastKnownFileType = text.plist.xml; path = Info.plist; sourceTree = "<group>"; };
		22BF1FEA1E8DAAF800E7F500 /* assets */ = {isa = PBXFileReference; lastKnownFileType = folder; path = assets; sourceTree = "<group>"; };
		301CB9001F33F3450048C58B /* NSBundle+frameworkBundle.m */ = {isa = PBXFileReference; fileEncoding = 4; lastKnownFileType = sourcecode.c.objc; path = "NSBundle+frameworkBundle.m"; sourceTree = "<group>"; };
		301CB9011F33F3450048C58B /* NSBundle+frameworkBundle.h */ = {isa = PBXFileReference; fileEncoding = 4; lastKnownFileType = sourcecode.c.h; path = "NSBundle+frameworkBundle.h"; sourceTree = "<group>"; };
		30F8CDED1E67946E00413247 /* ElectrodeReactNative_Internal.h */ = {isa = PBXFileReference; fileEncoding = 4; lastKnownFileType = sourcecode.c.h; path = ElectrodeReactNative_Internal.h; sourceTree = "<group>"; };
		485009E31E2FF23B009B6610 /* ElectrodeContainer.framework */ = {isa = PBXFileReference; explicitFileType = wrapper.framework; includeInIndex = 0; path = ElectrodeContainer.framework; sourceTree = BUILT_PRODUCTS_DIR; };
		485009E61E2FF23B009B6610 /* ElectrodeContainer.h */ = {isa = PBXFileReference; lastKnownFileType = sourcecode.c.h; path = ElectrodeContainer.h; sourceTree = "<group>"; };
		485009EC1E2FF23C009B6610 /* ElectrodeContainerTests.xctest */ = {isa = PBXFileReference; explicitFileType = wrapper.cfbundle; includeInIndex = 0; path = ElectrodeContainerTests.xctest; sourceTree = BUILT_PRODUCTS_DIR; };
		485009F31E2FF23C009B6610 /* Info.plist */ = {isa = PBXFileReference; lastKnownFileType = text.plist.xml; path = Info.plist; sourceTree = "<group>"; };
		48500A961E2FF55B009B6610 /* ElectrodeReactNative.h */ = {isa = PBXFileReference; fileEncoding = 4; lastKnownFileType = sourcecode.c.h; path = ElectrodeReactNative.h; sourceTree = "<group>"; };
		48500A971E2FF55B009B6610 /* ElectrodeReactNative.m */ = {isa = PBXFileReference; fileEncoding = 4; lastKnownFileType = sourcecode.c.objc; path = ElectrodeReactNative.m; sourceTree = "<group>"; wrapsLines = 0; };
		968333D51E54E3470031C565 /* ElectrodeBridgeDelegate.h */ = {isa = PBXFileReference; fileEncoding = 4; lastKnownFileType = sourcecode.c.h; path = ElectrodeBridgeDelegate.h; sourceTree = "<group>"; };
		968333D61E54E3470031C565 /* ElectrodeBridgeDelegate.m */ = {isa = PBXFileReference; fileEncoding = 4; lastKnownFileType = sourcecode.c.objc; path = ElectrodeBridgeDelegate.m; sourceTree = "<group>"; };
		F158016196144095BB5550AC /* React.xcodeproj */ = {isa = PBXFileReference; name = "React.xcodeproj"; path = "ReactNative/React/React.xcodeproj"; sourceTree = "<group>"; fileEncoding = undefined; lastKnownFileType = wrapper.pb-project; explicitFileType = undefined; includeInIndex = 0; };
		A2F612D9C6564B03A9F541B4 /* libReact.a */ = {isa = PBXFileReference; name = "libReact.a"; path = "libReact.a"; sourceTree = "<group>"; fileEncoding = undefined; lastKnownFileType = archive.ar; explicitFileType = undefined; includeInIndex = 0; };
		12BEACBF5503497EB5312139 /* RCTActionSheet.xcodeproj */ = {isa = PBXFileReference; name = "RCTActionSheet.xcodeproj"; path = "ReactNative/ActionSheetIOS/RCTActionSheet.xcodeproj"; sourceTree = "<group>"; fileEncoding = undefined; lastKnownFileType = wrapper.pb-project; explicitFileType = undefined; includeInIndex = 0; };
		2BAC717388E74CB2889B6039 /* libRCTActionSheet.a */ = {isa = PBXFileReference; name = "libRCTActionSheet.a"; path = "libRCTActionSheet.a"; sourceTree = "<group>"; fileEncoding = undefined; lastKnownFileType = archive.ar; explicitFileType = undefined; includeInIndex = 0; };
		E27768A227F046EC84284746 /* RCTImage.xcodeproj */ = {isa = PBXFileReference; name = "RCTImage.xcodeproj"; path = "ReactNative/Image/RCTImage.xcodeproj"; sourceTree = "<group>"; fileEncoding = undefined; lastKnownFileType = wrapper.pb-project; explicitFileType = undefined; includeInIndex = 0; };
		49FC82FEEE58465FA3403B6E /* libRCTImage.a */ = {isa = PBXFileReference; name = "libRCTImage.a"; path = "libRCTImage.a"; sourceTree = "<group>"; fileEncoding = undefined; lastKnownFileType = archive.ar; explicitFileType = undefined; includeInIndex = 0; };
		2AAE8B25F11C480393398BAC /* RCTAnimation.xcodeproj */ = {isa = PBXFileReference; name = "RCTAnimation.xcodeproj"; path = "ReactNative/NativeAnimation/RCTAnimation.xcodeproj"; sourceTree = "<group>"; fileEncoding = undefined; lastKnownFileType = wrapper.pb-project; explicitFileType = undefined; includeInIndex = 0; };
		975B00CFDAFC4188B8667A46 /* libRCTAnimation.a */ = {isa = PBXFileReference; name = "libRCTAnimation.a"; path = "libRCTAnimation.a"; sourceTree = "<group>"; fileEncoding = undefined; lastKnownFileType = archive.ar; explicitFileType = undefined; includeInIndex = 0; };
		2C77D86D162641BCA78091BF /* RCTText.xcodeproj */ = {isa = PBXFileReference; name = "RCTText.xcodeproj"; path = "ReactNative/Text/RCTText.xcodeproj"; sourceTree = "<group>"; fileEncoding = undefined; lastKnownFileType = wrapper.pb-project; explicitFileType = undefined; includeInIndex = 0; };
		9CEE4CA9340343FE95931DA1 /* libRCTText.a */ = {isa = PBXFileReference; name = "libRCTText.a"; path = "libRCTText.a"; sourceTree = "<group>"; fileEncoding = undefined; lastKnownFileType = archive.ar; explicitFileType = undefined; includeInIndex = 0; };
		5967A1D7880048039B9EA6C1 /* RCTWebSocket.xcodeproj */ = {isa = PBXFileReference; name = "RCTWebSocket.xcodeproj"; path = "ReactNative/WebSocket/RCTWebSocket.xcodeproj"; sourceTree = "<group>"; fileEncoding = undefined; lastKnownFileType = wrapper.pb-project; explicitFileType = undefined; includeInIndex = 0; };
		32C8EFF60A9F4342A5973419 /* libRCTWebSocket.a */ = {isa = PBXFileReference; name = "libRCTWebSocket.a"; path = "libRCTWebSocket.a"; sourceTree = "<group>"; fileEncoding = undefined; lastKnownFileType = archive.ar; explicitFileType = undefined; includeInIndex = 0; };
		66B6AD79213242C896B2A930 /* RCTGeolocation.xcodeproj */ = {isa = PBXFileReference; name = "RCTGeolocation.xcodeproj"; path = "ReactNative/Geolocation/RCTGeolocation.xcodeproj"; sourceTree = "<group>"; fileEncoding = undefined; lastKnownFileType = wrapper.pb-project; explicitFileType = undefined; includeInIndex = 0; };
		521ADA05D96446D19ECAC715 /* libRCTGeolocation.a */ = {isa = PBXFileReference; name = "libRCTGeolocation.a"; path = "libRCTGeolocation.a"; sourceTree = "<group>"; fileEncoding = undefined; lastKnownFileType = archive.ar; explicitFileType = undefined; includeInIndex = 0; };
		58AD1073345E4380B4B6B464 /* RCTLinking.xcodeproj */ = {isa = PBXFileReference; name = "RCTLinking.xcodeproj"; path = "ReactNative/LinkingIOS/RCTLinking.xcodeproj"; sourceTree = "<group>"; fileEncoding = undefined; lastKnownFileType = wrapper.pb-project; explicitFileType = undefined; includeInIndex = 0; };
		3B61840F945E48019FACC80A /* libRCTLinking.a */ = {isa = PBXFileReference; name = "libRCTLinking.a"; path = "libRCTLinking.a"; sourceTree = "<group>"; fileEncoding = undefined; lastKnownFileType = archive.ar; explicitFileType = undefined; includeInIndex = 0; };
		6A3DACF684CE48CF862A3EFD /* RCTNetwork.xcodeproj */ = {isa = PBXFileReference; name = "RCTNetwork.xcodeproj"; path = "ReactNative/Network/RCTNetwork.xcodeproj"; sourceTree = "<group>"; fileEncoding = undefined; lastKnownFileType = wrapper.pb-project; explicitFileType = undefined; includeInIndex = 0; };
		AE10114BBB184617B65769B7 /* libRCTNetwork.a */ = {isa = PBXFileReference; name = "libRCTNetwork.a"; path = "libRCTNetwork.a"; sourceTree = "<group>"; fileEncoding = undefined; lastKnownFileType = archive.ar; explicitFileType = undefined; includeInIndex = 0; };
		DAEB8D816C1A47198D0C064F /* RCTSettings.xcodeproj */ = {isa = PBXFileReference; name = "RCTSettings.xcodeproj"; path = "ReactNative/Settings/RCTSettings.xcodeproj"; sourceTree = "<group>"; fileEncoding = undefined; lastKnownFileType = wrapper.pb-project; explicitFileType = undefined; includeInIndex = 0; };
		579003564FF04DB6AF68D574 /* libRCTSettings.a */ = {isa = PBXFileReference; name = "libRCTSettings.a"; path = "libRCTSettings.a"; sourceTree = "<group>"; fileEncoding = undefined; lastKnownFileType = archive.ar; explicitFileType = undefined; includeInIndex = 0; };
		92E3ACBF574A451AAD39BAAF /* RCTVibration.xcodeproj */ = {isa = PBXFileReference; name = "RCTVibration.xcodeproj"; path = "ReactNative/Vibration/RCTVibration.xcodeproj"; sourceTree = "<group>"; fileEncoding = undefined; lastKnownFileType = wrapper.pb-project; explicitFileType = undefined; includeInIndex = 0; };
		23956526C7ED402D983DD67A /* libRCTVibration.a */ = {isa = PBXFileReference; name = "libRCTVibration.a"; path = "libRCTVibration.a"; sourceTree = "<group>"; fileEncoding = undefined; lastKnownFileType = archive.ar; explicitFileType = undefined; includeInIndex = 0; };
		AA7EB499175649B5B1BADBCE /* RCTCameraRoll.xcodeproj */ = {isa = PBXFileReference; name = "RCTCameraRoll.xcodeproj"; path = "ReactNative/CameraRoll/RCTCameraRoll.xcodeproj"; sourceTree = "<group>"; fileEncoding = undefined; lastKnownFileType = wrapper.pb-project; explicitFileType = undefined; includeInIndex = 0; };
		5CE1AA523EEE43C59718DB57 /* libRCTCameraRoll.a */ = {isa = PBXFileReference; name = "libRCTCameraRoll.a"; path = "libRCTCameraRoll.a"; sourceTree = "<group>"; fileEncoding = undefined; lastKnownFileType = archive.ar; explicitFileType = undefined; includeInIndex = 0; };
		1D8BB6A5808A4D3584BB0F3A /* ElectrodeObject.swift */ = {isa = PBXFileReference; name = "ElectrodeObject.swift"; path = "ElectrodeReactNativeBridge/ElectrodeObject.swift"; sourceTree = "<group>"; fileEncoding = 4; lastKnownFileType = sourcecode.swift; explicitFileType = undefined; includeInIndex = 0; };
		F437A227579B4AEC9890C61C /* Bridgeable.swift */ = {isa = PBXFileReference; name = "Bridgeable.swift"; path = "ElectrodeReactNativeBridge/Bridgeable.swift"; sourceTree = "<group>"; fileEncoding = 4; lastKnownFileType = sourcecode.swift; explicitFileType = undefined; includeInIndex = 0; };
		3D72EE1D95DC4BC0BA027758 /* ElectrodeRequestHandlerProcessor.swift */ = {isa = PBXFileReference; name = "ElectrodeRequestHandlerProcessor.swift"; path = "ElectrodeReactNativeBridge/ElectrodeRequestHandlerProcessor.swift"; sourceTree = "<group>"; fileEncoding = 4; lastKnownFileType = sourcecode.swift; explicitFileType = undefined; includeInIndex = 0; };
		18FDCD635CF24407BFE1444C /* ElectrodeRequestProcessor.swift */ = {isa = PBXFileReference; name = "ElectrodeRequestProcessor.swift"; path = "ElectrodeReactNativeBridge/ElectrodeRequestProcessor.swift"; sourceTree = "<group>"; fileEncoding = 4; lastKnownFileType = sourcecode.swift; explicitFileType = undefined; includeInIndex = 0; };
		7AE84B7420ED4BE89E912AA0 /* ElectrodeUtilities.swift */ = {isa = PBXFileReference; name = "ElectrodeUtilities.swift"; path = "ElectrodeReactNativeBridge/ElectrodeUtilities.swift"; sourceTree = "<group>"; fileEncoding = 4; lastKnownFileType = sourcecode.swift; explicitFileType = undefined; includeInIndex = 0; };
		2574FCA5323549A9B6194DE6 /* EventListenerProcessor.swift */ = {isa = PBXFileReference; name = "EventListenerProcessor.swift"; path = "ElectrodeReactNativeBridge/EventListenerProcessor.swift"; sourceTree = "<group>"; fileEncoding = 4; lastKnownFileType = sourcecode.swift; explicitFileType = undefined; includeInIndex = 0; };
		7E6BB5926B5740DCB2171310 /* EventProcessor.swift */ = {isa = PBXFileReference; name = "EventProcessor.swift"; path = "ElectrodeReactNativeBridge/EventProcessor.swift"; sourceTree = "<group>"; fileEncoding = 4; lastKnownFileType = sourcecode.swift; explicitFileType = undefined; includeInIndex = 0; };
		8C80FA50B7344E8CA935BD62 /* Processor.swift */ = {isa = PBXFileReference; name = "Processor.swift"; path = "ElectrodeReactNativeBridge/Processor.swift"; sourceTree = "<group>"; fileEncoding = 4; lastKnownFileType = sourcecode.swift; explicitFileType = undefined; includeInIndex = 0; };
		3306F82E06B34818BB4572E6 /* None.swift */ = {isa = PBXFileReference; name = "None.swift"; path = "ElectrodeReactNativeBridge/None.swift"; sourceTree = "<group>"; fileEncoding = 4; lastKnownFileType = sourcecode.swift; explicitFileType = undefined; includeInIndex = 0; };
		8797FB0E4F6341EDA7C76CF2 /* ElectrodeBridgeEvent.m */ = {isa = PBXFileReference; name = "ElectrodeBridgeEvent.m"; path = "ElectrodeReactNativeBridge/ElectrodeBridgeEvent.m"; sourceTree = "<group>"; fileEncoding = 4; lastKnownFileType = sourcecode.c.objc; explicitFileType = undefined; includeInIndex = 0; };
		B0BC02C6B90A456AB8EB43E1 /* ElectrodeBridgeFailureMessage.m */ = {isa = PBXFileReference; name = "ElectrodeBridgeFailureMessage.m"; path = "ElectrodeReactNativeBridge/ElectrodeBridgeFailureMessage.m"; sourceTree = "<group>"; fileEncoding = 4; lastKnownFileType = sourcecode.c.objc; explicitFileType = undefined; includeInIndex = 0; };
		B4287203169E49E292E0BED6 /* ElectrodeBridgeHolder.m */ = {isa = PBXFileReference; name = "ElectrodeBridgeHolder.m"; path = "ElectrodeReactNativeBridge/ElectrodeBridgeHolder.m"; sourceTree = "<group>"; fileEncoding = 4; lastKnownFileType = sourcecode.c.objc; explicitFileType = undefined; includeInIndex = 0; };
		027456D236A04F6785EA245A /* ElectrodeBridgeMessage.m */ = {isa = PBXFileReference; name = "ElectrodeBridgeMessage.m"; path = "ElectrodeReactNativeBridge/ElectrodeBridgeMessage.m"; sourceTree = "<group>"; fileEncoding = 4; lastKnownFileType = sourcecode.c.objc; explicitFileType = undefined; includeInIndex = 0; };
		5AFF30FD12F64A1698A77AD6 /* ElectrodeBridgeProtocols.m */ = {isa = PBXFileReference; name = "ElectrodeBridgeProtocols.m"; path = "ElectrodeReactNativeBridge/ElectrodeBridgeProtocols.m"; sourceTree = "<group>"; fileEncoding = 4; lastKnownFileType = sourcecode.c.objc; explicitFileType = undefined; includeInIndex = 0; };
		847C0C4CBFA94BDBB4348E77 /* ElectrodeBridgeRequest.m */ = {isa = PBXFileReference; name = "ElectrodeBridgeRequest.m"; path = "ElectrodeReactNativeBridge/ElectrodeBridgeRequest.m"; sourceTree = "<group>"; fileEncoding = 4; lastKnownFileType = sourcecode.c.objc; explicitFileType = undefined; includeInIndex = 0; };
		9A3535F8629D4E1EB40F5904 /* ElectrodeBridgeResponse.m */ = {isa = PBXFileReference; name = "ElectrodeBridgeResponse.m"; path = "ElectrodeReactNativeBridge/ElectrodeBridgeResponse.m"; sourceTree = "<group>"; fileEncoding = 4; lastKnownFileType = sourcecode.c.objc; explicitFileType = undefined; includeInIndex = 0; };
		544515E698F4490AA5C05B9C /* ElectrodeBridgeTransaction.m */ = {isa = PBXFileReference; name = "ElectrodeBridgeTransaction.m"; path = "ElectrodeReactNativeBridge/ElectrodeBridgeTransaction.m"; sourceTree = "<group>"; fileEncoding = 4; lastKnownFileType = sourcecode.c.objc; explicitFileType = undefined; includeInIndex = 0; };
		868F6F40FB15475788A10828 /* ElectrodeBridgeTransceiver.m */ = {isa = PBXFileReference; name = "ElectrodeBridgeTransceiver.m"; path = "ElectrodeReactNativeBridge/ElectrodeBridgeTransceiver.m"; sourceTree = "<group>"; fileEncoding = 4; lastKnownFileType = sourcecode.c.objc; explicitFileType = undefined; includeInIndex = 0; };
		255390245351428D92414E10 /* ElectrodeEventDispatcher.m */ = {isa = PBXFileReference; name = "ElectrodeEventDispatcher.m"; path = "ElectrodeReactNativeBridge/ElectrodeEventDispatcher.m"; sourceTree = "<group>"; fileEncoding = 4; lastKnownFileType = sourcecode.c.objc; explicitFileType = undefined; includeInIndex = 0; };
		0D74ACD32032429385A69E2E /* ElectrodeEventRegistrar.m */ = {isa = PBXFileReference; name = "ElectrodeEventRegistrar.m"; path = "ElectrodeReactNativeBridge/ElectrodeEventRegistrar.m"; sourceTree = "<group>"; fileEncoding = 4; lastKnownFileType = sourcecode.c.objc; explicitFileType = undefined; includeInIndex = 0; };
		497717A7D2B6478A9880ADC2 /* ElectrodeRequestDispatcher.m */ = {isa = PBXFileReference; name = "ElectrodeRequestDispatcher.m"; path = "ElectrodeReactNativeBridge/ElectrodeRequestDispatcher.m"; sourceTree = "<group>"; fileEncoding = 4; lastKnownFileType = sourcecode.c.objc; explicitFileType = undefined; includeInIndex = 0; };
		A0BE03F60F6D481D82D32AC1 /* ElectrodeRequestRegistrar.m */ = {isa = PBXFileReference; name = "ElectrodeRequestRegistrar.m"; path = "ElectrodeReactNativeBridge/ElectrodeRequestRegistrar.m"; sourceTree = "<group>"; fileEncoding = 4; lastKnownFileType = sourcecode.c.objc; explicitFileType = undefined; includeInIndex = 0; };
		D9F68B7B267641CB8ACC188E /* ElectrodeLogger.m */ = {isa = PBXFileReference; name = "ElectrodeLogger.m"; path = "ElectrodeReactNativeBridge/ElectrodeLogger.m"; sourceTree = "<group>"; fileEncoding = 4; lastKnownFileType = sourcecode.c.objc; explicitFileType = undefined; includeInIndex = 0; };
		142EFCE355294CB4B2A2EE75 /* ElectrodeBridgeEvent.h */ = {isa = PBXFileReference; name = "ElectrodeBridgeEvent.h"; path = "ElectrodeReactNativeBridge/ElectrodeBridgeEvent.h"; sourceTree = "<group>"; fileEncoding = 4; lastKnownFileType = sourcecode.c.h; explicitFileType = undefined; includeInIndex = 0; };
		F0268C4BD01F453C88AB26AE /* ElectrodeBridgeFailureMessage.h */ = {isa = PBXFileReference; name = "ElectrodeBridgeFailureMessage.h"; path = "ElectrodeReactNativeBridge/ElectrodeBridgeFailureMessage.h"; sourceTree = "<group>"; fileEncoding = 4; lastKnownFileType = sourcecode.c.h; explicitFileType = undefined; includeInIndex = 0; };
		ED4EB6DBB932414694C4498B /* ElectrodeBridgeHolder.h */ = {isa = PBXFileReference; name = "ElectrodeBridgeHolder.h"; path = "ElectrodeReactNativeBridge/ElectrodeBridgeHolder.h"; sourceTree = "<group>"; fileEncoding = 4; lastKnownFileType = sourcecode.c.h; explicitFileType = undefined; includeInIndex = 0; };
		1FE336DE854542D5968C9489 /* ElectrodeBridgeMessage.h */ = {isa = PBXFileReference; name = "ElectrodeBridgeMessage.h"; path = "ElectrodeReactNativeBridge/ElectrodeBridgeMessage.h"; sourceTree = "<group>"; fileEncoding = 4; lastKnownFileType = sourcecode.c.h; explicitFileType = undefined; includeInIndex = 0; };
		4CC9998A6A44445DBCDB1D35 /* ElectrodeBridgeProtocols.h */ = {isa = PBXFileReference; name = "ElectrodeBridgeProtocols.h"; path = "ElectrodeReactNativeBridge/ElectrodeBridgeProtocols.h"; sourceTree = "<group>"; fileEncoding = 4; lastKnownFileType = sourcecode.c.h; explicitFileType = undefined; includeInIndex = 0; };
		7D318097C691484F8C2D4DC9 /* ElectrodeBridgeRequest.h */ = {isa = PBXFileReference; name = "ElectrodeBridgeRequest.h"; path = "ElectrodeReactNativeBridge/ElectrodeBridgeRequest.h"; sourceTree = "<group>"; fileEncoding = 4; lastKnownFileType = sourcecode.c.h; explicitFileType = undefined; includeInIndex = 0; };
		D935C2E2E50D4D1EA6994783 /* ElectrodeBridgeTransaction.h */ = {isa = PBXFileReference; name = "ElectrodeBridgeTransaction.h"; path = "ElectrodeReactNativeBridge/ElectrodeBridgeTransaction.h"; sourceTree = "<group>"; fileEncoding = 4; lastKnownFileType = sourcecode.c.h; explicitFileType = undefined; includeInIndex = 0; };
		B3943AF9318A4BD9B3D10DB8 /* ElectrodeBridgeTransceiver.h */ = {isa = PBXFileReference; name = "ElectrodeBridgeTransceiver.h"; path = "ElectrodeReactNativeBridge/ElectrodeBridgeTransceiver.h"; sourceTree = "<group>"; fileEncoding = 4; lastKnownFileType = sourcecode.c.h; explicitFileType = undefined; includeInIndex = 0; };
		FDD2B17D5AAB4F18BCC5EED6 /* ElectrodeBridgeTransceiver_Internal.h */ = {isa = PBXFileReference; name = "ElectrodeBridgeTransceiver_Internal.h"; path = "ElectrodeReactNativeBridge/ElectrodeBridgeTransceiver_Internal.h"; sourceTree = "<group>"; fileEncoding = 4; lastKnownFileType = sourcecode.c.h; explicitFileType = undefined; includeInIndex = 0; };
		028852E6D7014585825CBF1F /* ElectrodeEventDispatcher.h */ = {isa = PBXFileReference; name = "ElectrodeEventDispatcher.h"; path = "ElectrodeReactNativeBridge/ElectrodeEventDispatcher.h"; sourceTree = "<group>"; fileEncoding = 4; lastKnownFileType = sourcecode.c.h; explicitFileType = undefined; includeInIndex = 0; };
		ACBD83B12DF14296923CAC45 /* ElectrodeEventRegistrar.h */ = {isa = PBXFileReference; name = "ElectrodeEventRegistrar.h"; path = "ElectrodeReactNativeBridge/ElectrodeEventRegistrar.h"; sourceTree = "<group>"; fileEncoding = 4; lastKnownFileType = sourcecode.c.h; explicitFileType = undefined; includeInIndex = 0; };
		ACF0378A722744A58B759121 /* ElectrodeRequestDispatcher.h */ = {isa = PBXFileReference; name = "ElectrodeRequestDispatcher.h"; path = "ElectrodeReactNativeBridge/ElectrodeRequestDispatcher.h"; sourceTree = "<group>"; fileEncoding = 4; lastKnownFileType = sourcecode.c.h; explicitFileType = undefined; includeInIndex = 0; };
		4AC5375915C1449FBE58564D /* ElectrodeRequestRegistrar.h */ = {isa = PBXFileReference; name = "ElectrodeRequestRegistrar.h"; path = "ElectrodeReactNativeBridge/ElectrodeRequestRegistrar.h"; sourceTree = "<group>"; fileEncoding = 4; lastKnownFileType = sourcecode.c.h; explicitFileType = undefined; includeInIndex = 0; };
		1D12E50C0ED24396BB41D9D3 /* ElectrodeReactNativeBridge.h */ = {isa = PBXFileReference; name = "ElectrodeReactNativeBridge.h"; path = "ElectrodeReactNativeBridge/ElectrodeReactNativeBridge.h"; sourceTree = "<group>"; fileEncoding = 4; lastKnownFileType = sourcecode.c.h; explicitFileType = undefined; includeInIndex = 0; };
		EA448D1FA5324C5AB2EE5351 /* ElectrodeBridgeResponse.h */ = {isa = PBXFileReference; name = "ElectrodeBridgeResponse.h"; path = "ElectrodeReactNativeBridge/ElectrodeBridgeResponse.h"; sourceTree = "<group>"; fileEncoding = 4; lastKnownFileType = sourcecode.c.h; explicitFileType = undefined; includeInIndex = 0; };
		B8346F965A8147588B3D92D3 /* ElectrodeLogger.h */ = {isa = PBXFileReference; name = "ElectrodeLogger.h"; path = "ElectrodeReactNativeBridge/ElectrodeLogger.h"; sourceTree = "<group>"; fileEncoding = 4; lastKnownFileType = sourcecode.c.h; explicitFileType = undefined; includeInIndex = 0; };
		4B7618D65C094A20AAA02E14 /* BirthYear.swift */ = {isa = PBXFileReference; name = "BirthYear.swift"; path = "APIs/BirthYear.swift"; sourceTree = "<group>"; fileEncoding = 4; lastKnownFileType = sourcecode.swift; explicitFileType = undefined; includeInIndex = 0; };
		0F127EE7F797434EA6AD9D1C /* Movie.swift */ = {isa = PBXFileReference; name = "Movie.swift"; path = "APIs/Movie.swift"; sourceTree = "<group>"; fileEncoding = 4; lastKnownFileType = sourcecode.swift; explicitFileType = undefined; includeInIndex = 0; };
		CF9F43F86DB84B0B899F33C5 /* MoviesAPI.swift */ = {isa = PBXFileReference; name = "MoviesAPI.swift"; path = "APIs/MoviesAPI.swift"; sourceTree = "<group>"; fileEncoding = 4; lastKnownFileType = sourcecode.swift; explicitFileType = undefined; includeInIndex = 0; };
		DD3A4FD757FB4CED92A653DF /* MoviesRequests.swift */ = {isa = PBXFileReference; name = "MoviesRequests.swift"; path = "APIs/MoviesRequests.swift"; sourceTree = "<group>"; fileEncoding = 4; lastKnownFileType = sourcecode.swift; explicitFileType = undefined; includeInIndex = 0; };
		417D480FAC7744A59CF61A59 /* Person.swift */ = {isa = PBXFileReference; name = "Person.swift"; path = "APIs/Person.swift"; sourceTree = "<group>"; fileEncoding = 4; lastKnownFileType = sourcecode.swift; explicitFileType = undefined; includeInIndex = 0; };
		0124E416F00E4CF287CCB61E /* Synopsis.swift */ = {isa = PBXFileReference; name = "Synopsis.swift"; path = "APIs/Synopsis.swift"; sourceTree = "<group>"; fileEncoding = 4; lastKnownFileType = sourcecode.swift; explicitFileType = undefined; includeInIndex = 0; };
		6E5DE2E2C7C542E6A59349D8 /* MoviesApiController.swift */ = {isa = PBXFileReference; name = "MoviesApiController.swift"; path = "APIImpls/MoviesApiController.swift"; sourceTree = "<group>"; fileEncoding = 4; lastKnownFileType = sourcecode.swift; explicitFileType = undefined; includeInIndex = 0; };
		FECBF1209AC34A358142FEB7 /* MoviesApiRequestHandlerDelegate.swift */ = {isa = PBXFileReference; name = "MoviesApiRequestHandlerDelegate.swift"; path = "APIImpls/MoviesApiRequestHandlerDelegate.swift"; sourceTree = "<group>"; fileEncoding = 4; lastKnownFileType = sourcecode.swift; explicitFileType = undefined; includeInIndex = 0; };
		8C6449AB32214B6985EAAA87 /* RequestHandlerConfig.swift */ = {isa = PBXFileReference; name = "RequestHandlerConfig.swift"; path = "APIImpls/RequestHandlerConfig.swift"; sourceTree = "<group>"; fileEncoding = 4; lastKnownFileType = sourcecode.swift; explicitFileType = undefined; includeInIndex = 0; };
		2611281B86A6487789489550 /* RequestHandlerProvider.swift */ = {isa = PBXFileReference; name = "RequestHandlerProvider.swift"; path = "APIImpls/RequestHandlerProvider.swift"; sourceTree = "<group>"; fileEncoding = 4; lastKnownFileType = sourcecode.swift; explicitFileType = undefined; includeInIndex = 0; };
		DA33CA2F00504BE49C3C0DAB /* NavigateData.swift */ = {isa = PBXFileReference; name = "NavigateData.swift"; path = "APIs/NavigateData.swift"; sourceTree = "<group>"; fileEncoding = 4; lastKnownFileType = sourcecode.swift; explicitFileType = undefined; includeInIndex = 0; };
		53A23E9F411F499FA84FF3B7 /* NavigationAPI.swift */ = {isa = PBXFileReference; name = "NavigationAPI.swift"; path = "APIs/NavigationAPI.swift"; sourceTree = "<group>"; fileEncoding = 4; lastKnownFileType = sourcecode.swift; explicitFileType = undefined; includeInIndex = 0; };
		7671059E33EA468BA2596450 /* NavigationRequests.swift */ = {isa = PBXFileReference; name = "NavigationRequests.swift"; path = "APIs/NavigationRequests.swift"; sourceTree = "<group>"; fileEncoding = 4; lastKnownFileType = sourcecode.swift; explicitFileType = undefined; includeInIndex = 0; };
		63325CDA13194D7693A9D535 /* PetApiController.swift */ = {isa = PBXFileReference; name = "PetApiController.swift"; path = "APIImpls/PetApiController.swift"; sourceTree = "<group>"; fileEncoding = 4; lastKnownFileType = sourcecode.swift; explicitFileType = undefined; includeInIndex = 0; };
		FB4ABCFAA0B64019B12EA133 /* PetApiRequestHandlerDelegate.swift */ = {isa = PBXFileReference; name = "PetApiRequestHandlerDelegate.swift"; path = "APIImpls/PetApiRequestHandlerDelegate.swift"; sourceTree = "<group>"; fileEncoding = 4; lastKnownFileType = sourcecode.swift; explicitFileType = undefined; includeInIndex = 0; };
		0880B93ACFE246ABB1412194 /* PetApiRequestHandlerProvider.swift */ = {isa = PBXFileReference; name = "PetApiRequestHandlerProvider.swift"; path = "APIImpls/PetApiRequestHandlerProvider.swift"; sourceTree = "<group>"; fileEncoding = 4; lastKnownFileType = sourcecode.swift; explicitFileType = undefined; includeInIndex = 0; };
		F2D723DDC0384E5687D9C247 /* StoreApiController.swift */ = {isa = PBXFileReference; name = "StoreApiController.swift"; path = "APIImpls/StoreApiController.swift"; sourceTree = "<group>"; fileEncoding = 4; lastKnownFileType = sourcecode.swift; explicitFileType = undefined; includeInIndex = 0; };
		90A69EBF2F7841D481EB949C /* StoreApiRequestHandlerDelegate.swift */ = {isa = PBXFileReference; name = "StoreApiRequestHandlerDelegate.swift"; path = "APIImpls/StoreApiRequestHandlerDelegate.swift"; sourceTree = "<group>"; fileEncoding = 4; lastKnownFileType = sourcecode.swift; explicitFileType = undefined; includeInIndex = 0; };
		C273307F76A64A98805D6B74 /* StoreApiRequestHandlerProvider.swift */ = {isa = PBXFileReference; name = "StoreApiRequestHandlerProvider.swift"; path = "APIImpls/StoreApiRequestHandlerProvider.swift"; sourceTree = "<group>"; fileEncoding = 4; lastKnownFileType = sourcecode.swift; explicitFileType = undefined; includeInIndex = 0; };
		A33C4B742C934337A193E706 /* UserApiController.swift */ = {isa = PBXFileReference; name = "UserApiController.swift"; path = "APIImpls/UserApiController.swift"; sourceTree = "<group>"; fileEncoding = 4; lastKnownFileType = sourcecode.swift; explicitFileType = undefined; includeInIndex = 0; };
		A24964E14BE443FA95042E8E /* UserApiRequestHandlerDelegate.swift */ = {isa = PBXFileReference; name = "UserApiRequestHandlerDelegate.swift"; path = "APIImpls/UserApiRequestHandlerDelegate.swift"; sourceTree = "<group>"; fileEncoding = 4; lastKnownFileType = sourcecode.swift; explicitFileType = undefined; includeInIndex = 0; };
		2D5659C15DD9443F8E808DBF /* UserApiRequestHandlerProvider.swift */ = {isa = PBXFileReference; name = "UserApiRequestHandlerProvider.swift"; path = "APIImpls/UserApiRequestHandlerProvider.swift"; sourceTree = "<group>"; fileEncoding = 4; lastKnownFileType = sourcecode.swift; explicitFileType = undefined; includeInIndex = 0; };
/* End PBXFileReference section */

/* Begin PBXFrameworksBuildPhase section */
		485009DF1E2FF23B009B6610 /* Frameworks */ = {
			isa = PBXFrameworksBuildPhase;
			buildActionMask = 2147483647;
			files = (
				DCF9A37C21B9427B8E471671 /* libReact.a in Frameworks */,
				B738695FAC0D47AEB2C7B292 /* libRCTActionSheet.a in Frameworks */,
				A741823AE5B74EB9AE0A841F /* libRCTImage.a in Frameworks */,
				7180C4BA80604A9BB4F4A797 /* libRCTAnimation.a in Frameworks */,
				C8288EBB0A6549C58AE539E3 /* libRCTText.a in Frameworks */,
				EB520C160D594823B92A147B /* libRCTWebSocket.a in Frameworks */,
				9FD0935BFE524296B3EAB111 /* libRCTGeolocation.a in Frameworks */,
				FCF495B9168845D184694628 /* libRCTLinking.a in Frameworks */,
				1D0EBFDD331740759D054F33 /* libRCTNetwork.a in Frameworks */,
				B3CD75C0EB244F46A8F33A9B /* libRCTSettings.a in Frameworks */,
				2BB2DFD059D7429E87F7981B /* libRCTVibration.a in Frameworks */,
				39CF37ECA27C4EF080C52BF2 /* libRCTCameraRoll.a in Frameworks */,
			);
			runOnlyForDeploymentPostprocessing = 0;
		};
		485009E91E2FF23C009B6610 /* Frameworks */ = {
			isa = PBXFrameworksBuildPhase;
			buildActionMask = 2147483647;
			files = (
				485009ED1E2FF23C009B6610 /* ElectrodeContainer.framework in Frameworks */,
			);
			runOnlyForDeploymentPostprocessing = 0;
		};
/* End PBXFrameworksBuildPhase section */

/* Begin PBXGroup section */
		226325CE1E80594F00CD0B10 /* ReactNative */ = {
			isa = PBXGroup;
			children = (
				F158016196144095BB5550AC /* React.xcodeproj */,
				12BEACBF5503497EB5312139 /* RCTActionSheet.xcodeproj */,
				E27768A227F046EC84284746 /* RCTImage.xcodeproj */,
				2AAE8B25F11C480393398BAC /* RCTAnimation.xcodeproj */,
				2C77D86D162641BCA78091BF /* RCTText.xcodeproj */,
				5967A1D7880048039B9EA6C1 /* RCTWebSocket.xcodeproj */,
				66B6AD79213242C896B2A930 /* RCTGeolocation.xcodeproj */,
				58AD1073345E4380B4B6B464 /* RCTLinking.xcodeproj */,
				6A3DACF684CE48CF862A3EFD /* RCTNetwork.xcodeproj */,
				DAEB8D816C1A47198D0C064F /* RCTSettings.xcodeproj */,
				92E3ACBF574A451AAD39BAAF /* RCTVibration.xcodeproj */,
				AA7EB499175649B5B1BADBCE /* RCTCameraRoll.xcodeproj */,
			);
			name = ReactNative;
			sourceTree = "<group>";
		};
		22C096A91EA0893F00E1486A /* APIs */ = {
			isa = PBXGroup;
			children = (
				4B7618D65C094A20AAA02E14 /* BirthYear.swift */,
				0F127EE7F797434EA6AD9D1C /* Movie.swift */,
				CF9F43F86DB84B0B899F33C5 /* MoviesAPI.swift */,
				DD3A4FD757FB4CED92A653DF /* MoviesRequests.swift */,
				417D480FAC7744A59CF61A59 /* Person.swift */,
				0124E416F00E4CF287CCB61E /* Synopsis.swift */,
				DA33CA2F00504BE49C3C0DAB /* NavigateData.swift */,
				53A23E9F411F499FA84FF3B7 /* NavigationAPI.swift */,
				7671059E33EA468BA2596450 /* NavigationRequests.swift */,
			);
			name = APIs;
			sourceTree = "<group>";
		};
		22FD4D1E1E96ECBB00FC81DB /* ElectrodeReactNativeBridge */ = {
			isa = PBXGroup;
			children = (
				1D8BB6A5808A4D3584BB0F3A /* ElectrodeObject.swift */,
				F437A227579B4AEC9890C61C /* Bridgeable.swift */,
				3D72EE1D95DC4BC0BA027758 /* ElectrodeRequestHandlerProcessor.swift */,
				18FDCD635CF24407BFE1444C /* ElectrodeRequestProcessor.swift */,
				7AE84B7420ED4BE89E912AA0 /* ElectrodeUtilities.swift */,
				2574FCA5323549A9B6194DE6 /* EventListenerProcessor.swift */,
				7E6BB5926B5740DCB2171310 /* EventProcessor.swift */,
				8C80FA50B7344E8CA935BD62 /* Processor.swift */,
				3306F82E06B34818BB4572E6 /* None.swift */,
				8797FB0E4F6341EDA7C76CF2 /* ElectrodeBridgeEvent.m */,
				B0BC02C6B90A456AB8EB43E1 /* ElectrodeBridgeFailureMessage.m */,
				B4287203169E49E292E0BED6 /* ElectrodeBridgeHolder.m */,
				027456D236A04F6785EA245A /* ElectrodeBridgeMessage.m */,
				5AFF30FD12F64A1698A77AD6 /* ElectrodeBridgeProtocols.m */,
				847C0C4CBFA94BDBB4348E77 /* ElectrodeBridgeRequest.m */,
				9A3535F8629D4E1EB40F5904 /* ElectrodeBridgeResponse.m */,
				544515E698F4490AA5C05B9C /* ElectrodeBridgeTransaction.m */,
				868F6F40FB15475788A10828 /* ElectrodeBridgeTransceiver.m */,
				255390245351428D92414E10 /* ElectrodeEventDispatcher.m */,
				0D74ACD32032429385A69E2E /* ElectrodeEventRegistrar.m */,
				497717A7D2B6478A9880ADC2 /* ElectrodeRequestDispatcher.m */,
				A0BE03F60F6D481D82D32AC1 /* ElectrodeRequestRegistrar.m */,
				D9F68B7B267641CB8ACC188E /* ElectrodeLogger.m */,
				142EFCE355294CB4B2A2EE75 /* ElectrodeBridgeEvent.h */,
				F0268C4BD01F453C88AB26AE /* ElectrodeBridgeFailureMessage.h */,
				ED4EB6DBB932414694C4498B /* ElectrodeBridgeHolder.h */,
				1FE336DE854542D5968C9489 /* ElectrodeBridgeMessage.h */,
				4CC9998A6A44445DBCDB1D35 /* ElectrodeBridgeProtocols.h */,
				7D318097C691484F8C2D4DC9 /* ElectrodeBridgeRequest.h */,
				D935C2E2E50D4D1EA6994783 /* ElectrodeBridgeTransaction.h */,
				B3943AF9318A4BD9B3D10DB8 /* ElectrodeBridgeTransceiver.h */,
				FDD2B17D5AAB4F18BCC5EED6 /* ElectrodeBridgeTransceiver_Internal.h */,
				028852E6D7014585825CBF1F /* ElectrodeEventDispatcher.h */,
				ACBD83B12DF14296923CAC45 /* ElectrodeEventRegistrar.h */,
				ACF0378A722744A58B759121 /* ElectrodeRequestDispatcher.h */,
				4AC5375915C1449FBE58564D /* ElectrodeRequestRegistrar.h */,
				1D12E50C0ED24396BB41D9D3 /* ElectrodeReactNativeBridge.h */,
				EA448D1FA5324C5AB2EE5351 /* ElectrodeBridgeResponse.h */,
				B8346F965A8147588B3D92D3 /* ElectrodeLogger.h */,
			);
			name = ElectrodeReactNativeBridge;
			sourceTree = "<group>";
		};
		301CBA4B1F342FB00048C58B /* Resources */ = {
			isa = PBXGroup;
			children = (
			);
			name = Resources;
			sourceTree = "<group>";
		};
		485009D91E2FF23B009B6610 = {
			isa = PBXGroup;
			children = (
				485009E51E2FF23B009B6610 /* ElectrodeContainer */,
				485009F01E2FF23C009B6610 /* ElectrodeContainerTests */,
				485009E41E2FF23B009B6610 /* Products */,
				485009FD1E2FF25D009B6610 /* Libraries */,
				48500AA71E2FFA14009B6610 /* Frameworks */,
			);
			sourceTree = "<group>";
		};
		485009E41E2FF23B009B6610 /* Products */ = {
			isa = PBXGroup;
			children = (
				485009E31E2FF23B009B6610 /* ElectrodeContainer.framework */,
				485009EC1E2FF23C009B6610 /* ElectrodeContainerTests.xctest */,
			);
			name = Products;
			sourceTree = "<group>";
		};
		485009E51E2FF23B009B6610 /* ElectrodeContainer */ = {
			isa = PBXGroup;
			children = (
				7F9A82FD1FB117530026F523 /* APIImpls */,
				301CBA4B1F342FB00048C58B /* Resources */,
				2265A4A11EB26943007D6C3D /* Info.plist */,
				22C096A91EA0893F00E1486A /* APIs */,
				22FD4D1E1E96ECBB00FC81DB /* ElectrodeReactNativeBridge */,
				968333D51E54E3470031C565 /* ElectrodeBridgeDelegate.h */,
				968333D61E54E3470031C565 /* ElectrodeBridgeDelegate.m */,
				485009E61E2FF23B009B6610 /* ElectrodeContainer.h */,
				48500A961E2FF55B009B6610 /* ElectrodeReactNative.h */,
				30F8CDED1E67946E00413247 /* ElectrodeReactNative_Internal.h */,
				48500A971E2FF55B009B6610 /* ElectrodeReactNative.m */,
				301CB9011F33F3450048C58B /* NSBundle+frameworkBundle.h */,
				301CB9001F33F3450048C58B /* NSBundle+frameworkBundle.m */,
			);
			path = ElectrodeContainer;
			sourceTree = "<group>";
		};
		485009F01E2FF23C009B6610 /* ElectrodeContainerTests */ = {
			isa = PBXGroup;
			children = (
				485009F31E2FF23C009B6610 /* Info.plist */,
			);
			path = ElectrodeContainerTests;
			sourceTree = "<group>";
		};
		485009FD1E2FF25D009B6610 /* Libraries */ = {
			isa = PBXGroup;
			children = (
				226325CE1E80594F00CD0B10 /* ReactNative */,
				9654B8921E5CCA1D00AFF607 /* MiniApp */,
			);
			name = Libraries;
			path = ElectrodeContainer/Libraries;
			sourceTree = "<group>";
		};
		48500AA71E2FFA14009B6610 /* Frameworks */ = {
			isa = PBXGroup;
			children = (
			);
			name = Frameworks;
			sourceTree = "<group>";
		};
		7F9A82FD1FB117530026F523 /* APIImpls */ = {
			isa = PBXGroup;
			children = (
				6E5DE2E2C7C542E6A59349D8 /* MoviesApiController.swift */,
				FECBF1209AC34A358142FEB7 /* MoviesApiRequestHandlerDelegate.swift */,
				8C6449AB32214B6985EAAA87 /* RequestHandlerConfig.swift */,
				2611281B86A6487789489550 /* RequestHandlerProvider.swift */,
				63325CDA13194D7693A9D535 /* PetApiController.swift */,
				FB4ABCFAA0B64019B12EA133 /* PetApiRequestHandlerDelegate.swift */,
				0880B93ACFE246ABB1412194 /* PetApiRequestHandlerProvider.swift */,
				F2D723DDC0384E5687D9C247 /* StoreApiController.swift */,
				90A69EBF2F7841D481EB949C /* StoreApiRequestHandlerDelegate.swift */,
				C273307F76A64A98805D6B74 /* StoreApiRequestHandlerProvider.swift */,
				A33C4B742C934337A193E706 /* UserApiController.swift */,
				A24964E14BE443FA95042E8E /* UserApiRequestHandlerDelegate.swift */,
				2D5659C15DD9443F8E808DBF /* UserApiRequestHandlerProvider.swift */,
			);
			name = APIImpls;
			sourceTree = "<group>";
		};
		9654B8921E5CCA1D00AFF607 /* MiniApp */ = {
			isa = PBXGroup;
			children = (
				22BF1FEA1E8DAAF800E7F500 /* assets */,
				223A89451E89CDC70092741E /* MiniApp.jsbundle */,
			);
			path = MiniApp;
			sourceTree = "<group>";
		};
		06B5D568B53C4D31BA4693B4 /* Products */ = {
			isa = PBXGroup;
			children = (
				A2F612D9C6564B03A9F541B4 /* libReact.a */,
			);
			name = Products;
			path = undefined;
			sourceTree = "<group>";
		};
		2F47872855384307BD4122E6 /* Products */ = {
			isa = PBXGroup;
			children = (
				2BAC717388E74CB2889B6039 /* libRCTActionSheet.a */,
			);
			name = Products;
			path = undefined;
			sourceTree = "<group>";
		};
		625F6B151ECD4B73B1096218 /* Products */ = {
			isa = PBXGroup;
			children = (
				49FC82FEEE58465FA3403B6E /* libRCTImage.a */,
			);
			name = Products;
			path = undefined;
			sourceTree = "<group>";
		};
		23730368C8F2470F87696FD9 /* Products */ = {
			isa = PBXGroup;
			children = (
				975B00CFDAFC4188B8667A46 /* libRCTAnimation.a */,
			);
			name = Products;
			path = undefined;
			sourceTree = "<group>";
		};
		957F95C400284C929D837BA8 /* Products */ = {
			isa = PBXGroup;
			children = (
				9CEE4CA9340343FE95931DA1 /* libRCTText.a */,
			);
			name = Products;
			path = undefined;
			sourceTree = "<group>";
		};
		BB1CC78253AE430BA87ECE1A /* Products */ = {
			isa = PBXGroup;
			children = (
				32C8EFF60A9F4342A5973419 /* libRCTWebSocket.a */,
			);
			name = Products;
			path = undefined;
			sourceTree = "<group>";
		};
		1D453ED24FB1485EBE135472 /* Products */ = {
			isa = PBXGroup;
			children = (
				521ADA05D96446D19ECAC715 /* libRCTGeolocation.a */,
			);
			name = Products;
			path = undefined;
			sourceTree = "<group>";
		};
		FBF7B721D1644B3693566422 /* Products */ = {
			isa = PBXGroup;
			children = (
				3B61840F945E48019FACC80A /* libRCTLinking.a */,
			);
			name = Products;
			path = undefined;
			sourceTree = "<group>";
		};
		8B2C3ABF9E28485E8E7C3E65 /* Products */ = {
			isa = PBXGroup;
			children = (
				AE10114BBB184617B65769B7 /* libRCTNetwork.a */,
			);
			name = Products;
			path = undefined;
			sourceTree = "<group>";
		};
		A6C6BBDF483A434A9631E4D7 /* Products */ = {
			isa = PBXGroup;
			children = (
				579003564FF04DB6AF68D574 /* libRCTSettings.a */,
			);
			name = Products;
			path = undefined;
			sourceTree = "<group>";
		};
		A87F84ABD8E74E698896AE30 /* Products */ = {
			isa = PBXGroup;
			children = (
				23956526C7ED402D983DD67A /* libRCTVibration.a */,
			);
			name = Products;
			path = undefined;
			sourceTree = "<group>";
		};
		B2F35A42E5C04D3D8996033A /* Products */ = {
			isa = PBXGroup;
			children = (
				5CE1AA523EEE43C59718DB57 /* libRCTCameraRoll.a */,
			);
			name = Products;
			path = undefined;
			sourceTree = "<group>";
		};
/* End PBXGroup section */

/* Begin PBXHeadersBuildPhase section */
		485009E01E2FF23B009B6610 /* Headers */ = {
			isa = PBXHeadersBuildPhase;
			buildActionMask = 2147483647;
			files = (
				485009F41E2FF23C009B6610 /* ElectrodeContainer.h in Headers */,
				968333D71E54E3470031C565 /* ElectrodeBridgeDelegate.h in Headers */,
				301CB9031F33F3450048C58B /* NSBundle+frameworkBundle.h in Headers */,
				30F8CDEE1E67946E00413247 /* ElectrodeReactNative_Internal.h in Headers */,
				48500A981E2FF55B009B6610 /* ElectrodeReactNative.h in Headers */,
				AF8B8124C6AC4F23B8830E09 /* ElectrodeBridgeEvent.h in Headers */,
				8C64D19ABD8942D79A3CE449 /* ElectrodeBridgeFailureMessage.h in Headers */,
				5E36457520A0454392B0700F /* ElectrodeBridgeHolder.h in Headers */,
				6735D95454E94FF49DB5BA80 /* ElectrodeBridgeMessage.h in Headers */,
				F05087A58BC645EDA77ADC9F /* ElectrodeBridgeProtocols.h in Headers */,
				7E9D5DABE8D840AE8B9A902D /* ElectrodeBridgeRequest.h in Headers */,
				3995CC23D7E643328DC8DA26 /* ElectrodeBridgeTransaction.h in Headers */,
				D820246720924633B257B25D /* ElectrodeBridgeTransceiver.h in Headers */,
				0CE84F5CDBB7419B982238DE /* ElectrodeBridgeTransceiver_Internal.h in Headers */,
				52512CF465814BDAA047FABE /* ElectrodeEventDispatcher.h in Headers */,
				9A26726793F64DDDA1F78ABD /* ElectrodeEventRegistrar.h in Headers */,
				692B8E15DF0A40A69442AD18 /* ElectrodeRequestDispatcher.h in Headers */,
				C9AA16EF27804865A7084A8A /* ElectrodeRequestRegistrar.h in Headers */,
				5353C5EE20804C73AD7A581B /* ElectrodeReactNativeBridge.h in Headers */,
				637B947198944D3094FB374F /* ElectrodeBridgeResponse.h in Headers */,
				DF36D4F2DE804B0581102453 /* ElectrodeLogger.h in Headers */,
			);
			runOnlyForDeploymentPostprocessing = 0;
		};
/* End PBXHeadersBuildPhase section */

/* Begin PBXNativeTarget section */
		485009E21E2FF23B009B6610 /* ElectrodeContainer */ = {
			isa = PBXNativeTarget;
			buildConfigurationList = 485009F71E2FF23C009B6610 /* Build configuration list for PBXNativeTarget "ElectrodeContainer" */;
			buildPhases = (
				485009DE1E2FF23B009B6610 /* Sources */,
				485009DF1E2FF23B009B6610 /* Frameworks */,
				485009E01E2FF23B009B6610 /* Headers */,
				485009E11E2FF23B009B6610 /* Resources */,
			);
			buildRules = (
			);
			dependencies = (
				942ABBC575444FF797BF1A8A /* PBXTargetDependency */,
				48ABF6F4EE694E4F8723EFAD /* PBXTargetDependency */,
				6E6F547B83274AEC97D90B3C /* PBXTargetDependency */,
				E7647060590F425D9A7A151D /* PBXTargetDependency */,
				93FDA18A0FAF4D508C46922B /* PBXTargetDependency */,
				A74BDEECF09342A3A8AE98BF /* PBXTargetDependency */,
				3E13F2B84F0F414AAD5BF67E /* PBXTargetDependency */,
				18700EE1A9C944CB93AB91E6 /* PBXTargetDependency */,
				9FBC9A3C372C4DF0BCE21C1A /* PBXTargetDependency */,
				C7585D8EDC944EB28E87D21B /* PBXTargetDependency */,
				D73E9FBE694A43ECA1F83B25 /* PBXTargetDependency */,
				98D244C560D540FB8AE77263 /* PBXTargetDependency */,
			);
			name = ElectrodeContainer;
			productName = ElectrodeContainer;
			productReference = 485009E31E2FF23B009B6610 /* ElectrodeContainer.framework */;
			productType = "com.apple.product-type.framework";
		};
		485009EB1E2FF23C009B6610 /* ElectrodeContainerTests */ = {
			isa = PBXNativeTarget;
			buildConfigurationList = 485009FA1E2FF23C009B6610 /* Build configuration list for PBXNativeTarget "ElectrodeContainerTests" */;
			buildPhases = (
				485009E81E2FF23C009B6610 /* Sources */,
				485009E91E2FF23C009B6610 /* Frameworks */,
				485009EA1E2FF23C009B6610 /* Resources */,
			);
			buildRules = (
			);
			dependencies = (
				485009EF1E2FF23C009B6610 /* PBXTargetDependency */,
			);
			name = ElectrodeContainerTests;
			productName = ElectrodeContainerTests;
			productReference = 485009EC1E2FF23C009B6610 /* ElectrodeContainerTests.xctest */;
			productType = "com.apple.product-type.bundle.unit-test";
		};
/* End PBXNativeTarget section */

/* Begin PBXProject section */
		485009DA1E2FF23B009B6610 /* Project object */ = {
			isa = PBXProject;
			attributes = {
				LastUpgradeCheck = 820;
				ORGANIZATIONNAME = Walmart;
				TargetAttributes = {
					485009E21E2FF23B009B6610 = {
						CreatedOnToolsVersion = 8.2.1;
						ProvisioningStyle = Automatic;
					};
					485009EB1E2FF23C009B6610 = {
						CreatedOnToolsVersion = 8.2.1;
						DevelopmentTeam = DXZ5VF8836;
						ProvisioningStyle = Automatic;
					};
				};
			};
			buildConfigurationList = 485009DD1E2FF23B009B6610 /* Build configuration list for PBXProject "ElectrodeContainer" */;
			compatibilityVersion = "Xcode 3.2";
			developmentRegion = English;
			hasScannedForEncodings = 0;
			knownRegions = (
				en,
			);
			mainGroup = 485009D91E2FF23B009B6610;
			productRefGroup = 485009E41E2FF23B009B6610 /* Products */;
			projectDirPath = "";
			projectRoot = "";
			targets = (
				485009E21E2FF23B009B6610 /* ElectrodeContainer */,
				485009EB1E2FF23C009B6610 /* ElectrodeContainerTests */,
			);
			projectReferences = (
				{
					ProjectRef = F158016196144095BB5550AC /* React.xcodeproj */;
					ProductGroup = 06B5D568B53C4D31BA4693B4 /* Products */;
				},
				{
					ProjectRef = 12BEACBF5503497EB5312139 /* RCTActionSheet.xcodeproj */;
					ProductGroup = 2F47872855384307BD4122E6 /* Products */;
				},
				{
					ProjectRef = E27768A227F046EC84284746 /* RCTImage.xcodeproj */;
					ProductGroup = 625F6B151ECD4B73B1096218 /* Products */;
				},
				{
					ProjectRef = 2AAE8B25F11C480393398BAC /* RCTAnimation.xcodeproj */;
					ProductGroup = 23730368C8F2470F87696FD9 /* Products */;
				},
				{
					ProjectRef = 2C77D86D162641BCA78091BF /* RCTText.xcodeproj */;
					ProductGroup = 957F95C400284C929D837BA8 /* Products */;
				},
				{
					ProjectRef = 5967A1D7880048039B9EA6C1 /* RCTWebSocket.xcodeproj */;
					ProductGroup = BB1CC78253AE430BA87ECE1A /* Products */;
				},
				{
					ProjectRef = 66B6AD79213242C896B2A930 /* RCTGeolocation.xcodeproj */;
					ProductGroup = 1D453ED24FB1485EBE135472 /* Products */;
				},
				{
					ProjectRef = 58AD1073345E4380B4B6B464 /* RCTLinking.xcodeproj */;
					ProductGroup = FBF7B721D1644B3693566422 /* Products */;
				},
				{
					ProjectRef = 6A3DACF684CE48CF862A3EFD /* RCTNetwork.xcodeproj */;
					ProductGroup = 8B2C3ABF9E28485E8E7C3E65 /* Products */;
				},
				{
					ProjectRef = DAEB8D816C1A47198D0C064F /* RCTSettings.xcodeproj */;
					ProductGroup = A6C6BBDF483A434A9631E4D7 /* Products */;
				},
				{
					ProjectRef = 92E3ACBF574A451AAD39BAAF /* RCTVibration.xcodeproj */;
					ProductGroup = A87F84ABD8E74E698896AE30 /* Products */;
				},
				{
					ProjectRef = AA7EB499175649B5B1BADBCE /* RCTCameraRoll.xcodeproj */;
					ProductGroup = B2F35A42E5C04D3D8996033A /* Products */;
				},
			);
		};
/* End PBXProject section */

/* Begin PBXReferenceProxy section */
		A2F612D9C6564B03A9F541B4 /* libReact.a */ = {
			isa = PBXReferenceProxy;
			fileType = archive.ar;
			path = libReact.a;
			remoteRef = 48B025B57D8E4305A4B1DFC4 /* PBXContainerItemProxy */;
			sourceTree = BUILT_PRODUCTS_DIR;
		};
		2BAC717388E74CB2889B6039 /* libRCTActionSheet.a */ = {
			isa = PBXReferenceProxy;
			fileType = archive.ar;
			path = libRCTActionSheet.a;
			remoteRef = 8240B229DADC43A3ABA6B287 /* PBXContainerItemProxy */;
			sourceTree = BUILT_PRODUCTS_DIR;
		};
		49FC82FEEE58465FA3403B6E /* libRCTImage.a */ = {
			isa = PBXReferenceProxy;
			fileType = archive.ar;
			path = libRCTImage.a;
			remoteRef = 185EF3CF0AD048CDBB8F38FF /* PBXContainerItemProxy */;
			sourceTree = BUILT_PRODUCTS_DIR;
		};
		975B00CFDAFC4188B8667A46 /* libRCTAnimation.a */ = {
			isa = PBXReferenceProxy;
			fileType = archive.ar;
			path = libRCTAnimation.a;
			remoteRef = 6A47B75EC4414720866D24FB /* PBXContainerItemProxy */;
			sourceTree = BUILT_PRODUCTS_DIR;
		};
		9CEE4CA9340343FE95931DA1 /* libRCTText.a */ = {
			isa = PBXReferenceProxy;
			fileType = archive.ar;
			path = libRCTText.a;
			remoteRef = 717936EA972846AD80176D3D /* PBXContainerItemProxy */;
			sourceTree = BUILT_PRODUCTS_DIR;
		};
		32C8EFF60A9F4342A5973419 /* libRCTWebSocket.a */ = {
			isa = PBXReferenceProxy;
			fileType = archive.ar;
			path = libRCTWebSocket.a;
			remoteRef = 6EDCD28FC22D4BD8A8FED6DA /* PBXContainerItemProxy */;
			sourceTree = BUILT_PRODUCTS_DIR;
		};
		521ADA05D96446D19ECAC715 /* libRCTGeolocation.a */ = {
			isa = PBXReferenceProxy;
			fileType = archive.ar;
			path = libRCTGeolocation.a;
			remoteRef = FF5229AB78A64A6D9D7BFBDA /* PBXContainerItemProxy */;
			sourceTree = BUILT_PRODUCTS_DIR;
		};
		3B61840F945E48019FACC80A /* libRCTLinking.a */ = {
			isa = PBXReferenceProxy;
			fileType = archive.ar;
			path = libRCTLinking.a;
			remoteRef = 04D50733DFB94E90B003C6B0 /* PBXContainerItemProxy */;
			sourceTree = BUILT_PRODUCTS_DIR;
		};
		AE10114BBB184617B65769B7 /* libRCTNetwork.a */ = {
			isa = PBXReferenceProxy;
			fileType = archive.ar;
			path = libRCTNetwork.a;
			remoteRef = 5E1B3464DED4494CA0AEEA06 /* PBXContainerItemProxy */;
			sourceTree = BUILT_PRODUCTS_DIR;
		};
		579003564FF04DB6AF68D574 /* libRCTSettings.a */ = {
			isa = PBXReferenceProxy;
			fileType = archive.ar;
			path = libRCTSettings.a;
			remoteRef = 396EE24C1CBB494CA6E8D247 /* PBXContainerItemProxy */;
			sourceTree = BUILT_PRODUCTS_DIR;
		};
		23956526C7ED402D983DD67A /* libRCTVibration.a */ = {
			isa = PBXReferenceProxy;
			fileType = archive.ar;
			path = libRCTVibration.a;
			remoteRef = C09EF031AEFB435FA07FF949 /* PBXContainerItemProxy */;
			sourceTree = BUILT_PRODUCTS_DIR;
		};
		5CE1AA523EEE43C59718DB57 /* libRCTCameraRoll.a */ = {
			isa = PBXReferenceProxy;
			fileType = archive.ar;
			path = libRCTCameraRoll.a;
			remoteRef = FFAF24B2633B4C2188E99808 /* PBXContainerItemProxy */;
			sourceTree = BUILT_PRODUCTS_DIR;
		};
/* End PBXReferenceProxy section */

/* Begin PBXResourcesBuildPhase section */
		485009E11E2FF23B009B6610 /* Resources */ = {
			isa = PBXResourcesBuildPhase;
			buildActionMask = 2147483647;
			files = (
				22BF1FEB1E8DAAF800E7F500 /* assets in Resources */,
				223A89461E89CDC70092741E /* MiniApp.jsbundle in Resources */,
				2265A4A21EB26943007D6C3D /* Info.plist in Resources */,
			);
			runOnlyForDeploymentPostprocessing = 0;
		};
		485009EA1E2FF23C009B6610 /* Resources */ = {
			isa = PBXResourcesBuildPhase;
			buildActionMask = 2147483647;
			files = (
			);
			runOnlyForDeploymentPostprocessing = 0;
		};
/* End PBXResourcesBuildPhase section */

/* Begin PBXSourcesBuildPhase section */
		485009DE1E2FF23B009B6610 /* Sources */ = {
			isa = PBXSourcesBuildPhase;
			buildActionMask = 2147483647;
			files = (
				48500A991E2FF55B009B6610 /* ElectrodeReactNative.m in Sources */,
				301CB9021F33F3450048C58B /* NSBundle+frameworkBundle.m in Sources */,
				968333D81E54E3470031C565 /* ElectrodeBridgeDelegate.m in Sources */,
				EC9E37716BA842DF8E736847 /* ElectrodeObject.swift in Sources */,
				1EE81EE3122B49ADA3ED1B1E /* Bridgeable.swift in Sources */,
				A6C15424BA924109BD75D1EA /* ElectrodeRequestHandlerProcessor.swift in Sources */,
				0DBA71A301714C5D88D4A3EC /* ElectrodeRequestProcessor.swift in Sources */,
				699AB2D6177E470E8367ACA9 /* ElectrodeUtilities.swift in Sources */,
				23E0340E95564528B9EFA9EC /* EventListenerProcessor.swift in Sources */,
				E78875ED515A48A6B9388692 /* EventProcessor.swift in Sources */,
				0C3556FEA0DE42F6A4457384 /* Processor.swift in Sources */,
				FB9A1C79543540D68B6B7B05 /* None.swift in Sources */,
				C96EE095C5B14ED08F10401C /* ElectrodeBridgeEvent.m in Sources */,
				5E0422D05E1243EA86961C1C /* ElectrodeBridgeFailureMessage.m in Sources */,
				3A720BB4159A4BF9B1D31231 /* ElectrodeBridgeHolder.m in Sources */,
				48E82E8A05F9484B989B4AE1 /* ElectrodeBridgeMessage.m in Sources */,
				0B0A83BE034E4AC88669334C /* ElectrodeBridgeProtocols.m in Sources */,
				2C3464924B6C43FCA828D134 /* ElectrodeBridgeRequest.m in Sources */,
				5A5FD13F94B2448FA67A8E94 /* ElectrodeBridgeResponse.m in Sources */,
				7C2784CB704B4228819EA2D0 /* ElectrodeBridgeTransaction.m in Sources */,
				C50F0AF6D2D14E07B1FC6C13 /* ElectrodeBridgeTransceiver.m in Sources */,
				5899C76D55B048528A09CE94 /* ElectrodeEventDispatcher.m in Sources */,
				C9F82771CD9E47E5B6424C8C /* ElectrodeEventRegistrar.m in Sources */,
				B742C8B6058245039C1AFB34 /* ElectrodeRequestDispatcher.m in Sources */,
				B68709C2CF23479D8B4A86B6 /* ElectrodeRequestRegistrar.m in Sources */,
				C40DD43C1A9C4CCBA2308F50 /* ElectrodeLogger.m in Sources */,
				7F0E7857E5714A2B9DBC9413 /* BirthYear.swift in Sources */,
				D91E43DCBAFE44788505AB47 /* Movie.swift in Sources */,
				A2309E98CC604D60B02EA03B /* MoviesAPI.swift in Sources */,
				FE94E67BE9B74879B0C59094 /* MoviesRequests.swift in Sources */,
				AB279E9CC45349258540C0B0 /* Person.swift in Sources */,
				C72576C335A04015BF77CE15 /* Synopsis.swift in Sources */,
				4C207CE61EA246E1B15304C6 /* MoviesApiController.swift in Sources */,
				EE4780D1EAD049DFAA3947D2 /* MoviesApiRequestHandlerDelegate.swift in Sources */,
				91349D6AE7634576A250B771 /* RequestHandlerConfig.swift in Sources */,
				68AA31A76F674303A4272D4D /* RequestHandlerProvider.swift in Sources */,
				3FBA9EAE06A64BF9AC33BFBD /* NavigateData.swift in Sources */,
				E47890A7143741EC847C3013 /* NavigationAPI.swift in Sources */,
				47623AF2BEC34352A6F77354 /* NavigationRequests.swift in Sources */,
				BAA482E2F8074D3D86389D0F /* PetApiController.swift in Sources */,
				066DED92538E4FA58D4F11E4 /* PetApiRequestHandlerDelegate.swift in Sources */,
				CC02F0A8DA9B47AB8A52FD34 /* PetApiRequestHandlerProvider.swift in Sources */,
				B526159D119349DB8B1A849D /* StoreApiController.swift in Sources */,
				FBDAF18F5B474150B18B2BBF /* StoreApiRequestHandlerDelegate.swift in Sources */,
				758E996C22B8471D82C8EA78 /* StoreApiRequestHandlerProvider.swift in Sources */,
				9259604ADC7F4DC2978A71F4 /* UserApiController.swift in Sources */,
				D6453DE60A604B6DA475FA9C /* UserApiRequestHandlerDelegate.swift in Sources */,
				6031F83F002E42CAAF368CB6 /* UserApiRequestHandlerProvider.swift in Sources */,
			);
			runOnlyForDeploymentPostprocessing = 0;
		};
		485009E81E2FF23C009B6610 /* Sources */ = {
			isa = PBXSourcesBuildPhase;
			buildActionMask = 2147483647;
			files = (
			);
			runOnlyForDeploymentPostprocessing = 0;
		};
/* End PBXSourcesBuildPhase section */

/* Begin PBXTargetDependency section */
		485009EF1E2FF23C009B6610 /* PBXTargetDependency */ = {
			isa = PBXTargetDependency;
			target = 485009E21E2FF23B009B6610 /* ElectrodeContainer */;
			targetProxy = 485009EE1E2FF23C009B6610 /* PBXContainerItemProxy */;
		};
		942ABBC575444FF797BF1A8A /* PBXTargetDependency */ = {
			isa = PBXTargetDependency;
			name = React;
			targetProxy = 22DF7ECE5FA440B2BCB6CCF2 /* PBXContainerItemProxy */;
		};
		48ABF6F4EE694E4F8723EFAD /* PBXTargetDependency */ = {
			isa = PBXTargetDependency;
			name = RCTActionSheet;
			targetProxy = 902E2A1B4A534ACF99F4CCED /* PBXContainerItemProxy */;
		};
		6E6F547B83274AEC97D90B3C /* PBXTargetDependency */ = {
			isa = PBXTargetDependency;
			name = RCTImage;
			targetProxy = 1152B5F5BD914D3287374E79 /* PBXContainerItemProxy */;
		};
		E7647060590F425D9A7A151D /* PBXTargetDependency */ = {
			isa = PBXTargetDependency;
			name = RCTAnimation;
			targetProxy = E1FD4C78844B40B4BCAAB908 /* PBXContainerItemProxy */;
		};
		93FDA18A0FAF4D508C46922B /* PBXTargetDependency */ = {
			isa = PBXTargetDependency;
			name = RCTText;
			targetProxy = 23E82D6DBA46415392B91AA2 /* PBXContainerItemProxy */;
		};
		A74BDEECF09342A3A8AE98BF /* PBXTargetDependency */ = {
			isa = PBXTargetDependency;
			name = RCTWebSocket;
			targetProxy = AE69143A29EC4879ABEB2374 /* PBXContainerItemProxy */;
		};
		3E13F2B84F0F414AAD5BF67E /* PBXTargetDependency */ = {
			isa = PBXTargetDependency;
			name = RCTGeolocation;
			targetProxy = F38B5BDD97934FBDA2C9BA65 /* PBXContainerItemProxy */;
		};
		18700EE1A9C944CB93AB91E6 /* PBXTargetDependency */ = {
			isa = PBXTargetDependency;
			name = RCTLinking;
			targetProxy = 9CD5B4AB1A284BB7806F8954 /* PBXContainerItemProxy */;
		};
		9FBC9A3C372C4DF0BCE21C1A /* PBXTargetDependency */ = {
			isa = PBXTargetDependency;
			name = RCTNetwork;
			targetProxy = DA4E6B83ECCD4B1490D0DF7F /* PBXContainerItemProxy */;
		};
		C7585D8EDC944EB28E87D21B /* PBXTargetDependency */ = {
			isa = PBXTargetDependency;
			name = RCTSettings;
			targetProxy = 3F7831DA52184E5A85769856 /* PBXContainerItemProxy */;
		};
		D73E9FBE694A43ECA1F83B25 /* PBXTargetDependency */ = {
			isa = PBXTargetDependency;
			name = RCTVibration;
			targetProxy = 6339B00014354D3DBD7E925C /* PBXContainerItemProxy */;
		};
		98D244C560D540FB8AE77263 /* PBXTargetDependency */ = {
			isa = PBXTargetDependency;
			name = RCTCameraRoll;
			targetProxy = 8F7F8C83CDA44B3BA9914F85 /* PBXContainerItemProxy */;
		};
/* End PBXTargetDependency section */

/* Begin XCBuildConfiguration section */
		303268E41EA8139700A41A8F /* QADeployment */ = {
			isa = XCBuildConfiguration;
			buildSettings = {
				ALWAYS_SEARCH_USER_PATHS = NO;
				CLANG_ANALYZER_NONNULL = YES;
				CLANG_CXX_LANGUAGE_STANDARD = "gnu++0x";
				CLANG_CXX_LIBRARY = "libc++";
				CLANG_ENABLE_MODULES = YES;
				CLANG_ENABLE_OBJC_ARC = YES;
				CLANG_WARN_BOOL_CONVERSION = YES;
				CLANG_WARN_CONSTANT_CONVERSION = YES;
				CLANG_WARN_DIRECT_OBJC_ISA_USAGE = YES_ERROR;
				CLANG_WARN_DOCUMENTATION_COMMENTS = YES;
				CLANG_WARN_EMPTY_BODY = YES;
				CLANG_WARN_ENUM_CONVERSION = YES;
				CLANG_WARN_INFINITE_RECURSION = YES;
				CLANG_WARN_INT_CONVERSION = YES;
				CLANG_WARN_OBJC_ROOT_CLASS = YES_ERROR;
				CLANG_WARN_SUSPICIOUS_MOVE = YES;
				CLANG_WARN_UNREACHABLE_CODE = YES;
				CLANG_WARN__DUPLICATE_METHOD_MATCH = YES;
				"CODE_SIGN_IDENTITY[sdk=iphoneos*]" = "iPhone Developer";
				COPY_PHASE_STRIP = NO;
				CURRENT_PROJECT_VERSION = 1;
				DEBUG_INFORMATION_FORMAT = "dwarf-with-dsym";
				ENABLE_STRICT_OBJC_MSGSEND = YES;
				ENABLE_TESTABILITY = YES;
				GCC_C_LANGUAGE_STANDARD = gnu99;
				GCC_DYNAMIC_NO_PIC = NO;
				GCC_NO_COMMON_BLOCKS = YES;
				GCC_OPTIMIZATION_LEVEL = 0;
				GCC_PREPROCESSOR_DEFINITIONS = (
					"DEBUG=1",
					"$(inherited)",
				);
				GCC_WARN_64_TO_32_BIT_CONVERSION = YES;
				GCC_WARN_ABOUT_RETURN_TYPE = YES_ERROR;
				GCC_WARN_UNDECLARED_SELECTOR = YES;
				GCC_WARN_UNINITIALIZED_AUTOS = YES_AGGRESSIVE;
				GCC_WARN_UNUSED_FUNCTION = YES;
				GCC_WARN_UNUSED_VARIABLE = YES;
				IPHONEOS_DEPLOYMENT_TARGET = 9.0;
				MTL_ENABLE_DEBUG_INFO = YES;
				ONLY_ACTIVE_ARCH = YES;
				SDKROOT = iphoneos;
				TARGETED_DEVICE_FAMILY = "1,2";
				VERSIONING_SYSTEM = "apple-generic";
				VERSION_INFO_PREFIX = "";
			};
			name = QADeployment;
		};
		303268E51EA8139700A41A8F /* QADeployment */ = {
			isa = XCBuildConfiguration;
			buildSettings = {
				ALWAYS_EMBED_SWIFT_STANDARD_LIBRARIES = YES;
				CLANG_ALLOW_NON_MODULAR_INCLUDES_IN_FRAMEWORK_MODULES = YES;
				CLANG_ENABLE_MODULES = YES;
				CLANG_WARN_DOCUMENTATION_COMMENTS = NO;
				CODE_SIGN_IDENTITY = "";
				DEFINES_MODULE = YES;
				DYLIB_COMPATIBILITY_VERSION = 1;
				DYLIB_CURRENT_VERSION = 1;
				DYLIB_INSTALL_NAME_BASE = "@rpath";
				ENABLE_ON_DEMAND_RESOURCES = NO;
				ENABLE_TESTABILITY = YES;
				FRAMEWORK_SEARCH_PATHS = "$(inherited)";
				HEADER_SEARCH_PATHS = (
					"$(inherited)/**",
					"$(SRCROOT)/ElectrodeContainer/Libraries/ReactNative/**",
					"$(SRCROOT)/ElectrodeContainer/Libraries/CodePush/**",
				);
				INFOPLIST_FILE = ElectrodeContainer/Info.plist;
				INSTALL_PATH = "$(LOCAL_LIBRARY_DIR)/Frameworks";
				LD_RUNPATH_SEARCH_PATHS = "$(inherited) @executable_path/Frameworks @loader_path/Frameworks";
				LIBRARY_SEARCH_PATHS = (
					"$(inherited)",
					"$(SRCROOT)/ElectrodeContainer/Libraries/ReactNative/**",
					"$(SRCROOT)/ElectrodeContainer/Libraries/CodePush/**",
				);
				ONLY_ACTIVE_ARCH = NO;
				OTHER_LDFLAGS = (
					"-ObjC",
					"-lc++",
					"-lz",
				);
				PRODUCT_BUNDLE_IDENTIFIER = com.walmart.electronics.ElectrodeContainer;
				PRODUCT_NAME = "$(TARGET_NAME)";
				SKIP_INSTALL = YES;
				STRIP_STYLE = debugging;
				SWIFT_ACTIVE_COMPILATION_CONDITIONS = DEBUG;
				SWIFT_OPTIMIZATION_LEVEL = "-Owholemodule";
				SWIFT_VERSION = 3.0;
			};
			name = QADeployment;
		};
		303268E61EA8139700A41A8F /* QADeployment */ = {
			isa = XCBuildConfiguration;
			buildSettings = {
				FRAMEWORK_SEARCH_PATHS = "$(inherited)";
				HEADER_SEARCH_PATHS = (
					"$(inherited)",
					"$(SRCROOT)/ElectrodeContainer/Libraries/CodePush/**",
				);
				INFOPLIST_FILE = ElectrodeContainerTests/Info.plist;
				LD_RUNPATH_SEARCH_PATHS = "$(inherited) @executable_path/Frameworks @loader_path/Frameworks";
				LIBRARY_SEARCH_PATHS = (
					"$(inherited)",
					"$(SRCROOT)/ElectrodeContainer/Libraries/ReactNative/**",
					"$(SRCROOT)/ElectrodeContainer/Libraries/CodePush/**",
				);
				PRODUCT_BUNDLE_IDENTIFIER = com.walmart.electronics.ElectrodeContainerTests;
				PRODUCT_NAME = "$(TARGET_NAME)";
				TEST_HOST = "";
			};
			name = QADeployment;
		};
		485009F51E2FF23C009B6610 /* Debug */ = {
			isa = XCBuildConfiguration;
			buildSettings = {
				ALWAYS_SEARCH_USER_PATHS = NO;
				CLANG_ANALYZER_NONNULL = YES;
				CLANG_CXX_LANGUAGE_STANDARD = "gnu++0x";
				CLANG_CXX_LIBRARY = "libc++";
				CLANG_ENABLE_MODULES = YES;
				CLANG_ENABLE_OBJC_ARC = YES;
				CLANG_WARN_BOOL_CONVERSION = YES;
				CLANG_WARN_CONSTANT_CONVERSION = YES;
				CLANG_WARN_DIRECT_OBJC_ISA_USAGE = YES_ERROR;
				CLANG_WARN_DOCUMENTATION_COMMENTS = YES;
				CLANG_WARN_EMPTY_BODY = YES;
				CLANG_WARN_ENUM_CONVERSION = YES;
				CLANG_WARN_INFINITE_RECURSION = YES;
				CLANG_WARN_INT_CONVERSION = YES;
				CLANG_WARN_OBJC_ROOT_CLASS = YES_ERROR;
				CLANG_WARN_SUSPICIOUS_MOVE = YES;
				CLANG_WARN_UNREACHABLE_CODE = YES;
				CLANG_WARN__DUPLICATE_METHOD_MATCH = YES;
				"CODE_SIGN_IDENTITY[sdk=iphoneos*]" = "iPhone Developer";
				COPY_PHASE_STRIP = NO;
				CURRENT_PROJECT_VERSION = 1;
				DEBUG_INFORMATION_FORMAT = dwarf;
				ENABLE_STRICT_OBJC_MSGSEND = YES;
				ENABLE_TESTABILITY = YES;
				GCC_C_LANGUAGE_STANDARD = gnu99;
				GCC_DYNAMIC_NO_PIC = NO;
				GCC_NO_COMMON_BLOCKS = YES;
				GCC_OPTIMIZATION_LEVEL = 0;
				GCC_PREPROCESSOR_DEFINITIONS = (
					"DEBUG=1",
					"$(inherited)",
				);
				GCC_WARN_64_TO_32_BIT_CONVERSION = YES;
				GCC_WARN_ABOUT_RETURN_TYPE = YES_ERROR;
				GCC_WARN_UNDECLARED_SELECTOR = YES;
				GCC_WARN_UNINITIALIZED_AUTOS = YES_AGGRESSIVE;
				GCC_WARN_UNUSED_FUNCTION = YES;
				GCC_WARN_UNUSED_VARIABLE = YES;
				IPHONEOS_DEPLOYMENT_TARGET = 9.0;
				MTL_ENABLE_DEBUG_INFO = YES;
				ONLY_ACTIVE_ARCH = YES;
				SDKROOT = iphoneos;
				TARGETED_DEVICE_FAMILY = "1,2";
				VERSIONING_SYSTEM = "apple-generic";
				VERSION_INFO_PREFIX = "";
			};
			name = Debug;
		};
		485009F61E2FF23C009B6610 /* Release */ = {
			isa = XCBuildConfiguration;
			buildSettings = {
				ALWAYS_SEARCH_USER_PATHS = NO;
				CLANG_ANALYZER_NONNULL = YES;
				CLANG_CXX_LANGUAGE_STANDARD = "gnu++0x";
				CLANG_CXX_LIBRARY = "libc++";
				CLANG_ENABLE_MODULES = YES;
				CLANG_ENABLE_OBJC_ARC = YES;
				CLANG_WARN_BOOL_CONVERSION = YES;
				CLANG_WARN_CONSTANT_CONVERSION = YES;
				CLANG_WARN_DIRECT_OBJC_ISA_USAGE = YES_ERROR;
				CLANG_WARN_DOCUMENTATION_COMMENTS = YES;
				CLANG_WARN_EMPTY_BODY = YES;
				CLANG_WARN_ENUM_CONVERSION = YES;
				CLANG_WARN_INFINITE_RECURSION = YES;
				CLANG_WARN_INT_CONVERSION = YES;
				CLANG_WARN_OBJC_ROOT_CLASS = YES_ERROR;
				CLANG_WARN_SUSPICIOUS_MOVE = YES;
				CLANG_WARN_UNREACHABLE_CODE = YES;
				CLANG_WARN__DUPLICATE_METHOD_MATCH = YES;
				"CODE_SIGN_IDENTITY[sdk=iphoneos*]" = "iPhone Developer";
				COPY_PHASE_STRIP = NO;
				CURRENT_PROJECT_VERSION = 1;
				DEBUG_INFORMATION_FORMAT = "dwarf-with-dsym";
				ENABLE_NS_ASSERTIONS = NO;
				ENABLE_STRICT_OBJC_MSGSEND = YES;
				GCC_C_LANGUAGE_STANDARD = gnu99;
				GCC_NO_COMMON_BLOCKS = YES;
				GCC_WARN_64_TO_32_BIT_CONVERSION = YES;
				GCC_WARN_ABOUT_RETURN_TYPE = YES_ERROR;
				GCC_WARN_UNDECLARED_SELECTOR = YES;
				GCC_WARN_UNINITIALIZED_AUTOS = YES_AGGRESSIVE;
				GCC_WARN_UNUSED_FUNCTION = YES;
				GCC_WARN_UNUSED_VARIABLE = YES;
				IPHONEOS_DEPLOYMENT_TARGET = 9.0;
				MTL_ENABLE_DEBUG_INFO = NO;
				SDKROOT = iphoneos;
				TARGETED_DEVICE_FAMILY = "1,2";
				VALIDATE_PRODUCT = YES;
				VERSIONING_SYSTEM = "apple-generic";
				VERSION_INFO_PREFIX = "";
			};
			name = Release;
		};
		485009F81E2FF23C009B6610 /* Debug */ = {
			isa = XCBuildConfiguration;
			buildSettings = {
				ALWAYS_EMBED_SWIFT_STANDARD_LIBRARIES = YES;
				CLANG_ALLOW_NON_MODULAR_INCLUDES_IN_FRAMEWORK_MODULES = YES;
				CLANG_ENABLE_MODULES = YES;
				CLANG_WARN_DOCUMENTATION_COMMENTS = NO;
				CODE_SIGN_IDENTITY = "";
				DEFINES_MODULE = YES;
				DYLIB_COMPATIBILITY_VERSION = 1;
				DYLIB_CURRENT_VERSION = 1;
				DYLIB_INSTALL_NAME_BASE = "@rpath";
				FRAMEWORK_SEARCH_PATHS = "$(inherited)";
				HEADER_SEARCH_PATHS = (
					"$(inherited)",
					"$(SRCROOT)/ElectrodeContainer/Libraries/ReactNative/**",
				);
				INFOPLIST_FILE = ElectrodeContainer/Info.plist;
				INSTALL_PATH = "$(LOCAL_LIBRARY_DIR)/Frameworks";
				IPHONEOS_DEPLOYMENT_TARGET = 9.0;
				LD_RUNPATH_SEARCH_PATHS = "$(inherited) @executable_path/Frameworks @loader_path/Frameworks";
				LIBRARY_SEARCH_PATHS = (
					"$(inherited)",
					"$(SRCROOT)/ElectrodeContainer/Libraries/ReactNative/**",
					"$(SRCROOT)/ElectrodeContainer/Libraries/CodePush/**",
				);
				OTHER_LDFLAGS = (
					"-ObjC",
					"-lc++",
					"-lz",
				);
				PRODUCT_BUNDLE_IDENTIFIER = com.walmart.electronics.ElectrodeContainer;
				PRODUCT_NAME = "$(TARGET_NAME)";
				SKIP_INSTALL = YES;
				SWIFT_ACTIVE_COMPILATION_CONDITIONS = DEBUG;
				SWIFT_OPTIMIZATION_LEVEL = "-Onone";
				SWIFT_VERSION = 3.0;
			};
			name = Debug;
		};
		485009F91E2FF23C009B6610 /* Release */ = {
			isa = XCBuildConfiguration;
			buildSettings = {
				CLANG_ALLOW_NON_MODULAR_INCLUDES_IN_FRAMEWORK_MODULES = YES;
				CODE_SIGN_IDENTITY = "";
				DEFINES_MODULE = YES;
				DYLIB_COMPATIBILITY_VERSION = 1;
				DYLIB_CURRENT_VERSION = 1;
				DYLIB_INSTALL_NAME_BASE = "@rpath";
				FRAMEWORK_SEARCH_PATHS = "$(inherited)";
				HEADER_SEARCH_PATHS = (
					"$(inherited)",
					"$(SRCROOT)/ElectrodeContainer/Libraries/ReactNative/**",
					"$(SRCROOT)/ElectrodeContainer/Libraries/CodePush/**",
				);
				INFOPLIST_FILE = ElectrodeContainer/Info.plist;
				INSTALL_PATH = "$(LOCAL_LIBRARY_DIR)/Frameworks";
				IPHONEOS_DEPLOYMENT_TARGET = 9.0;
				LD_RUNPATH_SEARCH_PATHS = "$(inherited) @executable_path/Frameworks @loader_path/Frameworks";
				LIBRARY_SEARCH_PATHS = (
					"$(inherited)",
					"$(SRCROOT)/ElectrodeContainer/Libraries/ReactNative/**",
					"$(SRCROOT)/ElectrodeContainer/Libraries/CodePush/**",
				);
				OTHER_LDFLAGS = (
					"-ObjC",
					"-lc++",
					"-lz",
				);
				PRODUCT_BUNDLE_IDENTIFIER = com.walmart.electronics.ElectrodeContainer;
				PRODUCT_NAME = "$(TARGET_NAME)";
				SKIP_INSTALL = YES;
				SWIFT_VERSION = 3.0;
			};
			name = Release;
		};
		485009FB1E2FF23C009B6610 /* Debug */ = {
			isa = XCBuildConfiguration;
			buildSettings = {
				INFOPLIST_FILE = ElectrodeContainerTests/Info.plist;
				LD_RUNPATH_SEARCH_PATHS = "$(inherited) @executable_path/Frameworks @loader_path/Frameworks";
				LIBRARY_SEARCH_PATHS = (
					"$(inherited)",
					"$(SRCROOT)/ElectrodeContainer/Libraries/ReactNative/**",
					"$(SRCROOT)/ElectrodeContainer/Libraries/CodePush/**",
				);
				PRODUCT_BUNDLE_IDENTIFIER = com.walmart.electronics.ElectrodeContainerTests;
				PRODUCT_NAME = "$(TARGET_NAME)";
				TEST_HOST = "";
			};
			name = Debug;
		};
		485009FC1E2FF23C009B6610 /* Release */ = {
			isa = XCBuildConfiguration;
			buildSettings = {
				DEVELOPMENT_TEAM = DXZ5VF8836;
				FRAMEWORK_SEARCH_PATHS = "$(inherited)";
				HEADER_SEARCH_PATHS = (
					"$(inherited)",
					"\"$(SRCROOT)/ElectrodeContainer/Libraries/CodePush\"",
				);
				INFOPLIST_FILE = ElectrodeContainerTests/Info.plist;
				LD_RUNPATH_SEARCH_PATHS = "$(inherited) @executable_path/Frameworks @loader_path/Frameworks";
				LIBRARY_SEARCH_PATHS = (
					"$(inherited)",
					"$(SRCROOT)/ElectrodeContainer/Libraries/ReactNative/**",
					"$(SRCROOT)/ElectrodeContainer/Libraries/CodePush/**",
				);
				PRODUCT_BUNDLE_IDENTIFIER = com.walmart.electronics.ElectrodeContainerTests;
				PRODUCT_NAME = "$(TARGET_NAME)";
				TEST_HOST = "";
			};
			name = Release;
		};
/* End XCBuildConfiguration section */

/* Begin XCConfigurationList section */
		485009DD1E2FF23B009B6610 /* Build configuration list for PBXProject "ElectrodeContainer" */ = {
			isa = XCConfigurationList;
			buildConfigurations = (
				485009F51E2FF23C009B6610 /* Debug */,
				303268E41EA8139700A41A8F /* QADeployment */,
				485009F61E2FF23C009B6610 /* Release */,
			);
			defaultConfigurationIsVisible = 0;
			defaultConfigurationName = Release;
		};
		485009F71E2FF23C009B6610 /* Build configuration list for PBXNativeTarget "ElectrodeContainer" */ = {
			isa = XCConfigurationList;
			buildConfigurations = (
				485009F81E2FF23C009B6610 /* Debug */,
				303268E51EA8139700A41A8F /* QADeployment */,
				485009F91E2FF23C009B6610 /* Release */,
			);
			defaultConfigurationIsVisible = 0;
			defaultConfigurationName = Release;
		};
		485009FA1E2FF23C009B6610 /* Build configuration list for PBXNativeTarget "ElectrodeContainerTests" */ = {
			isa = XCConfigurationList;
			buildConfigurations = (
				485009FB1E2FF23C009B6610 /* Debug */,
				303268E61EA8139700A41A8F /* QADeployment */,
				485009FC1E2FF23C009B6610 /* Release */,
			);
			defaultConfigurationIsVisible = 0;
			defaultConfigurationName = Release;
		};
/* End XCConfigurationList section */
	};
	rootObject = 485009DA1E2FF23B009B6610 /* Project object */;
}
