// !$*UTF8*$!
{
	archiveVersion = 1;
	classes = {
	};
	objectVersion = 46;
	objects = {
/* Begin PBXBuildFile section */
		223A89461E89CDC70092741E /* MiniApp.jsbundle in Resources */ = {isa = PBXBuildFile; fileRef = 223A89451E89CDC70092741E /* MiniApp.jsbundle */; };
		2265A4A21EB26943007D6C3D /* Info.plist in Resources */ = {isa = PBXBuildFile; fileRef = 2265A4A11EB26943007D6C3D /* Info.plist */; };
		22BF1FEB1E8DAAF800E7F500 /* assets in Resources */ = {isa = PBXBuildFile; fileRef = 22BF1FEA1E8DAAF800E7F500 /* assets */; };
		301CB9021F33F3450048C58B /* NSBundle+frameworkBundle.m in Sources */ = {isa = PBXBuildFile; fileRef = 301CB9001F33F3450048C58B /* NSBundle+frameworkBundle.m */; };
		301CB9031F33F3450048C58B /* NSBundle+frameworkBundle.h in Headers */ = {isa = PBXBuildFile; fileRef = 301CB9011F33F3450048C58B /* NSBundle+frameworkBundle.h */; };
		30F8CDEE1E67946E00413247 /* ElectrodeReactNative_Internal.h in Headers */ = {isa = PBXBuildFile; fileRef = 30F8CDED1E67946E00413247 /* ElectrodeReactNative_Internal.h */; };
		485009ED1E2FF23C009B6610 /* ElectrodeContainer.framework in Frameworks */ = {isa = PBXBuildFile; fileRef = 485009E31E2FF23B009B6610 /* ElectrodeContainer.framework */; };
		485009F41E2FF23C009B6610 /* ElectrodeContainer.h in Headers */ = {isa = PBXBuildFile; fileRef = 485009E61E2FF23B009B6610 /* ElectrodeContainer.h */; settings = {ATTRIBUTES = (Public, ); }; };
		48500A981E2FF55B009B6610 /* ElectrodeReactNative.h in Headers */ = {isa = PBXBuildFile; fileRef = 48500A961E2FF55B009B6610 /* ElectrodeReactNative.h */; settings = {ATTRIBUTES = (Public, ); }; };
		48500A991E2FF55B009B6610 /* ElectrodeReactNative.m in Sources */ = {isa = PBXBuildFile; fileRef = 48500A971E2FF55B009B6610 /* ElectrodeReactNative.m */; };
		968333D71E54E3470031C565 /* ElectrodeBridgeDelegate.h in Headers */ = {isa = PBXBuildFile; fileRef = 968333D51E54E3470031C565 /* ElectrodeBridgeDelegate.h */; settings = {ATTRIBUTES = (Public, ); }; };
		968333D81E54E3470031C565 /* ElectrodeBridgeDelegate.m in Sources */ = {isa = PBXBuildFile; fileRef = 968333D61E54E3470031C565 /* ElectrodeBridgeDelegate.m */; };
		5EA792912FBB4C2596AE64AC /* libReact.a in Frameworks */ = {isa = PBXBuildFile; fileRef = 34F5AF77B3774C24852330FF /* libReact.a */; };
		EDDA037176214372B5B480BA /* libRCTActionSheet.a in Frameworks */ = {isa = PBXBuildFile; fileRef = 556F4CF649FC42D3ADCC1EDE /* libRCTActionSheet.a */; };
		146DD9B5BDC846CDBDCAA236 /* libRCTImage.a in Frameworks */ = {isa = PBXBuildFile; fileRef = 7C31F06E197B4AE08BAE197E /* libRCTImage.a */; };
		DE13792E4EE747C883F86803 /* libRCTAnimation.a in Frameworks */ = {isa = PBXBuildFile; fileRef = 41C1EBDF2FC3486F9DFB52B2 /* libRCTAnimation.a */; };
		3B24341676724F8A9ADB3FCC /* libRCTText.a in Frameworks */ = {isa = PBXBuildFile; fileRef = 98D3DD01F2C04FE6980E160E /* libRCTText.a */; };
		BC6347E26D89410AAF313574 /* libRCTWebSocket.a in Frameworks */ = {isa = PBXBuildFile; fileRef = 8DCF32E3DCF547F19164ABA8 /* libRCTWebSocket.a */; };
		4AAA5B00E1EE4C60AA7F33ED /* libRCTGeolocation.a in Frameworks */ = {isa = PBXBuildFile; fileRef = BE9EC7410E8147F99F3C47DF /* libRCTGeolocation.a */; };
		6F6AFA5B52ED43F88791FE24 /* libRCTLinking.a in Frameworks */ = {isa = PBXBuildFile; fileRef = 743FACCF3F6F485CA29D7CDE /* libRCTLinking.a */; };
		27EE83A8FAED4210844B0BB3 /* libRCTNetwork.a in Frameworks */ = {isa = PBXBuildFile; fileRef = BE12C06E210A4DBD9B0F58B1 /* libRCTNetwork.a */; };
		76435A35124A414B8DDC31DA /* libRCTSettings.a in Frameworks */ = {isa = PBXBuildFile; fileRef = 3B43437BCB8D4F88B70241EE /* libRCTSettings.a */; };
		94ABE89F31BC4801BA1FA638 /* libRCTVibration.a in Frameworks */ = {isa = PBXBuildFile; fileRef = 640EA9A1A5494A509EA8E67C /* libRCTVibration.a */; };
		B5596E0924C04397BF203E82 /* libRCTCameraRoll.a in Frameworks */ = {isa = PBXBuildFile; fileRef = 5C40EA2786114E2CA2A03363 /* libRCTCameraRoll.a */; };
		930787EEDB5E4F54BF9CABB1 /* ElectrodeObject.swift in Sources */ = {isa = PBXBuildFile; fileRef = 626E40C8B5494B8189303990 /* ElectrodeObject.swift */; };
		1ABE7875095F482986172250 /* Bridgeable.swift in Sources */ = {isa = PBXBuildFile; fileRef = 781EFD14832942929E8B7C7F /* Bridgeable.swift */; };
		1A043B6DF7904EBEBAEFB1B7 /* ElectrodeRequestHandlerProcessor.swift in Sources */ = {isa = PBXBuildFile; fileRef = 4A40C5985B844BA3895B1BF8 /* ElectrodeRequestHandlerProcessor.swift */; };
		2AAE310CC30448EEAFAC1FD3 /* ElectrodeRequestProcessor.swift in Sources */ = {isa = PBXBuildFile; fileRef = 77044380C3474C47BC056E88 /* ElectrodeRequestProcessor.swift */; };
		01BFA14B2AC1445A91BEDFF2 /* ElectrodeUtilities.swift in Sources */ = {isa = PBXBuildFile; fileRef = 9BF2053E02E9451F9C872EFF /* ElectrodeUtilities.swift */; };
		F72068EB327645A8B0729521 /* EventListenerProcessor.swift in Sources */ = {isa = PBXBuildFile; fileRef = FE361A2E8B544931B934E541 /* EventListenerProcessor.swift */; };
		CCA7C6C41FA94965BD9EADA5 /* EventProcessor.swift in Sources */ = {isa = PBXBuildFile; fileRef = DBDD8CE40BEC4693AFE5CD25 /* EventProcessor.swift */; };
		86A84911BDC4403BBC9CD058 /* Processor.swift in Sources */ = {isa = PBXBuildFile; fileRef = C1C36A74DB3C4C48992C7CD6 /* Processor.swift */; };
		A72F01411A3B4D7E94CE2CF5 /* None.swift in Sources */ = {isa = PBXBuildFile; fileRef = C2B59B87DCDD48DF90DF74FB /* None.swift */; };
		AFE20CBF4EFB42C99C9C94C8 /* ElectrodeBridgeEvent.m in Sources */ = {isa = PBXBuildFile; fileRef = 1D5EE6614087495182C74A4B /* ElectrodeBridgeEvent.m */; };
		7D38E3574C774E4897B94503 /* ElectrodeBridgeFailureMessage.m in Sources */ = {isa = PBXBuildFile; fileRef = 2B85FCB0BC4547BE9E3C9B7A /* ElectrodeBridgeFailureMessage.m */; };
		002FCCFA84B34F8DB06B0467 /* ElectrodeBridgeHolder.m in Sources */ = {isa = PBXBuildFile; fileRef = 8A9F97D28C6D463A8E9F4BAF /* ElectrodeBridgeHolder.m */; };
		5ACCC3980AE842AC87CF1395 /* ElectrodeBridgeMessage.m in Sources */ = {isa = PBXBuildFile; fileRef = 8D039B07BFD34B768189E98A /* ElectrodeBridgeMessage.m */; };
		BD9F1B1BF2A84D1896E8B239 /* ElectrodeBridgeProtocols.m in Sources */ = {isa = PBXBuildFile; fileRef = ACD0B5E67C954954A2AD6F57 /* ElectrodeBridgeProtocols.m */; };
		11304059C57348789A46C369 /* ElectrodeBridgeRequest.m in Sources */ = {isa = PBXBuildFile; fileRef = 02BC56E4D19C47B79496942A /* ElectrodeBridgeRequest.m */; };
		92222CAE13F547D781B84CD5 /* ElectrodeBridgeResponse.m in Sources */ = {isa = PBXBuildFile; fileRef = C9C458FF4B3A44C7BDD9230F /* ElectrodeBridgeResponse.m */; };
		8F01D5090DD848A6961B9D4B /* ElectrodeBridgeTransaction.m in Sources */ = {isa = PBXBuildFile; fileRef = 8890B3DB7BE14453B7BD750F /* ElectrodeBridgeTransaction.m */; };
		3F68A3FC7E394D689FCE95C7 /* ElectrodeBridgeTransceiver.m in Sources */ = {isa = PBXBuildFile; fileRef = 8286311497BB491DAA6982E7 /* ElectrodeBridgeTransceiver.m */; };
		605D5C7A1B254BF4A43FB86E /* ElectrodeEventDispatcher.m in Sources */ = {isa = PBXBuildFile; fileRef = E903FA577B114F44B141D4FB /* ElectrodeEventDispatcher.m */; };
		9C0312E68D71479196C6AD95 /* ElectrodeEventRegistrar.m in Sources */ = {isa = PBXBuildFile; fileRef = 54687E618E864E6482398D9C /* ElectrodeEventRegistrar.m */; };
		9B90BDC592664C61AD727464 /* ElectrodeRequestDispatcher.m in Sources */ = {isa = PBXBuildFile; fileRef = 27521379554A41E681E85FC6 /* ElectrodeRequestDispatcher.m */; };
		36507EDBB26848B5B18D835E /* ElectrodeRequestRegistrar.m in Sources */ = {isa = PBXBuildFile; fileRef = 43B8FE6ACB694E79B664B1E6 /* ElectrodeRequestRegistrar.m */; };
		C29122C69F17429488705474 /* ElectrodeLogger.m in Sources */ = {isa = PBXBuildFile; fileRef = 094C38C3D1F34182803558CF /* ElectrodeLogger.m */; };
		AB59625040C840E3A050E0EF /* ElectrodeBridgeEvent.h in Headers */ = {isa = PBXBuildFile; fileRef = B436DE5750394D16A4023312 /* ElectrodeBridgeEvent.h */; settings = {ATTRIBUTES = (Public, ); }; };
		D0F5CD6BFDD64F63860B3CF6 /* ElectrodeBridgeFailureMessage.h in Headers */ = {isa = PBXBuildFile; fileRef = 19225C265C6C4C3B97F40ED2 /* ElectrodeBridgeFailureMessage.h */; settings = {ATTRIBUTES = (Public, ); }; };
		A19FE0D119E84146970798BA /* ElectrodeBridgeHolder.h in Headers */ = {isa = PBXBuildFile; fileRef = 30869CCE337F4182B3D1C724 /* ElectrodeBridgeHolder.h */; settings = {ATTRIBUTES = (Public, ); }; };
		2E8C4E5F08CF4742A57B0BEE /* ElectrodeBridgeMessage.h in Headers */ = {isa = PBXBuildFile; fileRef = 7596795694154221A78B5598 /* ElectrodeBridgeMessage.h */; settings = {ATTRIBUTES = (Public, ); }; };
		C7637C36A9DC47E5A4728409 /* ElectrodeBridgeProtocols.h in Headers */ = {isa = PBXBuildFile; fileRef = B902424CA13949B8970A308A /* ElectrodeBridgeProtocols.h */; settings = {ATTRIBUTES = (Public, ); }; };
		EA48B5F8822C4AEE84A9188F /* ElectrodeBridgeRequest.h in Headers */ = {isa = PBXBuildFile; fileRef = ADF2EA354069492596FE40B7 /* ElectrodeBridgeRequest.h */; settings = {ATTRIBUTES = (Public, ); }; };
		2221F6CE9F80483BBAAA10B2 /* ElectrodeBridgeTransaction.h in Headers */ = {isa = PBXBuildFile; fileRef = 7D300C800DE045CEB26E672E /* ElectrodeBridgeTransaction.h */; };
		F01F865616624D6593E6D1BF /* ElectrodeBridgeTransceiver.h in Headers */ = {isa = PBXBuildFile; fileRef = 54B42BC082AD4F44A8C2AEB3 /* ElectrodeBridgeTransceiver.h */; };
		989AC39C5CDB417880568798 /* ElectrodeBridgeTransceiver_Internal.h in Headers */ = {isa = PBXBuildFile; fileRef = A7FD7E6084B04675B6E19CEA /* ElectrodeBridgeTransceiver_Internal.h */; };
		ED2B763E75AE47C1A0EB0DDE /* ElectrodeEventDispatcher.h in Headers */ = {isa = PBXBuildFile; fileRef = FD62B59AE1444F248F2FF730 /* ElectrodeEventDispatcher.h */; };
		2354B4EF1DFD41D9911E5830 /* ElectrodeEventRegistrar.h in Headers */ = {isa = PBXBuildFile; fileRef = B5D53123F61B4BD5AC075AE2 /* ElectrodeEventRegistrar.h */; };
		3ADF5F6789D84677BE6067E7 /* ElectrodeRequestDispatcher.h in Headers */ = {isa = PBXBuildFile; fileRef = 15017D470A414C41990451C5 /* ElectrodeRequestDispatcher.h */; };
		496E7705CB8A45B8832B4068 /* ElectrodeRequestRegistrar.h in Headers */ = {isa = PBXBuildFile; fileRef = 65609CCFC2984A86A32C4686 /* ElectrodeRequestRegistrar.h */; };
		BF75F884C9F7417A819C5368 /* ElectrodeReactNativeBridge.h in Headers */ = {isa = PBXBuildFile; fileRef = 4039CCF2B9FB4510BF8B4775 /* ElectrodeReactNativeBridge.h */; };
		CF0A1F1AFEF74103BABFCF3A /* ElectrodeBridgeResponse.h in Headers */ = {isa = PBXBuildFile; fileRef = 1B8C537BD97F40BA89BE8394 /* ElectrodeBridgeResponse.h */; };
		5976486E0D5F469399A82683 /* ElectrodeLogger.h in Headers */ = {isa = PBXBuildFile; fileRef = C7485375261943E9A8C94C5B /* ElectrodeLogger.h */; settings = {ATTRIBUTES = (Public, ); }; };
		6BB2C6216A0B4DD3AAF30B14 /* BirthYear.swift in Sources */ = {isa = PBXBuildFile; fileRef = 2ADF3F73D90A48C7A965A1E2 /* BirthYear.swift */; };
		4B037CE280684C7EBED6C5CA /* Movie.swift in Sources */ = {isa = PBXBuildFile; fileRef = A8568535B3F34B21B4104926 /* Movie.swift */; };
		D8E501C3F7D64392A2CFECB0 /* MoviesAPI.swift in Sources */ = {isa = PBXBuildFile; fileRef = 725B45362BA44332B7CB273B /* MoviesAPI.swift */; };
		8C8561F00EE94240A357A8F0 /* MoviesRequests.swift in Sources */ = {isa = PBXBuildFile; fileRef = 139196DB44F24B4EA420E5E5 /* MoviesRequests.swift */; };
		0818972E45D94CA08BFDCE18 /* Person.swift in Sources */ = {isa = PBXBuildFile; fileRef = E9C9FB8B4A9241BAAA0E14A9 /* Person.swift */; };
		E11B4661385F4A49B8F3ED09 /* Synopsis.swift in Sources */ = {isa = PBXBuildFile; fileRef = 83862206AA524CD0A8A14F62 /* Synopsis.swift */; };
		67B2EC1851994A30989A06B6 /* MoviesApiController.swift in Sources */ = {isa = PBXBuildFile; fileRef = 16C8B02A50C14797833C5E0E /* MoviesApiController.swift */; };
		65091C2FAE9848A5BA346CBD /* MoviesApiRequestHandlerDelegate.swift in Sources */ = {isa = PBXBuildFile; fileRef = B539881D9106496FA8A4AB7A /* MoviesApiRequestHandlerDelegate.swift */; };
		97930824CA2C4DB2949E4BD9 /* MoviesApiRequestHandlerProvider.swift in Sources */ = {isa = PBXBuildFile; fileRef = A48056C55E054D5AAEF48880 /* MoviesApiRequestHandlerProvider.swift */; };
		5185293BDF5A4F8CB01D84D2 /* RequestHandlerConfig.swift in Sources */ = {isa = PBXBuildFile; fileRef = DAC3F4ED50AB43BE9B7C6896 /* RequestHandlerConfig.swift */; };
		F43FA3CA326643F8858AA750 /* RequestHandlerProvider.swift in Sources */ = {isa = PBXBuildFile; fileRef = 24F48115E0F644C9B910D594 /* RequestHandlerProvider.swift */; };
		5DC7930931DC4F83AB351DFA /* NavigateData.swift in Sources */ = {isa = PBXBuildFile; fileRef = A439964566824FF28CD50126 /* NavigateData.swift */; };
		8D4675EDCD214FFBB54A621F /* NavigationAPI.swift in Sources */ = {isa = PBXBuildFile; fileRef = 112B754C38ED4BB1B4E13788 /* NavigationAPI.swift */; };
		F432DE1781F540EAA24D1B0D /* NavigationRequests.swift in Sources */ = {isa = PBXBuildFile; fileRef = 0B99308F85DE43F9B528C131 /* NavigationRequests.swift */; };
		9AC1DD541C4D449DA180E156 /* PetApiController.swift in Sources */ = {isa = PBXBuildFile; fileRef = EB0829A288994D51B1762338 /* PetApiController.swift */; };
		E53C97739A4F4A78A75A88A4 /* PetApiRequestHandlerDelegate.swift in Sources */ = {isa = PBXBuildFile; fileRef = A90A562FE78945B39D6FC089 /* PetApiRequestHandlerDelegate.swift */; };
		BF22D0FA1F40409B9D221E9A /* PetApiRequestHandlerProvider.swift in Sources */ = {isa = PBXBuildFile; fileRef = 7BE2AD4B724C4AE792371DBD /* PetApiRequestHandlerProvider.swift */; };
		42C3E2F5063F47D2B265DC05 /* StoreApiController.swift in Sources */ = {isa = PBXBuildFile; fileRef = 80FF0239258140F4A9CE63BF /* StoreApiController.swift */; };
		AEE5E023E6AD428EBBEE7502 /* StoreApiRequestHandlerDelegate.swift in Sources */ = {isa = PBXBuildFile; fileRef = 1DDAE4787994476782E236D9 /* StoreApiRequestHandlerDelegate.swift */; };
		0116FCC34403432891FDA2D3 /* StoreApiRequestHandlerProvider.swift in Sources */ = {isa = PBXBuildFile; fileRef = 367885C11DDE43969611A66D /* StoreApiRequestHandlerProvider.swift */; };
		323D0E809E29470F87AC3230 /* UserApiController.swift in Sources */ = {isa = PBXBuildFile; fileRef = E4E32AE93FF042C2AAB97C2A /* UserApiController.swift */; };
		33E84D2C72C74221A34D1BA1 /* UserApiRequestHandlerDelegate.swift in Sources */ = {isa = PBXBuildFile; fileRef = 23ACE82B5CE74A45B87E2D70 /* UserApiRequestHandlerDelegate.swift */; };
		3E0D65B9289146C286A7A601 /* UserApiRequestHandlerProvider.swift in Sources */ = {isa = PBXBuildFile; fileRef = 0959FC154C854D28AABB6321 /* UserApiRequestHandlerProvider.swift */; };
/* End PBXBuildFile section */

/* Begin PBXContainerItemProxy section */
		485009EE1E2FF23C009B6610 /* PBXContainerItemProxy */ = {
			isa = PBXContainerItemProxy;
			containerPortal = 485009DA1E2FF23B009B6610 /* Project object */;
			proxyType = 1;
			remoteGlobalIDString = 485009E21E2FF23B009B6610;
			remoteInfo = ElectrodeContainer;
		};
		D56CA125E86B45E3A9D6A0AC /* PBXContainerItemProxy */ = {
			isa = PBXContainerItemProxy;
			containerPortal = E584C971015449F49678A573 /* React.xcodeproj */;
			proxyType = 1;
			remoteGlobalIDString = 75CCC0D601D14EF495A8B815;
			remoteInfo = React;
		};
		3D176083ABE340808108B3B3 /* PBXContainerItemProxy */ = {
			isa = PBXContainerItemProxy;
			containerPortal = E584C971015449F49678A573 /* React.xcodeproj */;
			proxyType = 2;
			remoteGlobalIDString = 83CBBA2E1A601D0E00E9B192;
			remoteInfo = React;
		};
		E192CB871BAA4A10B1FB6099 /* PBXContainerItemProxy */ = {
			isa = PBXContainerItemProxy;
			containerPortal = B050CA18136A4FB0A43E2C41 /* RCTActionSheet.xcodeproj */;
			proxyType = 1;
			remoteGlobalIDString = 3C678816F4CF4863B2A24E26;
			remoteInfo = RCTActionSheet;
		};
		2A4AE114452F4DD883925B11 /* PBXContainerItemProxy */ = {
			isa = PBXContainerItemProxy;
			containerPortal = B050CA18136A4FB0A43E2C41 /* RCTActionSheet.xcodeproj */;
			proxyType = 2;
			remoteGlobalIDString = 134814201AA4EA6300B7C361;
			remoteInfo = RCTActionSheet;
		};
		C7207D4434654031947539F0 /* PBXContainerItemProxy */ = {
			isa = PBXContainerItemProxy;
			containerPortal = 68984F23097E46C490E9EAB3 /* RCTImage.xcodeproj */;
			proxyType = 1;
			remoteGlobalIDString = 970BAFFADB064C41967A4273;
			remoteInfo = RCTImage;
		};
		A0A8866447534E5E925E8F56 /* PBXContainerItemProxy */ = {
			isa = PBXContainerItemProxy;
			containerPortal = 68984F23097E46C490E9EAB3 /* RCTImage.xcodeproj */;
			proxyType = 2;
			remoteGlobalIDString = 58B5115D1A9E6B3D00147676;
			remoteInfo = RCTImage;
		};
		FCFA8F2C997641B08B06305C /* PBXContainerItemProxy */ = {
			isa = PBXContainerItemProxy;
			containerPortal = A29391CADCCC46ABBE8B105F /* RCTAnimation.xcodeproj */;
			proxyType = 1;
			remoteGlobalIDString = 5F0A508ECAA940219BDD502B;
			remoteInfo = RCTAnimation;
		};
		6AD8643F8E724E1283440FB0 /* PBXContainerItemProxy */ = {
			isa = PBXContainerItemProxy;
			containerPortal = A29391CADCCC46ABBE8B105F /* RCTAnimation.xcodeproj */;
			proxyType = 2;
			remoteGlobalIDString = 134814201AA4EA6300B7C361;
			remoteInfo = RCTAnimation;
		};
		63CAC72DEB484130A1182751 /* PBXContainerItemProxy */ = {
			isa = PBXContainerItemProxy;
			containerPortal = A249DD7349E647DD86FF0BE7 /* RCTText.xcodeproj */;
			proxyType = 1;
			remoteGlobalIDString = 1CC5EA4188554A6B8F4B98CC;
			remoteInfo = RCTText;
		};
		5B047E56DD0C4903BF4516D9 /* PBXContainerItemProxy */ = {
			isa = PBXContainerItemProxy;
			containerPortal = A249DD7349E647DD86FF0BE7 /* RCTText.xcodeproj */;
			proxyType = 2;
			remoteGlobalIDString = 58B5119B1A9E6C1200147676;
			remoteInfo = RCTText;
		};
		61B1BF1A02144353A8C6D9ED /* PBXContainerItemProxy */ = {
			isa = PBXContainerItemProxy;
			containerPortal = 8D9D4D7F72A144739B7A8948 /* RCTWebSocket.xcodeproj */;
			proxyType = 1;
			remoteGlobalIDString = 2DBD5B68A9634D4EB8017D7C;
			remoteInfo = RCTWebSocket;
		};
		A785DB13873E4845B0443D0B /* PBXContainerItemProxy */ = {
			isa = PBXContainerItemProxy;
			containerPortal = 8D9D4D7F72A144739B7A8948 /* RCTWebSocket.xcodeproj */;
			proxyType = 2;
			remoteGlobalIDString = 3C86DF461ADF2C930047B81A;
			remoteInfo = RCTWebSocket;
		};
		8E05E1DC1CA947FDAE87085D /* PBXContainerItemProxy */ = {
			isa = PBXContainerItemProxy;
			containerPortal = 3203FFF558D74396926C7C98 /* RCTGeolocation.xcodeproj */;
			proxyType = 1;
			remoteGlobalIDString = 991D14A39FD043E6B6167848;
			remoteInfo = RCTGeolocation;
		};
		928D0F4126EC4669B184BBF3 /* PBXContainerItemProxy */ = {
			isa = PBXContainerItemProxy;
			containerPortal = 3203FFF558D74396926C7C98 /* RCTGeolocation.xcodeproj */;
			proxyType = 2;
			remoteGlobalIDString = 134814201AA4EA6300B7C361;
			remoteInfo = RCTGeolocation;
		};
		35E285BE319C49CD8A79C2B0 /* PBXContainerItemProxy */ = {
			isa = PBXContainerItemProxy;
			containerPortal = 0E5F8D08F97F4A70B7A38730 /* RCTLinking.xcodeproj */;
			proxyType = 1;
			remoteGlobalIDString = 1AA54868C8BF40B885F7ED4C;
			remoteInfo = RCTLinking;
		};
		E3D4AA9C956E4FBBB5B8E720 /* PBXContainerItemProxy */ = {
			isa = PBXContainerItemProxy;
			containerPortal = 0E5F8D08F97F4A70B7A38730 /* RCTLinking.xcodeproj */;
			proxyType = 2;
			remoteGlobalIDString = 134814201AA4EA6300B7C361;
			remoteInfo = RCTLinking;
		};
		9128EBD99D424A67B0864A64 /* PBXContainerItemProxy */ = {
			isa = PBXContainerItemProxy;
			containerPortal = 83D84CE4819A4BD2A677F0A0 /* RCTNetwork.xcodeproj */;
			proxyType = 1;
			remoteGlobalIDString = 3A94F4F015094EF1987F05B2;
			remoteInfo = RCTNetwork;
		};
		4B67292C390448A390DE9E60 /* PBXContainerItemProxy */ = {
			isa = PBXContainerItemProxy;
			containerPortal = 83D84CE4819A4BD2A677F0A0 /* RCTNetwork.xcodeproj */;
			proxyType = 2;
			remoteGlobalIDString = 58B511DB1A9E6C8500147676;
			remoteInfo = RCTNetwork;
		};
		D452F905C5A24CB6AEA951C3 /* PBXContainerItemProxy */ = {
			isa = PBXContainerItemProxy;
			containerPortal = 212413A047474BB0A5CAF733 /* RCTSettings.xcodeproj */;
			proxyType = 1;
			remoteGlobalIDString = C05E40A2F46E44FC82CE15DF;
			remoteInfo = RCTSettings;
		};
		86EA5F1071C247BD97B750DA /* PBXContainerItemProxy */ = {
			isa = PBXContainerItemProxy;
			containerPortal = 212413A047474BB0A5CAF733 /* RCTSettings.xcodeproj */;
			proxyType = 2;
			remoteGlobalIDString = 134814201AA4EA6300B7C361;
			remoteInfo = RCTSettings;
		};
		6625CA70C51F495CA59EE153 /* PBXContainerItemProxy */ = {
			isa = PBXContainerItemProxy;
			containerPortal = 6601F7CF820147718F85679E /* RCTVibration.xcodeproj */;
			proxyType = 1;
			remoteGlobalIDString = B3275C41D2474812B200C328;
			remoteInfo = RCTVibration;
		};
		7E24F63B207D4518B641ED72 /* PBXContainerItemProxy */ = {
			isa = PBXContainerItemProxy;
			containerPortal = 6601F7CF820147718F85679E /* RCTVibration.xcodeproj */;
			proxyType = 2;
			remoteGlobalIDString = 832C81801AAF6DEF007FA2F7;
			remoteInfo = RCTVibration;
		};
		24276647A60B4135A78D0A5E /* PBXContainerItemProxy */ = {
			isa = PBXContainerItemProxy;
			containerPortal = 9C830AEFD38E4FDA94236980 /* RCTCameraRoll.xcodeproj */;
			proxyType = 1;
			remoteGlobalIDString = 7C98A481879D4872B383EB39;
			remoteInfo = RCTCameraRoll;
		};
		D90FB162EBE34FE295315883 /* PBXContainerItemProxy */ = {
			isa = PBXContainerItemProxy;
			containerPortal = 9C830AEFD38E4FDA94236980 /* RCTCameraRoll.xcodeproj */;
			proxyType = 2;
			remoteGlobalIDString = 58B5115D1A9E6B3D00147676;
			remoteInfo = RCTCameraRoll;
		};
/* End PBXContainerItemProxy section */

/* Begin PBXFileReference section */
		223A89451E89CDC70092741E /* MiniApp.jsbundle */ = {isa = PBXFileReference; fileEncoding = 4; lastKnownFileType = text; path = MiniApp.jsbundle; sourceTree = "<group>"; };
		2265A4A11EB26943007D6C3D /* Info.plist */ = {isa = PBXFileReference; fileEncoding = 4; lastKnownFileType = text.plist.xml; path = Info.plist; sourceTree = "<group>"; };
		22BF1FEA1E8DAAF800E7F500 /* assets */ = {isa = PBXFileReference; lastKnownFileType = folder; path = assets; sourceTree = "<group>"; };
		301CB9001F33F3450048C58B /* NSBundle+frameworkBundle.m */ = {isa = PBXFileReference; fileEncoding = 4; lastKnownFileType = sourcecode.c.objc; path = "NSBundle+frameworkBundle.m"; sourceTree = "<group>"; };
		301CB9011F33F3450048C58B /* NSBundle+frameworkBundle.h */ = {isa = PBXFileReference; fileEncoding = 4; lastKnownFileType = sourcecode.c.h; path = "NSBundle+frameworkBundle.h"; sourceTree = "<group>"; };
		30F8CDED1E67946E00413247 /* ElectrodeReactNative_Internal.h */ = {isa = PBXFileReference; fileEncoding = 4; lastKnownFileType = sourcecode.c.h; path = ElectrodeReactNative_Internal.h; sourceTree = "<group>"; };
		485009E31E2FF23B009B6610 /* ElectrodeContainer.framework */ = {isa = PBXFileReference; explicitFileType = wrapper.framework; includeInIndex = 0; path = ElectrodeContainer.framework; sourceTree = BUILT_PRODUCTS_DIR; };
		485009E61E2FF23B009B6610 /* ElectrodeContainer.h */ = {isa = PBXFileReference; lastKnownFileType = sourcecode.c.h; path = ElectrodeContainer.h; sourceTree = "<group>"; };
		485009EC1E2FF23C009B6610 /* ElectrodeContainerTests.xctest */ = {isa = PBXFileReference; explicitFileType = wrapper.cfbundle; includeInIndex = 0; path = ElectrodeContainerTests.xctest; sourceTree = BUILT_PRODUCTS_DIR; };
		485009F31E2FF23C009B6610 /* Info.plist */ = {isa = PBXFileReference; lastKnownFileType = text.plist.xml; path = Info.plist; sourceTree = "<group>"; };
		48500A961E2FF55B009B6610 /* ElectrodeReactNative.h */ = {isa = PBXFileReference; fileEncoding = 4; lastKnownFileType = sourcecode.c.h; path = ElectrodeReactNative.h; sourceTree = "<group>"; };
		48500A971E2FF55B009B6610 /* ElectrodeReactNative.m */ = {isa = PBXFileReference; fileEncoding = 4; lastKnownFileType = sourcecode.c.objc; path = ElectrodeReactNative.m; sourceTree = "<group>"; wrapsLines = 0; };
		968333D51E54E3470031C565 /* ElectrodeBridgeDelegate.h */ = {isa = PBXFileReference; fileEncoding = 4; lastKnownFileType = sourcecode.c.h; path = ElectrodeBridgeDelegate.h; sourceTree = "<group>"; };
		968333D61E54E3470031C565 /* ElectrodeBridgeDelegate.m */ = {isa = PBXFileReference; fileEncoding = 4; lastKnownFileType = sourcecode.c.objc; path = ElectrodeBridgeDelegate.m; sourceTree = "<group>"; };
		E584C971015449F49678A573 /* React.xcodeproj */ = {isa = PBXFileReference; name = "React.xcodeproj"; path = "ReactNative/React/React.xcodeproj"; sourceTree = "<group>"; fileEncoding = undefined; lastKnownFileType = wrapper.pb-project; explicitFileType = undefined; includeInIndex = 0; };
		34F5AF77B3774C24852330FF /* libReact.a */ = {isa = PBXFileReference; name = "libReact.a"; path = "libReact.a"; sourceTree = "<group>"; fileEncoding = undefined; lastKnownFileType = archive.ar; explicitFileType = undefined; includeInIndex = 0; };
		B050CA18136A4FB0A43E2C41 /* RCTActionSheet.xcodeproj */ = {isa = PBXFileReference; name = "RCTActionSheet.xcodeproj"; path = "ReactNative/ActionSheetIOS/RCTActionSheet.xcodeproj"; sourceTree = "<group>"; fileEncoding = undefined; lastKnownFileType = wrapper.pb-project; explicitFileType = undefined; includeInIndex = 0; };
		556F4CF649FC42D3ADCC1EDE /* libRCTActionSheet.a */ = {isa = PBXFileReference; name = "libRCTActionSheet.a"; path = "libRCTActionSheet.a"; sourceTree = "<group>"; fileEncoding = undefined; lastKnownFileType = archive.ar; explicitFileType = undefined; includeInIndex = 0; };
		68984F23097E46C490E9EAB3 /* RCTImage.xcodeproj */ = {isa = PBXFileReference; name = "RCTImage.xcodeproj"; path = "ReactNative/Image/RCTImage.xcodeproj"; sourceTree = "<group>"; fileEncoding = undefined; lastKnownFileType = wrapper.pb-project; explicitFileType = undefined; includeInIndex = 0; };
		7C31F06E197B4AE08BAE197E /* libRCTImage.a */ = {isa = PBXFileReference; name = "libRCTImage.a"; path = "libRCTImage.a"; sourceTree = "<group>"; fileEncoding = undefined; lastKnownFileType = archive.ar; explicitFileType = undefined; includeInIndex = 0; };
		A29391CADCCC46ABBE8B105F /* RCTAnimation.xcodeproj */ = {isa = PBXFileReference; name = "RCTAnimation.xcodeproj"; path = "ReactNative/NativeAnimation/RCTAnimation.xcodeproj"; sourceTree = "<group>"; fileEncoding = undefined; lastKnownFileType = wrapper.pb-project; explicitFileType = undefined; includeInIndex = 0; };
		41C1EBDF2FC3486F9DFB52B2 /* libRCTAnimation.a */ = {isa = PBXFileReference; name = "libRCTAnimation.a"; path = "libRCTAnimation.a"; sourceTree = "<group>"; fileEncoding = undefined; lastKnownFileType = archive.ar; explicitFileType = undefined; includeInIndex = 0; };
		A249DD7349E647DD86FF0BE7 /* RCTText.xcodeproj */ = {isa = PBXFileReference; name = "RCTText.xcodeproj"; path = "ReactNative/Text/RCTText.xcodeproj"; sourceTree = "<group>"; fileEncoding = undefined; lastKnownFileType = wrapper.pb-project; explicitFileType = undefined; includeInIndex = 0; };
		98D3DD01F2C04FE6980E160E /* libRCTText.a */ = {isa = PBXFileReference; name = "libRCTText.a"; path = "libRCTText.a"; sourceTree = "<group>"; fileEncoding = undefined; lastKnownFileType = archive.ar; explicitFileType = undefined; includeInIndex = 0; };
		8D9D4D7F72A144739B7A8948 /* RCTWebSocket.xcodeproj */ = {isa = PBXFileReference; name = "RCTWebSocket.xcodeproj"; path = "ReactNative/WebSocket/RCTWebSocket.xcodeproj"; sourceTree = "<group>"; fileEncoding = undefined; lastKnownFileType = wrapper.pb-project; explicitFileType = undefined; includeInIndex = 0; };
		8DCF32E3DCF547F19164ABA8 /* libRCTWebSocket.a */ = {isa = PBXFileReference; name = "libRCTWebSocket.a"; path = "libRCTWebSocket.a"; sourceTree = "<group>"; fileEncoding = undefined; lastKnownFileType = archive.ar; explicitFileType = undefined; includeInIndex = 0; };
		3203FFF558D74396926C7C98 /* RCTGeolocation.xcodeproj */ = {isa = PBXFileReference; name = "RCTGeolocation.xcodeproj"; path = "ReactNative/Geolocation/RCTGeolocation.xcodeproj"; sourceTree = "<group>"; fileEncoding = undefined; lastKnownFileType = wrapper.pb-project; explicitFileType = undefined; includeInIndex = 0; };
		BE9EC7410E8147F99F3C47DF /* libRCTGeolocation.a */ = {isa = PBXFileReference; name = "libRCTGeolocation.a"; path = "libRCTGeolocation.a"; sourceTree = "<group>"; fileEncoding = undefined; lastKnownFileType = archive.ar; explicitFileType = undefined; includeInIndex = 0; };
		0E5F8D08F97F4A70B7A38730 /* RCTLinking.xcodeproj */ = {isa = PBXFileReference; name = "RCTLinking.xcodeproj"; path = "ReactNative/LinkingIOS/RCTLinking.xcodeproj"; sourceTree = "<group>"; fileEncoding = undefined; lastKnownFileType = wrapper.pb-project; explicitFileType = undefined; includeInIndex = 0; };
		743FACCF3F6F485CA29D7CDE /* libRCTLinking.a */ = {isa = PBXFileReference; name = "libRCTLinking.a"; path = "libRCTLinking.a"; sourceTree = "<group>"; fileEncoding = undefined; lastKnownFileType = archive.ar; explicitFileType = undefined; includeInIndex = 0; };
		83D84CE4819A4BD2A677F0A0 /* RCTNetwork.xcodeproj */ = {isa = PBXFileReference; name = "RCTNetwork.xcodeproj"; path = "ReactNative/Network/RCTNetwork.xcodeproj"; sourceTree = "<group>"; fileEncoding = undefined; lastKnownFileType = wrapper.pb-project; explicitFileType = undefined; includeInIndex = 0; };
		BE12C06E210A4DBD9B0F58B1 /* libRCTNetwork.a */ = {isa = PBXFileReference; name = "libRCTNetwork.a"; path = "libRCTNetwork.a"; sourceTree = "<group>"; fileEncoding = undefined; lastKnownFileType = archive.ar; explicitFileType = undefined; includeInIndex = 0; };
		212413A047474BB0A5CAF733 /* RCTSettings.xcodeproj */ = {isa = PBXFileReference; name = "RCTSettings.xcodeproj"; path = "ReactNative/Settings/RCTSettings.xcodeproj"; sourceTree = "<group>"; fileEncoding = undefined; lastKnownFileType = wrapper.pb-project; explicitFileType = undefined; includeInIndex = 0; };
		3B43437BCB8D4F88B70241EE /* libRCTSettings.a */ = {isa = PBXFileReference; name = "libRCTSettings.a"; path = "libRCTSettings.a"; sourceTree = "<group>"; fileEncoding = undefined; lastKnownFileType = archive.ar; explicitFileType = undefined; includeInIndex = 0; };
		6601F7CF820147718F85679E /* RCTVibration.xcodeproj */ = {isa = PBXFileReference; name = "RCTVibration.xcodeproj"; path = "ReactNative/Vibration/RCTVibration.xcodeproj"; sourceTree = "<group>"; fileEncoding = undefined; lastKnownFileType = wrapper.pb-project; explicitFileType = undefined; includeInIndex = 0; };
		640EA9A1A5494A509EA8E67C /* libRCTVibration.a */ = {isa = PBXFileReference; name = "libRCTVibration.a"; path = "libRCTVibration.a"; sourceTree = "<group>"; fileEncoding = undefined; lastKnownFileType = archive.ar; explicitFileType = undefined; includeInIndex = 0; };
		9C830AEFD38E4FDA94236980 /* RCTCameraRoll.xcodeproj */ = {isa = PBXFileReference; name = "RCTCameraRoll.xcodeproj"; path = "ReactNative/CameraRoll/RCTCameraRoll.xcodeproj"; sourceTree = "<group>"; fileEncoding = undefined; lastKnownFileType = wrapper.pb-project; explicitFileType = undefined; includeInIndex = 0; };
		5C40EA2786114E2CA2A03363 /* libRCTCameraRoll.a */ = {isa = PBXFileReference; name = "libRCTCameraRoll.a"; path = "libRCTCameraRoll.a"; sourceTree = "<group>"; fileEncoding = undefined; lastKnownFileType = archive.ar; explicitFileType = undefined; includeInIndex = 0; };
		626E40C8B5494B8189303990 /* ElectrodeObject.swift */ = {isa = PBXFileReference; name = "ElectrodeObject.swift"; path = "ElectrodeReactNativeBridge/ElectrodeObject.swift"; sourceTree = "<group>"; fileEncoding = 4; lastKnownFileType = sourcecode.swift; explicitFileType = undefined; includeInIndex = 0; };
		781EFD14832942929E8B7C7F /* Bridgeable.swift */ = {isa = PBXFileReference; name = "Bridgeable.swift"; path = "ElectrodeReactNativeBridge/Bridgeable.swift"; sourceTree = "<group>"; fileEncoding = 4; lastKnownFileType = sourcecode.swift; explicitFileType = undefined; includeInIndex = 0; };
		4A40C5985B844BA3895B1BF8 /* ElectrodeRequestHandlerProcessor.swift */ = {isa = PBXFileReference; name = "ElectrodeRequestHandlerProcessor.swift"; path = "ElectrodeReactNativeBridge/ElectrodeRequestHandlerProcessor.swift"; sourceTree = "<group>"; fileEncoding = 4; lastKnownFileType = sourcecode.swift; explicitFileType = undefined; includeInIndex = 0; };
		77044380C3474C47BC056E88 /* ElectrodeRequestProcessor.swift */ = {isa = PBXFileReference; name = "ElectrodeRequestProcessor.swift"; path = "ElectrodeReactNativeBridge/ElectrodeRequestProcessor.swift"; sourceTree = "<group>"; fileEncoding = 4; lastKnownFileType = sourcecode.swift; explicitFileType = undefined; includeInIndex = 0; };
		9BF2053E02E9451F9C872EFF /* ElectrodeUtilities.swift */ = {isa = PBXFileReference; name = "ElectrodeUtilities.swift"; path = "ElectrodeReactNativeBridge/ElectrodeUtilities.swift"; sourceTree = "<group>"; fileEncoding = 4; lastKnownFileType = sourcecode.swift; explicitFileType = undefined; includeInIndex = 0; };
		FE361A2E8B544931B934E541 /* EventListenerProcessor.swift */ = {isa = PBXFileReference; name = "EventListenerProcessor.swift"; path = "ElectrodeReactNativeBridge/EventListenerProcessor.swift"; sourceTree = "<group>"; fileEncoding = 4; lastKnownFileType = sourcecode.swift; explicitFileType = undefined; includeInIndex = 0; };
		DBDD8CE40BEC4693AFE5CD25 /* EventProcessor.swift */ = {isa = PBXFileReference; name = "EventProcessor.swift"; path = "ElectrodeReactNativeBridge/EventProcessor.swift"; sourceTree = "<group>"; fileEncoding = 4; lastKnownFileType = sourcecode.swift; explicitFileType = undefined; includeInIndex = 0; };
		C1C36A74DB3C4C48992C7CD6 /* Processor.swift */ = {isa = PBXFileReference; name = "Processor.swift"; path = "ElectrodeReactNativeBridge/Processor.swift"; sourceTree = "<group>"; fileEncoding = 4; lastKnownFileType = sourcecode.swift; explicitFileType = undefined; includeInIndex = 0; };
		C2B59B87DCDD48DF90DF74FB /* None.swift */ = {isa = PBXFileReference; name = "None.swift"; path = "ElectrodeReactNativeBridge/None.swift"; sourceTree = "<group>"; fileEncoding = 4; lastKnownFileType = sourcecode.swift; explicitFileType = undefined; includeInIndex = 0; };
		1D5EE6614087495182C74A4B /* ElectrodeBridgeEvent.m */ = {isa = PBXFileReference; name = "ElectrodeBridgeEvent.m"; path = "ElectrodeReactNativeBridge/ElectrodeBridgeEvent.m"; sourceTree = "<group>"; fileEncoding = 4; lastKnownFileType = sourcecode.c.objc; explicitFileType = undefined; includeInIndex = 0; };
		2B85FCB0BC4547BE9E3C9B7A /* ElectrodeBridgeFailureMessage.m */ = {isa = PBXFileReference; name = "ElectrodeBridgeFailureMessage.m"; path = "ElectrodeReactNativeBridge/ElectrodeBridgeFailureMessage.m"; sourceTree = "<group>"; fileEncoding = 4; lastKnownFileType = sourcecode.c.objc; explicitFileType = undefined; includeInIndex = 0; };
		8A9F97D28C6D463A8E9F4BAF /* ElectrodeBridgeHolder.m */ = {isa = PBXFileReference; name = "ElectrodeBridgeHolder.m"; path = "ElectrodeReactNativeBridge/ElectrodeBridgeHolder.m"; sourceTree = "<group>"; fileEncoding = 4; lastKnownFileType = sourcecode.c.objc; explicitFileType = undefined; includeInIndex = 0; };
		8D039B07BFD34B768189E98A /* ElectrodeBridgeMessage.m */ = {isa = PBXFileReference; name = "ElectrodeBridgeMessage.m"; path = "ElectrodeReactNativeBridge/ElectrodeBridgeMessage.m"; sourceTree = "<group>"; fileEncoding = 4; lastKnownFileType = sourcecode.c.objc; explicitFileType = undefined; includeInIndex = 0; };
		ACD0B5E67C954954A2AD6F57 /* ElectrodeBridgeProtocols.m */ = {isa = PBXFileReference; name = "ElectrodeBridgeProtocols.m"; path = "ElectrodeReactNativeBridge/ElectrodeBridgeProtocols.m"; sourceTree = "<group>"; fileEncoding = 4; lastKnownFileType = sourcecode.c.objc; explicitFileType = undefined; includeInIndex = 0; };
		02BC56E4D19C47B79496942A /* ElectrodeBridgeRequest.m */ = {isa = PBXFileReference; name = "ElectrodeBridgeRequest.m"; path = "ElectrodeReactNativeBridge/ElectrodeBridgeRequest.m"; sourceTree = "<group>"; fileEncoding = 4; lastKnownFileType = sourcecode.c.objc; explicitFileType = undefined; includeInIndex = 0; };
		C9C458FF4B3A44C7BDD9230F /* ElectrodeBridgeResponse.m */ = {isa = PBXFileReference; name = "ElectrodeBridgeResponse.m"; path = "ElectrodeReactNativeBridge/ElectrodeBridgeResponse.m"; sourceTree = "<group>"; fileEncoding = 4; lastKnownFileType = sourcecode.c.objc; explicitFileType = undefined; includeInIndex = 0; };
		8890B3DB7BE14453B7BD750F /* ElectrodeBridgeTransaction.m */ = {isa = PBXFileReference; name = "ElectrodeBridgeTransaction.m"; path = "ElectrodeReactNativeBridge/ElectrodeBridgeTransaction.m"; sourceTree = "<group>"; fileEncoding = 4; lastKnownFileType = sourcecode.c.objc; explicitFileType = undefined; includeInIndex = 0; };
		8286311497BB491DAA6982E7 /* ElectrodeBridgeTransceiver.m */ = {isa = PBXFileReference; name = "ElectrodeBridgeTransceiver.m"; path = "ElectrodeReactNativeBridge/ElectrodeBridgeTransceiver.m"; sourceTree = "<group>"; fileEncoding = 4; lastKnownFileType = sourcecode.c.objc; explicitFileType = undefined; includeInIndex = 0; };
		E903FA577B114F44B141D4FB /* ElectrodeEventDispatcher.m */ = {isa = PBXFileReference; name = "ElectrodeEventDispatcher.m"; path = "ElectrodeReactNativeBridge/ElectrodeEventDispatcher.m"; sourceTree = "<group>"; fileEncoding = 4; lastKnownFileType = sourcecode.c.objc; explicitFileType = undefined; includeInIndex = 0; };
		54687E618E864E6482398D9C /* ElectrodeEventRegistrar.m */ = {isa = PBXFileReference; name = "ElectrodeEventRegistrar.m"; path = "ElectrodeReactNativeBridge/ElectrodeEventRegistrar.m"; sourceTree = "<group>"; fileEncoding = 4; lastKnownFileType = sourcecode.c.objc; explicitFileType = undefined; includeInIndex = 0; };
		27521379554A41E681E85FC6 /* ElectrodeRequestDispatcher.m */ = {isa = PBXFileReference; name = "ElectrodeRequestDispatcher.m"; path = "ElectrodeReactNativeBridge/ElectrodeRequestDispatcher.m"; sourceTree = "<group>"; fileEncoding = 4; lastKnownFileType = sourcecode.c.objc; explicitFileType = undefined; includeInIndex = 0; };
		43B8FE6ACB694E79B664B1E6 /* ElectrodeRequestRegistrar.m */ = {isa = PBXFileReference; name = "ElectrodeRequestRegistrar.m"; path = "ElectrodeReactNativeBridge/ElectrodeRequestRegistrar.m"; sourceTree = "<group>"; fileEncoding = 4; lastKnownFileType = sourcecode.c.objc; explicitFileType = undefined; includeInIndex = 0; };
		094C38C3D1F34182803558CF /* ElectrodeLogger.m */ = {isa = PBXFileReference; name = "ElectrodeLogger.m"; path = "ElectrodeReactNativeBridge/ElectrodeLogger.m"; sourceTree = "<group>"; fileEncoding = 4; lastKnownFileType = sourcecode.c.objc; explicitFileType = undefined; includeInIndex = 0; };
		B436DE5750394D16A4023312 /* ElectrodeBridgeEvent.h */ = {isa = PBXFileReference; name = "ElectrodeBridgeEvent.h"; path = "ElectrodeReactNativeBridge/ElectrodeBridgeEvent.h"; sourceTree = "<group>"; fileEncoding = 4; lastKnownFileType = sourcecode.c.h; explicitFileType = undefined; includeInIndex = 0; };
		19225C265C6C4C3B97F40ED2 /* ElectrodeBridgeFailureMessage.h */ = {isa = PBXFileReference; name = "ElectrodeBridgeFailureMessage.h"; path = "ElectrodeReactNativeBridge/ElectrodeBridgeFailureMessage.h"; sourceTree = "<group>"; fileEncoding = 4; lastKnownFileType = sourcecode.c.h; explicitFileType = undefined; includeInIndex = 0; };
		30869CCE337F4182B3D1C724 /* ElectrodeBridgeHolder.h */ = {isa = PBXFileReference; name = "ElectrodeBridgeHolder.h"; path = "ElectrodeReactNativeBridge/ElectrodeBridgeHolder.h"; sourceTree = "<group>"; fileEncoding = 4; lastKnownFileType = sourcecode.c.h; explicitFileType = undefined; includeInIndex = 0; };
		7596795694154221A78B5598 /* ElectrodeBridgeMessage.h */ = {isa = PBXFileReference; name = "ElectrodeBridgeMessage.h"; path = "ElectrodeReactNativeBridge/ElectrodeBridgeMessage.h"; sourceTree = "<group>"; fileEncoding = 4; lastKnownFileType = sourcecode.c.h; explicitFileType = undefined; includeInIndex = 0; };
		B902424CA13949B8970A308A /* ElectrodeBridgeProtocols.h */ = {isa = PBXFileReference; name = "ElectrodeBridgeProtocols.h"; path = "ElectrodeReactNativeBridge/ElectrodeBridgeProtocols.h"; sourceTree = "<group>"; fileEncoding = 4; lastKnownFileType = sourcecode.c.h; explicitFileType = undefined; includeInIndex = 0; };
		ADF2EA354069492596FE40B7 /* ElectrodeBridgeRequest.h */ = {isa = PBXFileReference; name = "ElectrodeBridgeRequest.h"; path = "ElectrodeReactNativeBridge/ElectrodeBridgeRequest.h"; sourceTree = "<group>"; fileEncoding = 4; lastKnownFileType = sourcecode.c.h; explicitFileType = undefined; includeInIndex = 0; };
		7D300C800DE045CEB26E672E /* ElectrodeBridgeTransaction.h */ = {isa = PBXFileReference; name = "ElectrodeBridgeTransaction.h"; path = "ElectrodeReactNativeBridge/ElectrodeBridgeTransaction.h"; sourceTree = "<group>"; fileEncoding = 4; lastKnownFileType = sourcecode.c.h; explicitFileType = undefined; includeInIndex = 0; };
		54B42BC082AD4F44A8C2AEB3 /* ElectrodeBridgeTransceiver.h */ = {isa = PBXFileReference; name = "ElectrodeBridgeTransceiver.h"; path = "ElectrodeReactNativeBridge/ElectrodeBridgeTransceiver.h"; sourceTree = "<group>"; fileEncoding = 4; lastKnownFileType = sourcecode.c.h; explicitFileType = undefined; includeInIndex = 0; };
		A7FD7E6084B04675B6E19CEA /* ElectrodeBridgeTransceiver_Internal.h */ = {isa = PBXFileReference; name = "ElectrodeBridgeTransceiver_Internal.h"; path = "ElectrodeReactNativeBridge/ElectrodeBridgeTransceiver_Internal.h"; sourceTree = "<group>"; fileEncoding = 4; lastKnownFileType = sourcecode.c.h; explicitFileType = undefined; includeInIndex = 0; };
		FD62B59AE1444F248F2FF730 /* ElectrodeEventDispatcher.h */ = {isa = PBXFileReference; name = "ElectrodeEventDispatcher.h"; path = "ElectrodeReactNativeBridge/ElectrodeEventDispatcher.h"; sourceTree = "<group>"; fileEncoding = 4; lastKnownFileType = sourcecode.c.h; explicitFileType = undefined; includeInIndex = 0; };
		B5D53123F61B4BD5AC075AE2 /* ElectrodeEventRegistrar.h */ = {isa = PBXFileReference; name = "ElectrodeEventRegistrar.h"; path = "ElectrodeReactNativeBridge/ElectrodeEventRegistrar.h"; sourceTree = "<group>"; fileEncoding = 4; lastKnownFileType = sourcecode.c.h; explicitFileType = undefined; includeInIndex = 0; };
		15017D470A414C41990451C5 /* ElectrodeRequestDispatcher.h */ = {isa = PBXFileReference; name = "ElectrodeRequestDispatcher.h"; path = "ElectrodeReactNativeBridge/ElectrodeRequestDispatcher.h"; sourceTree = "<group>"; fileEncoding = 4; lastKnownFileType = sourcecode.c.h; explicitFileType = undefined; includeInIndex = 0; };
		65609CCFC2984A86A32C4686 /* ElectrodeRequestRegistrar.h */ = {isa = PBXFileReference; name = "ElectrodeRequestRegistrar.h"; path = "ElectrodeReactNativeBridge/ElectrodeRequestRegistrar.h"; sourceTree = "<group>"; fileEncoding = 4; lastKnownFileType = sourcecode.c.h; explicitFileType = undefined; includeInIndex = 0; };
		4039CCF2B9FB4510BF8B4775 /* ElectrodeReactNativeBridge.h */ = {isa = PBXFileReference; name = "ElectrodeReactNativeBridge.h"; path = "ElectrodeReactNativeBridge/ElectrodeReactNativeBridge.h"; sourceTree = "<group>"; fileEncoding = 4; lastKnownFileType = sourcecode.c.h; explicitFileType = undefined; includeInIndex = 0; };
		1B8C537BD97F40BA89BE8394 /* ElectrodeBridgeResponse.h */ = {isa = PBXFileReference; name = "ElectrodeBridgeResponse.h"; path = "ElectrodeReactNativeBridge/ElectrodeBridgeResponse.h"; sourceTree = "<group>"; fileEncoding = 4; lastKnownFileType = sourcecode.c.h; explicitFileType = undefined; includeInIndex = 0; };
		C7485375261943E9A8C94C5B /* ElectrodeLogger.h */ = {isa = PBXFileReference; name = "ElectrodeLogger.h"; path = "ElectrodeReactNativeBridge/ElectrodeLogger.h"; sourceTree = "<group>"; fileEncoding = 4; lastKnownFileType = sourcecode.c.h; explicitFileType = undefined; includeInIndex = 0; };
		2ADF3F73D90A48C7A965A1E2 /* BirthYear.swift */ = {isa = PBXFileReference; name = "BirthYear.swift"; path = "APIs/BirthYear.swift"; sourceTree = "<group>"; fileEncoding = 4; lastKnownFileType = sourcecode.swift; explicitFileType = undefined; includeInIndex = 0; };
		A8568535B3F34B21B4104926 /* Movie.swift */ = {isa = PBXFileReference; name = "Movie.swift"; path = "APIs/Movie.swift"; sourceTree = "<group>"; fileEncoding = 4; lastKnownFileType = sourcecode.swift; explicitFileType = undefined; includeInIndex = 0; };
		725B45362BA44332B7CB273B /* MoviesAPI.swift */ = {isa = PBXFileReference; name = "MoviesAPI.swift"; path = "APIs/MoviesAPI.swift"; sourceTree = "<group>"; fileEncoding = 4; lastKnownFileType = sourcecode.swift; explicitFileType = undefined; includeInIndex = 0; };
		139196DB44F24B4EA420E5E5 /* MoviesRequests.swift */ = {isa = PBXFileReference; name = "MoviesRequests.swift"; path = "APIs/MoviesRequests.swift"; sourceTree = "<group>"; fileEncoding = 4; lastKnownFileType = sourcecode.swift; explicitFileType = undefined; includeInIndex = 0; };
		E9C9FB8B4A9241BAAA0E14A9 /* Person.swift */ = {isa = PBXFileReference; name = "Person.swift"; path = "APIs/Person.swift"; sourceTree = "<group>"; fileEncoding = 4; lastKnownFileType = sourcecode.swift; explicitFileType = undefined; includeInIndex = 0; };
		83862206AA524CD0A8A14F62 /* Synopsis.swift */ = {isa = PBXFileReference; name = "Synopsis.swift"; path = "APIs/Synopsis.swift"; sourceTree = "<group>"; fileEncoding = 4; lastKnownFileType = sourcecode.swift; explicitFileType = undefined; includeInIndex = 0; };
		16C8B02A50C14797833C5E0E /* MoviesApiController.swift */ = {isa = PBXFileReference; name = "MoviesApiController.swift"; path = "APIImpls/MoviesApiController.swift"; sourceTree = "<group>"; fileEncoding = 4; lastKnownFileType = sourcecode.swift; explicitFileType = undefined; includeInIndex = 0; };
		B539881D9106496FA8A4AB7A /* MoviesApiRequestHandlerDelegate.swift */ = {isa = PBXFileReference; name = "MoviesApiRequestHandlerDelegate.swift"; path = "APIImpls/MoviesApiRequestHandlerDelegate.swift"; sourceTree = "<group>"; fileEncoding = 4; lastKnownFileType = sourcecode.swift; explicitFileType = undefined; includeInIndex = 0; };
		A48056C55E054D5AAEF48880 /* MoviesApiRequestHandlerProvider.swift */ = {isa = PBXFileReference; name = "MoviesApiRequestHandlerProvider.swift"; path = "APIImpls/MoviesApiRequestHandlerProvider.swift"; sourceTree = "<group>"; fileEncoding = 4; lastKnownFileType = sourcecode.swift; explicitFileType = undefined; includeInIndex = 0; };
		DAC3F4ED50AB43BE9B7C6896 /* RequestHandlerConfig.swift */ = {isa = PBXFileReference; name = "RequestHandlerConfig.swift"; path = "APIImpls/RequestHandlerConfig.swift"; sourceTree = "<group>"; fileEncoding = 4; lastKnownFileType = sourcecode.swift; explicitFileType = undefined; includeInIndex = 0; };
		24F48115E0F644C9B910D594 /* RequestHandlerProvider.swift */ = {isa = PBXFileReference; name = "RequestHandlerProvider.swift"; path = "APIImpls/RequestHandlerProvider.swift"; sourceTree = "<group>"; fileEncoding = 4; lastKnownFileType = sourcecode.swift; explicitFileType = undefined; includeInIndex = 0; };
		A439964566824FF28CD50126 /* NavigateData.swift */ = {isa = PBXFileReference; name = "NavigateData.swift"; path = "APIs/NavigateData.swift"; sourceTree = "<group>"; fileEncoding = 4; lastKnownFileType = sourcecode.swift; explicitFileType = undefined; includeInIndex = 0; };
		112B754C38ED4BB1B4E13788 /* NavigationAPI.swift */ = {isa = PBXFileReference; name = "NavigationAPI.swift"; path = "APIs/NavigationAPI.swift"; sourceTree = "<group>"; fileEncoding = 4; lastKnownFileType = sourcecode.swift; explicitFileType = undefined; includeInIndex = 0; };
		0B99308F85DE43F9B528C131 /* NavigationRequests.swift */ = {isa = PBXFileReference; name = "NavigationRequests.swift"; path = "APIs/NavigationRequests.swift"; sourceTree = "<group>"; fileEncoding = 4; lastKnownFileType = sourcecode.swift; explicitFileType = undefined; includeInIndex = 0; };
		EB0829A288994D51B1762338 /* PetApiController.swift */ = {isa = PBXFileReference; name = "PetApiController.swift"; path = "APIImpls/PetApiController.swift"; sourceTree = "<group>"; fileEncoding = 4; lastKnownFileType = sourcecode.swift; explicitFileType = undefined; includeInIndex = 0; };
		A90A562FE78945B39D6FC089 /* PetApiRequestHandlerDelegate.swift */ = {isa = PBXFileReference; name = "PetApiRequestHandlerDelegate.swift"; path = "APIImpls/PetApiRequestHandlerDelegate.swift"; sourceTree = "<group>"; fileEncoding = 4; lastKnownFileType = sourcecode.swift; explicitFileType = undefined; includeInIndex = 0; };
		7BE2AD4B724C4AE792371DBD /* PetApiRequestHandlerProvider.swift */ = {isa = PBXFileReference; name = "PetApiRequestHandlerProvider.swift"; path = "APIImpls/PetApiRequestHandlerProvider.swift"; sourceTree = "<group>"; fileEncoding = 4; lastKnownFileType = sourcecode.swift; explicitFileType = undefined; includeInIndex = 0; };
		80FF0239258140F4A9CE63BF /* StoreApiController.swift */ = {isa = PBXFileReference; name = "StoreApiController.swift"; path = "APIImpls/StoreApiController.swift"; sourceTree = "<group>"; fileEncoding = 4; lastKnownFileType = sourcecode.swift; explicitFileType = undefined; includeInIndex = 0; };
		1DDAE4787994476782E236D9 /* StoreApiRequestHandlerDelegate.swift */ = {isa = PBXFileReference; name = "StoreApiRequestHandlerDelegate.swift"; path = "APIImpls/StoreApiRequestHandlerDelegate.swift"; sourceTree = "<group>"; fileEncoding = 4; lastKnownFileType = sourcecode.swift; explicitFileType = undefined; includeInIndex = 0; };
		367885C11DDE43969611A66D /* StoreApiRequestHandlerProvider.swift */ = {isa = PBXFileReference; name = "StoreApiRequestHandlerProvider.swift"; path = "APIImpls/StoreApiRequestHandlerProvider.swift"; sourceTree = "<group>"; fileEncoding = 4; lastKnownFileType = sourcecode.swift; explicitFileType = undefined; includeInIndex = 0; };
		E4E32AE93FF042C2AAB97C2A /* UserApiController.swift */ = {isa = PBXFileReference; name = "UserApiController.swift"; path = "APIImpls/UserApiController.swift"; sourceTree = "<group>"; fileEncoding = 4; lastKnownFileType = sourcecode.swift; explicitFileType = undefined; includeInIndex = 0; };
		23ACE82B5CE74A45B87E2D70 /* UserApiRequestHandlerDelegate.swift */ = {isa = PBXFileReference; name = "UserApiRequestHandlerDelegate.swift"; path = "APIImpls/UserApiRequestHandlerDelegate.swift"; sourceTree = "<group>"; fileEncoding = 4; lastKnownFileType = sourcecode.swift; explicitFileType = undefined; includeInIndex = 0; };
		0959FC154C854D28AABB6321 /* UserApiRequestHandlerProvider.swift */ = {isa = PBXFileReference; name = "UserApiRequestHandlerProvider.swift"; path = "APIImpls/UserApiRequestHandlerProvider.swift"; sourceTree = "<group>"; fileEncoding = 4; lastKnownFileType = sourcecode.swift; explicitFileType = undefined; includeInIndex = 0; };
/* End PBXFileReference section */

/* Begin PBXFrameworksBuildPhase section */
		485009DF1E2FF23B009B6610 /* Frameworks */ = {
			isa = PBXFrameworksBuildPhase;
			buildActionMask = 2147483647;
			files = (
				5EA792912FBB4C2596AE64AC /* libReact.a in Frameworks */,
				EDDA037176214372B5B480BA /* libRCTActionSheet.a in Frameworks */,
				146DD9B5BDC846CDBDCAA236 /* libRCTImage.a in Frameworks */,
				DE13792E4EE747C883F86803 /* libRCTAnimation.a in Frameworks */,
				3B24341676724F8A9ADB3FCC /* libRCTText.a in Frameworks */,
				BC6347E26D89410AAF313574 /* libRCTWebSocket.a in Frameworks */,
				4AAA5B00E1EE4C60AA7F33ED /* libRCTGeolocation.a in Frameworks */,
				6F6AFA5B52ED43F88791FE24 /* libRCTLinking.a in Frameworks */,
				27EE83A8FAED4210844B0BB3 /* libRCTNetwork.a in Frameworks */,
				76435A35124A414B8DDC31DA /* libRCTSettings.a in Frameworks */,
				94ABE89F31BC4801BA1FA638 /* libRCTVibration.a in Frameworks */,
				B5596E0924C04397BF203E82 /* libRCTCameraRoll.a in Frameworks */,
			);
			runOnlyForDeploymentPostprocessing = 0;
		};
		485009E91E2FF23C009B6610 /* Frameworks */ = {
			isa = PBXFrameworksBuildPhase;
			buildActionMask = 2147483647;
			files = (
				485009ED1E2FF23C009B6610 /* ElectrodeContainer.framework in Frameworks */,
			);
			runOnlyForDeploymentPostprocessing = 0;
		};
/* End PBXFrameworksBuildPhase section */

/* Begin PBXGroup section */
		226325CE1E80594F00CD0B10 /* ReactNative */ = {
			isa = PBXGroup;
			children = (
				E584C971015449F49678A573 /* React.xcodeproj */,
				B050CA18136A4FB0A43E2C41 /* RCTActionSheet.xcodeproj */,
				68984F23097E46C490E9EAB3 /* RCTImage.xcodeproj */,
				A29391CADCCC46ABBE8B105F /* RCTAnimation.xcodeproj */,
				A249DD7349E647DD86FF0BE7 /* RCTText.xcodeproj */,
				8D9D4D7F72A144739B7A8948 /* RCTWebSocket.xcodeproj */,
				3203FFF558D74396926C7C98 /* RCTGeolocation.xcodeproj */,
				0E5F8D08F97F4A70B7A38730 /* RCTLinking.xcodeproj */,
				83D84CE4819A4BD2A677F0A0 /* RCTNetwork.xcodeproj */,
				212413A047474BB0A5CAF733 /* RCTSettings.xcodeproj */,
				6601F7CF820147718F85679E /* RCTVibration.xcodeproj */,
				9C830AEFD38E4FDA94236980 /* RCTCameraRoll.xcodeproj */,
			);
			name = ReactNative;
			sourceTree = "<group>";
		};
		22C096A91EA0893F00E1486A /* APIs */ = {
			isa = PBXGroup;
			children = (
				2ADF3F73D90A48C7A965A1E2 /* BirthYear.swift */,
				A8568535B3F34B21B4104926 /* Movie.swift */,
				725B45362BA44332B7CB273B /* MoviesAPI.swift */,
				139196DB44F24B4EA420E5E5 /* MoviesRequests.swift */,
				E9C9FB8B4A9241BAAA0E14A9 /* Person.swift */,
				83862206AA524CD0A8A14F62 /* Synopsis.swift */,
				A439964566824FF28CD50126 /* NavigateData.swift */,
				112B754C38ED4BB1B4E13788 /* NavigationAPI.swift */,
				0B99308F85DE43F9B528C131 /* NavigationRequests.swift */,
			);
			name = APIs;
			sourceTree = "<group>";
		};
		22FD4D1E1E96ECBB00FC81DB /* ElectrodeReactNativeBridge */ = {
			isa = PBXGroup;
			children = (
				626E40C8B5494B8189303990 /* ElectrodeObject.swift */,
				781EFD14832942929E8B7C7F /* Bridgeable.swift */,
				4A40C5985B844BA3895B1BF8 /* ElectrodeRequestHandlerProcessor.swift */,
				77044380C3474C47BC056E88 /* ElectrodeRequestProcessor.swift */,
				9BF2053E02E9451F9C872EFF /* ElectrodeUtilities.swift */,
				FE361A2E8B544931B934E541 /* EventListenerProcessor.swift */,
				DBDD8CE40BEC4693AFE5CD25 /* EventProcessor.swift */,
				C1C36A74DB3C4C48992C7CD6 /* Processor.swift */,
				C2B59B87DCDD48DF90DF74FB /* None.swift */,
				1D5EE6614087495182C74A4B /* ElectrodeBridgeEvent.m */,
				2B85FCB0BC4547BE9E3C9B7A /* ElectrodeBridgeFailureMessage.m */,
				8A9F97D28C6D463A8E9F4BAF /* ElectrodeBridgeHolder.m */,
				8D039B07BFD34B768189E98A /* ElectrodeBridgeMessage.m */,
				ACD0B5E67C954954A2AD6F57 /* ElectrodeBridgeProtocols.m */,
				02BC56E4D19C47B79496942A /* ElectrodeBridgeRequest.m */,
				C9C458FF4B3A44C7BDD9230F /* ElectrodeBridgeResponse.m */,
				8890B3DB7BE14453B7BD750F /* ElectrodeBridgeTransaction.m */,
				8286311497BB491DAA6982E7 /* ElectrodeBridgeTransceiver.m */,
				E903FA577B114F44B141D4FB /* ElectrodeEventDispatcher.m */,
				54687E618E864E6482398D9C /* ElectrodeEventRegistrar.m */,
				27521379554A41E681E85FC6 /* ElectrodeRequestDispatcher.m */,
				43B8FE6ACB694E79B664B1E6 /* ElectrodeRequestRegistrar.m */,
				094C38C3D1F34182803558CF /* ElectrodeLogger.m */,
				B436DE5750394D16A4023312 /* ElectrodeBridgeEvent.h */,
				19225C265C6C4C3B97F40ED2 /* ElectrodeBridgeFailureMessage.h */,
				30869CCE337F4182B3D1C724 /* ElectrodeBridgeHolder.h */,
				7596795694154221A78B5598 /* ElectrodeBridgeMessage.h */,
				B902424CA13949B8970A308A /* ElectrodeBridgeProtocols.h */,
				ADF2EA354069492596FE40B7 /* ElectrodeBridgeRequest.h */,
				7D300C800DE045CEB26E672E /* ElectrodeBridgeTransaction.h */,
				54B42BC082AD4F44A8C2AEB3 /* ElectrodeBridgeTransceiver.h */,
				A7FD7E6084B04675B6E19CEA /* ElectrodeBridgeTransceiver_Internal.h */,
				FD62B59AE1444F248F2FF730 /* ElectrodeEventDispatcher.h */,
				B5D53123F61B4BD5AC075AE2 /* ElectrodeEventRegistrar.h */,
				15017D470A414C41990451C5 /* ElectrodeRequestDispatcher.h */,
				65609CCFC2984A86A32C4686 /* ElectrodeRequestRegistrar.h */,
				4039CCF2B9FB4510BF8B4775 /* ElectrodeReactNativeBridge.h */,
				1B8C537BD97F40BA89BE8394 /* ElectrodeBridgeResponse.h */,
				C7485375261943E9A8C94C5B /* ElectrodeLogger.h */,
			);
			name = ElectrodeReactNativeBridge;
			sourceTree = "<group>";
		};
		301CBA4B1F342FB00048C58B /* Resources */ = {
			isa = PBXGroup;
			children = (
			);
			name = Resources;
			sourceTree = "<group>";
		};
		485009D91E2FF23B009B6610 = {
			isa = PBXGroup;
			children = (
				485009E51E2FF23B009B6610 /* ElectrodeContainer */,
				485009F01E2FF23C009B6610 /* ElectrodeContainerTests */,
				485009E41E2FF23B009B6610 /* Products */,
				485009FD1E2FF25D009B6610 /* Libraries */,
				48500AA71E2FFA14009B6610 /* Frameworks */,
			);
			sourceTree = "<group>";
		};
		485009E41E2FF23B009B6610 /* Products */ = {
			isa = PBXGroup;
			children = (
				485009E31E2FF23B009B6610 /* ElectrodeContainer.framework */,
				485009EC1E2FF23C009B6610 /* ElectrodeContainerTests.xctest */,
			);
			name = Products;
			sourceTree = "<group>";
		};
		485009E51E2FF23B009B6610 /* ElectrodeContainer */ = {
			isa = PBXGroup;
			children = (
				7F9A82FD1FB117530026F523 /* APIImpls */,
				301CBA4B1F342FB00048C58B /* Resources */,
				2265A4A11EB26943007D6C3D /* Info.plist */,
				22C096A91EA0893F00E1486A /* APIs */,
				22FD4D1E1E96ECBB00FC81DB /* ElectrodeReactNativeBridge */,
				968333D51E54E3470031C565 /* ElectrodeBridgeDelegate.h */,
				968333D61E54E3470031C565 /* ElectrodeBridgeDelegate.m */,
				485009E61E2FF23B009B6610 /* ElectrodeContainer.h */,
				48500A961E2FF55B009B6610 /* ElectrodeReactNative.h */,
				30F8CDED1E67946E00413247 /* ElectrodeReactNative_Internal.h */,
				48500A971E2FF55B009B6610 /* ElectrodeReactNative.m */,
				301CB9011F33F3450048C58B /* NSBundle+frameworkBundle.h */,
				301CB9001F33F3450048C58B /* NSBundle+frameworkBundle.m */,
			);
			path = ElectrodeContainer;
			name = ElectrodeContainer;
			sourceTree = "<group>";
		};
		485009F01E2FF23C009B6610 /* ElectrodeContainerTests */ = {
			isa = PBXGroup;
			children = (
				485009F31E2FF23C009B6610 /* Info.plist */,
			);
			path = ElectrodeContainerTests;
			sourceTree = "<group>";
		};
		485009FD1E2FF25D009B6610 /* Libraries */ = {
			isa = PBXGroup;
			children = (
				226325CE1E80594F00CD0B10 /* ReactNative */,
				9654B8921E5CCA1D00AFF607 /* MiniApp */,
			);
			name = Libraries;
			path = ElectrodeContainer/Libraries;
			sourceTree = "<group>";
		};
		48500AA71E2FFA14009B6610 /* Frameworks */ = {
			isa = PBXGroup;
			children = (
			);
			name = Frameworks;
			sourceTree = "<group>";
		};
		7F9A82FD1FB117530026F523 /* APIImpls */ = {
			isa = PBXGroup;
			children = (
				16C8B02A50C14797833C5E0E /* MoviesApiController.swift */,
				B539881D9106496FA8A4AB7A /* MoviesApiRequestHandlerDelegate.swift */,
				A48056C55E054D5AAEF48880 /* MoviesApiRequestHandlerProvider.swift */,
				DAC3F4ED50AB43BE9B7C6896 /* RequestHandlerConfig.swift */,
				24F48115E0F644C9B910D594 /* RequestHandlerProvider.swift */,
				EB0829A288994D51B1762338 /* PetApiController.swift */,
				A90A562FE78945B39D6FC089 /* PetApiRequestHandlerDelegate.swift */,
				7BE2AD4B724C4AE792371DBD /* PetApiRequestHandlerProvider.swift */,
				80FF0239258140F4A9CE63BF /* StoreApiController.swift */,
				1DDAE4787994476782E236D9 /* StoreApiRequestHandlerDelegate.swift */,
				367885C11DDE43969611A66D /* StoreApiRequestHandlerProvider.swift */,
				E4E32AE93FF042C2AAB97C2A /* UserApiController.swift */,
				23ACE82B5CE74A45B87E2D70 /* UserApiRequestHandlerDelegate.swift */,
				0959FC154C854D28AABB6321 /* UserApiRequestHandlerProvider.swift */,
			);
			name = APIImpls;
			sourceTree = "<group>";
		};
		9654B8921E5CCA1D00AFF607 /* MiniApp */ = {
			isa = PBXGroup;
			children = (
				22BF1FEA1E8DAAF800E7F500 /* assets */,
				223A89451E89CDC70092741E /* MiniApp.jsbundle */,
			);
			path = MiniApp;
			sourceTree = "<group>";
		};
		4245A5FC85D043C5808B79FC /* Products */ = {
			isa = PBXGroup;
			children = (
				34F5AF77B3774C24852330FF /* libReact.a */,
			);
			name = Products;
			path = undefined;
			sourceTree = "<group>";
		};
		FFB09B46CB5F47209166B1B7 /* Products */ = {
			isa = PBXGroup;
			children = (
				556F4CF649FC42D3ADCC1EDE /* libRCTActionSheet.a */,
			);
			name = Products;
			path = undefined;
			sourceTree = "<group>";
		};
		D9626A73B9AD43C98BD0C7AE /* Products */ = {
			isa = PBXGroup;
			children = (
				7C31F06E197B4AE08BAE197E /* libRCTImage.a */,
			);
			name = Products;
			path = undefined;
			sourceTree = "<group>";
		};
		281B728100E8484A844DD617 /* Products */ = {
			isa = PBXGroup;
			children = (
				41C1EBDF2FC3486F9DFB52B2 /* libRCTAnimation.a */,
			);
			name = Products;
			path = undefined;
			sourceTree = "<group>";
		};
		547639C172434C2685B7EB4A /* Products */ = {
			isa = PBXGroup;
			children = (
				98D3DD01F2C04FE6980E160E /* libRCTText.a */,
			);
			name = Products;
			path = undefined;
			sourceTree = "<group>";
		};
		B74AA5F0604149A6AE5D03F3 /* Products */ = {
			isa = PBXGroup;
			children = (
				8DCF32E3DCF547F19164ABA8 /* libRCTWebSocket.a */,
			);
			name = Products;
			path = undefined;
			sourceTree = "<group>";
		};
		0033DAEF078940AD9F7649F0 /* Products */ = {
			isa = PBXGroup;
			children = (
				BE9EC7410E8147F99F3C47DF /* libRCTGeolocation.a */,
			);
			name = Products;
			path = undefined;
			sourceTree = "<group>";
		};
		28F5C59E37844E949B64D94F /* Products */ = {
			isa = PBXGroup;
			children = (
				743FACCF3F6F485CA29D7CDE /* libRCTLinking.a */,
			);
			name = Products;
			path = undefined;
			sourceTree = "<group>";
		};
		0B4FECE1D92D459DA7FEA6E6 /* Products */ = {
			isa = PBXGroup;
			children = (
				BE12C06E210A4DBD9B0F58B1 /* libRCTNetwork.a */,
			);
			name = Products;
			path = undefined;
			sourceTree = "<group>";
		};
		7DDE809E0F414326AE3390B1 /* Products */ = {
			isa = PBXGroup;
			children = (
				3B43437BCB8D4F88B70241EE /* libRCTSettings.a */,
			);
			name = Products;
			path = undefined;
			sourceTree = "<group>";
		};
		6126F2D1190240CAA87A7C53 /* Products */ = {
			isa = PBXGroup;
			children = (
				640EA9A1A5494A509EA8E67C /* libRCTVibration.a */,
			);
			name = Products;
			path = undefined;
			sourceTree = "<group>";
		};
		E81FF10A60C74471A8D08E5F /* Products */ = {
			isa = PBXGroup;
			children = (
				5C40EA2786114E2CA2A03363 /* libRCTCameraRoll.a */,
			);
			name = Products;
			path = undefined;
			sourceTree = "<group>";
		};
/* End PBXGroup section */

/* Begin PBXHeadersBuildPhase section */
		485009E01E2FF23B009B6610 /* Headers */ = {
			isa = PBXHeadersBuildPhase;
			buildActionMask = 2147483647;
			files = (
				485009F41E2FF23C009B6610 /* ElectrodeContainer.h in Headers */,
				968333D71E54E3470031C565 /* ElectrodeBridgeDelegate.h in Headers */,
				301CB9031F33F3450048C58B /* NSBundle+frameworkBundle.h in Headers */,
				30F8CDEE1E67946E00413247 /* ElectrodeReactNative_Internal.h in Headers */,
				48500A981E2FF55B009B6610 /* ElectrodeReactNative.h in Headers */,
				AB59625040C840E3A050E0EF /* ElectrodeBridgeEvent.h in Headers */,
				D0F5CD6BFDD64F63860B3CF6 /* ElectrodeBridgeFailureMessage.h in Headers */,
				A19FE0D119E84146970798BA /* ElectrodeBridgeHolder.h in Headers */,
				2E8C4E5F08CF4742A57B0BEE /* ElectrodeBridgeMessage.h in Headers */,
				C7637C36A9DC47E5A4728409 /* ElectrodeBridgeProtocols.h in Headers */,
				EA48B5F8822C4AEE84A9188F /* ElectrodeBridgeRequest.h in Headers */,
				2221F6CE9F80483BBAAA10B2 /* ElectrodeBridgeTransaction.h in Headers */,
				F01F865616624D6593E6D1BF /* ElectrodeBridgeTransceiver.h in Headers */,
				989AC39C5CDB417880568798 /* ElectrodeBridgeTransceiver_Internal.h in Headers */,
				ED2B763E75AE47C1A0EB0DDE /* ElectrodeEventDispatcher.h in Headers */,
				2354B4EF1DFD41D9911E5830 /* ElectrodeEventRegistrar.h in Headers */,
				3ADF5F6789D84677BE6067E7 /* ElectrodeRequestDispatcher.h in Headers */,
				496E7705CB8A45B8832B4068 /* ElectrodeRequestRegistrar.h in Headers */,
				BF75F884C9F7417A819C5368 /* ElectrodeReactNativeBridge.h in Headers */,
				CF0A1F1AFEF74103BABFCF3A /* ElectrodeBridgeResponse.h in Headers */,
				5976486E0D5F469399A82683 /* ElectrodeLogger.h in Headers */,
			);
			runOnlyForDeploymentPostprocessing = 0;
		};
/* End PBXHeadersBuildPhase section */

/* Begin PBXNativeTarget section */
		485009E21E2FF23B009B6610 /* ElectrodeContainer */ = {
			isa = PBXNativeTarget;
			buildConfigurationList = 485009F71E2FF23C009B6610 /* Build configuration list for PBXNativeTarget "ElectrodeContainer" */;
			buildPhases = (
				485009DE1E2FF23B009B6610 /* Sources */,
				485009DF1E2FF23B009B6610 /* Frameworks */,
				485009E01E2FF23B009B6610 /* Headers */,
				485009E11E2FF23B009B6610 /* Resources */,
			);
			buildRules = (
			);
			dependencies = (
				AE65B3DAE2DC49D0B7A00D84 /* PBXTargetDependency */,
				7A824EF307F344DDABB7C921 /* PBXTargetDependency */,
				B83A4132A71146F191921815 /* PBXTargetDependency */,
				1D62B2B63EDF4D7482DBEC67 /* PBXTargetDependency */,
				FB393F0CC7BC46E19BC6846F /* PBXTargetDependency */,
				0A3850F8344A4A34A914BD8C /* PBXTargetDependency */,
				07AAF14F880749578B773C5F /* PBXTargetDependency */,
				8336338D1C6D46D5953CEDD2 /* PBXTargetDependency */,
				7DC24A6F981B4F26BFEEF1C9 /* PBXTargetDependency */,
				E36596EB67B749B89704EB48 /* PBXTargetDependency */,
				00F6F307760F4FC796053796 /* PBXTargetDependency */,
				4B7E38A890DE4B0C856FD5BB /* PBXTargetDependency */,
			);
			name = ElectrodeContainer;
			productName = ElectrodeContainer;
			productReference = 485009E31E2FF23B009B6610 /* ElectrodeContainer.framework */;
			productType = "com.apple.product-type.framework";
		};
		485009EB1E2FF23C009B6610 /* ElectrodeContainerTests */ = {
			isa = PBXNativeTarget;
			buildConfigurationList = 485009FA1E2FF23C009B6610 /* Build configuration list for PBXNativeTarget "ElectrodeContainerTests" */;
			buildPhases = (
				485009E81E2FF23C009B6610 /* Sources */,
				485009E91E2FF23C009B6610 /* Frameworks */,
				485009EA1E2FF23C009B6610 /* Resources */,
			);
			buildRules = (
			);
			dependencies = (
				485009EF1E2FF23C009B6610 /* PBXTargetDependency */,
			);
			name = ElectrodeContainerTests;
			productName = ElectrodeContainerTests;
			productReference = 485009EC1E2FF23C009B6610 /* ElectrodeContainerTests.xctest */;
			productType = "com.apple.product-type.bundle.unit-test";
		};
/* End PBXNativeTarget section */

/* Begin PBXProject section */
		485009DA1E2FF23B009B6610 /* Project object */ = {
			isa = PBXProject;
			attributes = {
				LastUpgradeCheck = 820;
				ORGANIZATIONNAME = Walmart;
				TargetAttributes = {
					485009E21E2FF23B009B6610 = {
						CreatedOnToolsVersion = 8.2.1;
						ProvisioningStyle = Automatic;
					};
					485009EB1E2FF23C009B6610 = {
						CreatedOnToolsVersion = 8.2.1;
						DevelopmentTeam = DXZ5VF8836;
						ProvisioningStyle = Automatic;
					};
				};
			};
			buildConfigurationList = 485009DD1E2FF23B009B6610 /* Build configuration list for PBXProject "ElectrodeContainer" */;
			compatibilityVersion = "Xcode 3.2";
			developmentRegion = English;
			hasScannedForEncodings = 0;
			knownRegions = (
				en,
			);
			mainGroup = 485009D91E2FF23B009B6610;
			productRefGroup = 485009E41E2FF23B009B6610 /* Products */;
			projectDirPath = "";
			projectRoot = "";
			targets = (
				485009E21E2FF23B009B6610 /* ElectrodeContainer */,
				485009EB1E2FF23C009B6610 /* ElectrodeContainerTests */,
			);
			projectReferences = (
				{
					ProjectRef = E584C971015449F49678A573 /* React.xcodeproj */;
					ProductGroup = 4245A5FC85D043C5808B79FC /* Products */;
				},
				{
					ProjectRef = B050CA18136A4FB0A43E2C41 /* RCTActionSheet.xcodeproj */;
					ProductGroup = FFB09B46CB5F47209166B1B7 /* Products */;
				},
				{
					ProjectRef = 68984F23097E46C490E9EAB3 /* RCTImage.xcodeproj */;
					ProductGroup = D9626A73B9AD43C98BD0C7AE /* Products */;
				},
				{
					ProjectRef = A29391CADCCC46ABBE8B105F /* RCTAnimation.xcodeproj */;
					ProductGroup = 281B728100E8484A844DD617 /* Products */;
				},
				{
					ProjectRef = A249DD7349E647DD86FF0BE7 /* RCTText.xcodeproj */;
					ProductGroup = 547639C172434C2685B7EB4A /* Products */;
				},
				{
					ProjectRef = 8D9D4D7F72A144739B7A8948 /* RCTWebSocket.xcodeproj */;
					ProductGroup = B74AA5F0604149A6AE5D03F3 /* Products */;
				},
				{
					ProjectRef = 3203FFF558D74396926C7C98 /* RCTGeolocation.xcodeproj */;
					ProductGroup = 0033DAEF078940AD9F7649F0 /* Products */;
				},
				{
					ProjectRef = 0E5F8D08F97F4A70B7A38730 /* RCTLinking.xcodeproj */;
					ProductGroup = 28F5C59E37844E949B64D94F /* Products */;
				},
				{
					ProjectRef = 83D84CE4819A4BD2A677F0A0 /* RCTNetwork.xcodeproj */;
					ProductGroup = 0B4FECE1D92D459DA7FEA6E6 /* Products */;
				},
				{
					ProjectRef = 212413A047474BB0A5CAF733 /* RCTSettings.xcodeproj */;
					ProductGroup = 7DDE809E0F414326AE3390B1 /* Products */;
				},
				{
					ProjectRef = 6601F7CF820147718F85679E /* RCTVibration.xcodeproj */;
					ProductGroup = 6126F2D1190240CAA87A7C53 /* Products */;
				},
				{
					ProjectRef = 9C830AEFD38E4FDA94236980 /* RCTCameraRoll.xcodeproj */;
					ProductGroup = E81FF10A60C74471A8D08E5F /* Products */;
				},
			);
		};
/* End PBXProject section */

/* Begin PBXReferenceProxy section */
		34F5AF77B3774C24852330FF /* libReact.a */ = {
			isa = PBXReferenceProxy;
			fileType = archive.ar;
			path = libReact.a;
			remoteRef = 3D176083ABE340808108B3B3 /* PBXContainerItemProxy */;
			sourceTree = BUILT_PRODUCTS_DIR;
		};
		556F4CF649FC42D3ADCC1EDE /* libRCTActionSheet.a */ = {
			isa = PBXReferenceProxy;
			fileType = archive.ar;
			path = libRCTActionSheet.a;
			remoteRef = 2A4AE114452F4DD883925B11 /* PBXContainerItemProxy */;
			sourceTree = BUILT_PRODUCTS_DIR;
		};
		7C31F06E197B4AE08BAE197E /* libRCTImage.a */ = {
			isa = PBXReferenceProxy;
			fileType = archive.ar;
			path = libRCTImage.a;
			remoteRef = A0A8866447534E5E925E8F56 /* PBXContainerItemProxy */;
			sourceTree = BUILT_PRODUCTS_DIR;
		};
		41C1EBDF2FC3486F9DFB52B2 /* libRCTAnimation.a */ = {
			isa = PBXReferenceProxy;
			fileType = archive.ar;
			path = libRCTAnimation.a;
			remoteRef = 6AD8643F8E724E1283440FB0 /* PBXContainerItemProxy */;
			sourceTree = BUILT_PRODUCTS_DIR;
		};
		98D3DD01F2C04FE6980E160E /* libRCTText.a */ = {
			isa = PBXReferenceProxy;
			fileType = archive.ar;
			path = libRCTText.a;
			remoteRef = 5B047E56DD0C4903BF4516D9 /* PBXContainerItemProxy */;
			sourceTree = BUILT_PRODUCTS_DIR;
		};
		8DCF32E3DCF547F19164ABA8 /* libRCTWebSocket.a */ = {
			isa = PBXReferenceProxy;
			fileType = archive.ar;
			path = libRCTWebSocket.a;
			remoteRef = A785DB13873E4845B0443D0B /* PBXContainerItemProxy */;
			sourceTree = BUILT_PRODUCTS_DIR;
		};
		BE9EC7410E8147F99F3C47DF /* libRCTGeolocation.a */ = {
			isa = PBXReferenceProxy;
			fileType = archive.ar;
			path = libRCTGeolocation.a;
			remoteRef = 928D0F4126EC4669B184BBF3 /* PBXContainerItemProxy */;
			sourceTree = BUILT_PRODUCTS_DIR;
		};
		743FACCF3F6F485CA29D7CDE /* libRCTLinking.a */ = {
			isa = PBXReferenceProxy;
			fileType = archive.ar;
			path = libRCTLinking.a;
			remoteRef = E3D4AA9C956E4FBBB5B8E720 /* PBXContainerItemProxy */;
			sourceTree = BUILT_PRODUCTS_DIR;
		};
		BE12C06E210A4DBD9B0F58B1 /* libRCTNetwork.a */ = {
			isa = PBXReferenceProxy;
			fileType = archive.ar;
			path = libRCTNetwork.a;
			remoteRef = 4B67292C390448A390DE9E60 /* PBXContainerItemProxy */;
			sourceTree = BUILT_PRODUCTS_DIR;
		};
		3B43437BCB8D4F88B70241EE /* libRCTSettings.a */ = {
			isa = PBXReferenceProxy;
			fileType = archive.ar;
			path = libRCTSettings.a;
			remoteRef = 86EA5F1071C247BD97B750DA /* PBXContainerItemProxy */;
			sourceTree = BUILT_PRODUCTS_DIR;
		};
		640EA9A1A5494A509EA8E67C /* libRCTVibration.a */ = {
			isa = PBXReferenceProxy;
			fileType = archive.ar;
			path = libRCTVibration.a;
			remoteRef = 7E24F63B207D4518B641ED72 /* PBXContainerItemProxy */;
			sourceTree = BUILT_PRODUCTS_DIR;
		};
		5C40EA2786114E2CA2A03363 /* libRCTCameraRoll.a */ = {
			isa = PBXReferenceProxy;
			fileType = archive.ar;
			path = libRCTCameraRoll.a;
			remoteRef = D90FB162EBE34FE295315883 /* PBXContainerItemProxy */;
			sourceTree = BUILT_PRODUCTS_DIR;
		};
/* End PBXReferenceProxy section */

/* Begin PBXResourcesBuildPhase section */
		485009E11E2FF23B009B6610 /* Resources */ = {
			isa = PBXResourcesBuildPhase;
			buildActionMask = 2147483647;
			files = (
				22BF1FEB1E8DAAF800E7F500 /* assets in Resources */,
				223A89461E89CDC70092741E /* MiniApp.jsbundle in Resources */,
				2265A4A21EB26943007D6C3D /* Info.plist in Resources */,
			);
			runOnlyForDeploymentPostprocessing = 0;
		};
		485009EA1E2FF23C009B6610 /* Resources */ = {
			isa = PBXResourcesBuildPhase;
			buildActionMask = 2147483647;
			files = (
			);
			runOnlyForDeploymentPostprocessing = 0;
		};
/* End PBXResourcesBuildPhase section */

/* Begin PBXSourcesBuildPhase section */
		485009DE1E2FF23B009B6610 /* Sources */ = {
			isa = PBXSourcesBuildPhase;
			buildActionMask = 2147483647;
			files = (
				48500A991E2FF55B009B6610 /* ElectrodeReactNative.m in Sources */,
				301CB9021F33F3450048C58B /* NSBundle+frameworkBundle.m in Sources */,
				968333D81E54E3470031C565 /* ElectrodeBridgeDelegate.m in Sources */,
				930787EEDB5E4F54BF9CABB1 /* ElectrodeObject.swift in Sources */,
				1ABE7875095F482986172250 /* Bridgeable.swift in Sources */,
				1A043B6DF7904EBEBAEFB1B7 /* ElectrodeRequestHandlerProcessor.swift in Sources */,
				2AAE310CC30448EEAFAC1FD3 /* ElectrodeRequestProcessor.swift in Sources */,
				01BFA14B2AC1445A91BEDFF2 /* ElectrodeUtilities.swift in Sources */,
				F72068EB327645A8B0729521 /* EventListenerProcessor.swift in Sources */,
				CCA7C6C41FA94965BD9EADA5 /* EventProcessor.swift in Sources */,
				86A84911BDC4403BBC9CD058 /* Processor.swift in Sources */,
				A72F01411A3B4D7E94CE2CF5 /* None.swift in Sources */,
				AFE20CBF4EFB42C99C9C94C8 /* ElectrodeBridgeEvent.m in Sources */,
				7D38E3574C774E4897B94503 /* ElectrodeBridgeFailureMessage.m in Sources */,
				002FCCFA84B34F8DB06B0467 /* ElectrodeBridgeHolder.m in Sources */,
				5ACCC3980AE842AC87CF1395 /* ElectrodeBridgeMessage.m in Sources */,
				BD9F1B1BF2A84D1896E8B239 /* ElectrodeBridgeProtocols.m in Sources */,
				11304059C57348789A46C369 /* ElectrodeBridgeRequest.m in Sources */,
				92222CAE13F547D781B84CD5 /* ElectrodeBridgeResponse.m in Sources */,
				8F01D5090DD848A6961B9D4B /* ElectrodeBridgeTransaction.m in Sources */,
				3F68A3FC7E394D689FCE95C7 /* ElectrodeBridgeTransceiver.m in Sources */,
				605D5C7A1B254BF4A43FB86E /* ElectrodeEventDispatcher.m in Sources */,
				9C0312E68D71479196C6AD95 /* ElectrodeEventRegistrar.m in Sources */,
				9B90BDC592664C61AD727464 /* ElectrodeRequestDispatcher.m in Sources */,
				36507EDBB26848B5B18D835E /* ElectrodeRequestRegistrar.m in Sources */,
				C29122C69F17429488705474 /* ElectrodeLogger.m in Sources */,
				6BB2C6216A0B4DD3AAF30B14 /* BirthYear.swift in Sources */,
				4B037CE280684C7EBED6C5CA /* Movie.swift in Sources */,
				D8E501C3F7D64392A2CFECB0 /* MoviesAPI.swift in Sources */,
				8C8561F00EE94240A357A8F0 /* MoviesRequests.swift in Sources */,
				0818972E45D94CA08BFDCE18 /* Person.swift in Sources */,
				E11B4661385F4A49B8F3ED09 /* Synopsis.swift in Sources */,
				67B2EC1851994A30989A06B6 /* MoviesApiController.swift in Sources */,
				65091C2FAE9848A5BA346CBD /* MoviesApiRequestHandlerDelegate.swift in Sources */,
				97930824CA2C4DB2949E4BD9 /* MoviesApiRequestHandlerProvider.swift in Sources */,
				5185293BDF5A4F8CB01D84D2 /* RequestHandlerConfig.swift in Sources */,
				F43FA3CA326643F8858AA750 /* RequestHandlerProvider.swift in Sources */,
				5DC7930931DC4F83AB351DFA /* NavigateData.swift in Sources */,
				8D4675EDCD214FFBB54A621F /* NavigationAPI.swift in Sources */,
				F432DE1781F540EAA24D1B0D /* NavigationRequests.swift in Sources */,
				9AC1DD541C4D449DA180E156 /* PetApiController.swift in Sources */,
				E53C97739A4F4A78A75A88A4 /* PetApiRequestHandlerDelegate.swift in Sources */,
				BF22D0FA1F40409B9D221E9A /* PetApiRequestHandlerProvider.swift in Sources */,
				42C3E2F5063F47D2B265DC05 /* StoreApiController.swift in Sources */,
				AEE5E023E6AD428EBBEE7502 /* StoreApiRequestHandlerDelegate.swift in Sources */,
				0116FCC34403432891FDA2D3 /* StoreApiRequestHandlerProvider.swift in Sources */,
				323D0E809E29470F87AC3230 /* UserApiController.swift in Sources */,
				33E84D2C72C74221A34D1BA1 /* UserApiRequestHandlerDelegate.swift in Sources */,
				3E0D65B9289146C286A7A601 /* UserApiRequestHandlerProvider.swift in Sources */,
			);
			runOnlyForDeploymentPostprocessing = 0;
		};
		485009E81E2FF23C009B6610 /* Sources */ = {
			isa = PBXSourcesBuildPhase;
			buildActionMask = 2147483647;
			files = (
			);
			runOnlyForDeploymentPostprocessing = 0;
		};
/* End PBXSourcesBuildPhase section */

/* Begin PBXTargetDependency section */
		485009EF1E2FF23C009B6610 /* PBXTargetDependency */ = {
			isa = PBXTargetDependency;
			target = 485009E21E2FF23B009B6610 /* ElectrodeContainer */;
			targetProxy = 485009EE1E2FF23C009B6610 /* PBXContainerItemProxy */;
		};
		AE65B3DAE2DC49D0B7A00D84 /* PBXTargetDependency */ = {
			isa = PBXTargetDependency;
			name = React;
			targetProxy = D56CA125E86B45E3A9D6A0AC /* PBXContainerItemProxy */;
		};
		7A824EF307F344DDABB7C921 /* PBXTargetDependency */ = {
			isa = PBXTargetDependency;
			name = RCTActionSheet;
			targetProxy = E192CB871BAA4A10B1FB6099 /* PBXContainerItemProxy */;
		};
		B83A4132A71146F191921815 /* PBXTargetDependency */ = {
			isa = PBXTargetDependency;
			name = RCTImage;
			targetProxy = C7207D4434654031947539F0 /* PBXContainerItemProxy */;
		};
		1D62B2B63EDF4D7482DBEC67 /* PBXTargetDependency */ = {
			isa = PBXTargetDependency;
			name = RCTAnimation;
			targetProxy = FCFA8F2C997641B08B06305C /* PBXContainerItemProxy */;
		};
		FB393F0CC7BC46E19BC6846F /* PBXTargetDependency */ = {
			isa = PBXTargetDependency;
			name = RCTText;
			targetProxy = 63CAC72DEB484130A1182751 /* PBXContainerItemProxy */;
		};
		0A3850F8344A4A34A914BD8C /* PBXTargetDependency */ = {
			isa = PBXTargetDependency;
			name = RCTWebSocket;
			targetProxy = 61B1BF1A02144353A8C6D9ED /* PBXContainerItemProxy */;
		};
		07AAF14F880749578B773C5F /* PBXTargetDependency */ = {
			isa = PBXTargetDependency;
			name = RCTGeolocation;
			targetProxy = 8E05E1DC1CA947FDAE87085D /* PBXContainerItemProxy */;
		};
		8336338D1C6D46D5953CEDD2 /* PBXTargetDependency */ = {
			isa = PBXTargetDependency;
			name = RCTLinking;
			targetProxy = 35E285BE319C49CD8A79C2B0 /* PBXContainerItemProxy */;
		};
		7DC24A6F981B4F26BFEEF1C9 /* PBXTargetDependency */ = {
			isa = PBXTargetDependency;
			name = RCTNetwork;
			targetProxy = 9128EBD99D424A67B0864A64 /* PBXContainerItemProxy */;
		};
		E36596EB67B749B89704EB48 /* PBXTargetDependency */ = {
			isa = PBXTargetDependency;
			name = RCTSettings;
			targetProxy = D452F905C5A24CB6AEA951C3 /* PBXContainerItemProxy */;
		};
		00F6F307760F4FC796053796 /* PBXTargetDependency */ = {
			isa = PBXTargetDependency;
			name = RCTVibration;
			targetProxy = 6625CA70C51F495CA59EE153 /* PBXContainerItemProxy */;
		};
		4B7E38A890DE4B0C856FD5BB /* PBXTargetDependency */ = {
			isa = PBXTargetDependency;
			name = RCTCameraRoll;
			targetProxy = 24276647A60B4135A78D0A5E /* PBXContainerItemProxy */;
		};
/* End PBXTargetDependency section */

/* Begin XCBuildConfiguration section */
		303268E41EA8139700A41A8F /* QADeployment */ = {
			isa = XCBuildConfiguration;
			buildSettings = {
				ALWAYS_SEARCH_USER_PATHS = NO;
				CLANG_ANALYZER_NONNULL = YES;
				CLANG_CXX_LANGUAGE_STANDARD = "gnu++0x";
				CLANG_CXX_LIBRARY = "libc++";
				CLANG_ENABLE_MODULES = YES;
				CLANG_ENABLE_OBJC_ARC = YES;
				CLANG_WARN_BOOL_CONVERSION = YES;
				CLANG_WARN_CONSTANT_CONVERSION = YES;
				CLANG_WARN_DIRECT_OBJC_ISA_USAGE = YES_ERROR;
				CLANG_WARN_DOCUMENTATION_COMMENTS = YES;
				CLANG_WARN_EMPTY_BODY = YES;
				CLANG_WARN_ENUM_CONVERSION = YES;
				CLANG_WARN_INFINITE_RECURSION = YES;
				CLANG_WARN_INT_CONVERSION = YES;
				CLANG_WARN_OBJC_ROOT_CLASS = YES_ERROR;
				CLANG_WARN_SUSPICIOUS_MOVE = YES;
				CLANG_WARN_UNREACHABLE_CODE = YES;
				CLANG_WARN__DUPLICATE_METHOD_MATCH = YES;
				"CODE_SIGN_IDENTITY[sdk=iphoneos*]" = "iPhone Developer";
				COPY_PHASE_STRIP = NO;
				CURRENT_PROJECT_VERSION = 1;
				DEBUG_INFORMATION_FORMAT = "dwarf-with-dsym";
				ENABLE_STRICT_OBJC_MSGSEND = YES;
				ENABLE_TESTABILITY = YES;
				GCC_C_LANGUAGE_STANDARD = gnu99;
				GCC_DYNAMIC_NO_PIC = NO;
				GCC_NO_COMMON_BLOCKS = YES;
				GCC_OPTIMIZATION_LEVEL = 0;
				GCC_PREPROCESSOR_DEFINITIONS = (
					"DEBUG=1",
					"$(inherited)",
				);
				GCC_WARN_64_TO_32_BIT_CONVERSION = YES;
				GCC_WARN_ABOUT_RETURN_TYPE = YES_ERROR;
				GCC_WARN_UNDECLARED_SELECTOR = YES;
				GCC_WARN_UNINITIALIZED_AUTOS = YES_AGGRESSIVE;
				GCC_WARN_UNUSED_FUNCTION = YES;
				GCC_WARN_UNUSED_VARIABLE = YES;
				IPHONEOS_DEPLOYMENT_TARGET = 9.0;
				MTL_ENABLE_DEBUG_INFO = YES;
				ONLY_ACTIVE_ARCH = YES;
				SDKROOT = iphoneos;
				TARGETED_DEVICE_FAMILY = "1,2";
				VERSIONING_SYSTEM = "apple-generic";
				VERSION_INFO_PREFIX = "";
			};
			name = QADeployment;
		};
		303268E51EA8139700A41A8F /* QADeployment */ = {
			isa = XCBuildConfiguration;
			buildSettings = {
				ALWAYS_EMBED_SWIFT_STANDARD_LIBRARIES = YES;
				CLANG_ALLOW_NON_MODULAR_INCLUDES_IN_FRAMEWORK_MODULES = YES;
				CLANG_ENABLE_MODULES = YES;
				CLANG_WARN_DOCUMENTATION_COMMENTS = NO;
				CODE_SIGN_IDENTITY = "";
				DEFINES_MODULE = YES;
				DYLIB_COMPATIBILITY_VERSION = 1;
				DYLIB_CURRENT_VERSION = 1;
				DYLIB_INSTALL_NAME_BASE = "@rpath";
				ENABLE_ON_DEMAND_RESOURCES = NO;
				ENABLE_TESTABILITY = YES;
				HEADER_SEARCH_PATHS = (
					"$(inherited)/**",
					"$(SRCROOT)/ElectrodeContainer/Libraries/ReactNative/**",
					"$(SRCROOT)/ElectrodeContainer/Libraries/CodePush/**",
				);
				FRAMEWORK_SEARCH_PATHS = (
					"$(inherited)",
				);
				INFOPLIST_FILE = ElectrodeContainer/Info.plist;
				INSTALL_PATH = "$(LOCAL_LIBRARY_DIR)/Frameworks";
				LD_RUNPATH_SEARCH_PATHS = "$(inherited) @executable_path/Frameworks @loader_path/Frameworks";
				LIBRARY_SEARCH_PATHS = (
					"$(inherited)",
					"$(SRCROOT)/ElectrodeContainer/Libraries/ReactNative/**",
					"$(SRCROOT)/ElectrodeContainer/Libraries/CodePush/**",
				);
				ONLY_ACTIVE_ARCH = NO;
				OTHER_LDFLAGS = (
					"-ObjC",
					"-lc++",
					"-lz",
				);
				PRODUCT_BUNDLE_IDENTIFIER = com.walmart.electronics.ElectrodeContainer;
				PRODUCT_NAME = "$(TARGET_NAME)";
				SKIP_INSTALL = YES;
				STRIP_STYLE = debugging;
				SWIFT_ACTIVE_COMPILATION_CONDITIONS = DEBUG;
				SWIFT_OPTIMIZATION_LEVEL = "-Owholemodule";
				SWIFT_VERSION = 3.0;
			};
			name = QADeployment;
		};
		303268E61EA8139700A41A8F /* QADeployment */ = {
			isa = XCBuildConfiguration;
			buildSettings = {
				HEADER_SEARCH_PATHS = (
					"$(inherited)",
					"$(SRCROOT)/ElectrodeContainer/Libraries/CodePush/**",
				);
				FRAMEWORK_SEARCH_PATHS = (
					"$(inherited)",
				);
				INFOPLIST_FILE = ElectrodeContainerTests/Info.plist;
				LD_RUNPATH_SEARCH_PATHS = "$(inherited) @executable_path/Frameworks @loader_path/Frameworks";
				LIBRARY_SEARCH_PATHS = (
					"$(inherited)",
					"$(SRCROOT)/ElectrodeContainer/Libraries/ReactNative/**",
					"$(SRCROOT)/ElectrodeContainer/Libraries/CodePush/**",
				);
				PRODUCT_BUNDLE_IDENTIFIER = com.walmart.electronics.ElectrodeContainerTests;
				PRODUCT_NAME = "$(TARGET_NAME)";
				TEST_HOST = "";
			};
			name = QADeployment;
		};
		485009F51E2FF23C009B6610 /* Debug */ = {
			isa = XCBuildConfiguration;
			buildSettings = {
				ALWAYS_SEARCH_USER_PATHS = NO;
				CLANG_ANALYZER_NONNULL = YES;
				CLANG_CXX_LANGUAGE_STANDARD = "gnu++0x";
				CLANG_CXX_LIBRARY = "libc++";
				CLANG_ENABLE_MODULES = YES;
				CLANG_ENABLE_OBJC_ARC = YES;
				CLANG_WARN_BOOL_CONVERSION = YES;
				CLANG_WARN_CONSTANT_CONVERSION = YES;
				CLANG_WARN_DIRECT_OBJC_ISA_USAGE = YES_ERROR;
				CLANG_WARN_DOCUMENTATION_COMMENTS = YES;
				CLANG_WARN_EMPTY_BODY = YES;
				CLANG_WARN_ENUM_CONVERSION = YES;
				CLANG_WARN_INFINITE_RECURSION = YES;
				CLANG_WARN_INT_CONVERSION = YES;
				CLANG_WARN_OBJC_ROOT_CLASS = YES_ERROR;
				CLANG_WARN_SUSPICIOUS_MOVE = YES;
				CLANG_WARN_UNREACHABLE_CODE = YES;
				CLANG_WARN__DUPLICATE_METHOD_MATCH = YES;
				"CODE_SIGN_IDENTITY[sdk=iphoneos*]" = "iPhone Developer";
				COPY_PHASE_STRIP = NO;
				CURRENT_PROJECT_VERSION = 1;
				DEBUG_INFORMATION_FORMAT = dwarf;
				ENABLE_STRICT_OBJC_MSGSEND = YES;
				ENABLE_TESTABILITY = YES;
				GCC_C_LANGUAGE_STANDARD = gnu99;
				GCC_DYNAMIC_NO_PIC = NO;
				GCC_NO_COMMON_BLOCKS = YES;
				GCC_OPTIMIZATION_LEVEL = 0;
				GCC_PREPROCESSOR_DEFINITIONS = (
					"DEBUG=1",
					"$(inherited)",
				);
				GCC_WARN_64_TO_32_BIT_CONVERSION = YES;
				GCC_WARN_ABOUT_RETURN_TYPE = YES_ERROR;
				GCC_WARN_UNDECLARED_SELECTOR = YES;
				GCC_WARN_UNINITIALIZED_AUTOS = YES_AGGRESSIVE;
				GCC_WARN_UNUSED_FUNCTION = YES;
				GCC_WARN_UNUSED_VARIABLE = YES;
				IPHONEOS_DEPLOYMENT_TARGET = 9.0;
				MTL_ENABLE_DEBUG_INFO = YES;
				ONLY_ACTIVE_ARCH = YES;
				SDKROOT = iphoneos;
				TARGETED_DEVICE_FAMILY = "1,2";
				VERSIONING_SYSTEM = "apple-generic";
				VERSION_INFO_PREFIX = "";
			};
			name = Debug;
		};
		485009F61E2FF23C009B6610 /* Release */ = {
			isa = XCBuildConfiguration;
			buildSettings = {
				ALWAYS_SEARCH_USER_PATHS = NO;
				CLANG_ANALYZER_NONNULL = YES;
				CLANG_CXX_LANGUAGE_STANDARD = "gnu++0x";
				CLANG_CXX_LIBRARY = "libc++";
				CLANG_ENABLE_MODULES = YES;
				CLANG_ENABLE_OBJC_ARC = YES;
				CLANG_WARN_BOOL_CONVERSION = YES;
				CLANG_WARN_CONSTANT_CONVERSION = YES;
				CLANG_WARN_DIRECT_OBJC_ISA_USAGE = YES_ERROR;
				CLANG_WARN_DOCUMENTATION_COMMENTS = YES;
				CLANG_WARN_EMPTY_BODY = YES;
				CLANG_WARN_ENUM_CONVERSION = YES;
				CLANG_WARN_INFINITE_RECURSION = YES;
				CLANG_WARN_INT_CONVERSION = YES;
				CLANG_WARN_OBJC_ROOT_CLASS = YES_ERROR;
				CLANG_WARN_SUSPICIOUS_MOVE = YES;
				CLANG_WARN_UNREACHABLE_CODE = YES;
				CLANG_WARN__DUPLICATE_METHOD_MATCH = YES;
				"CODE_SIGN_IDENTITY[sdk=iphoneos*]" = "iPhone Developer";
				COPY_PHASE_STRIP = NO;
				CURRENT_PROJECT_VERSION = 1;
				DEBUG_INFORMATION_FORMAT = "dwarf-with-dsym";
				ENABLE_NS_ASSERTIONS = NO;
				ENABLE_STRICT_OBJC_MSGSEND = YES;
				GCC_C_LANGUAGE_STANDARD = gnu99;
				GCC_NO_COMMON_BLOCKS = YES;
				GCC_WARN_64_TO_32_BIT_CONVERSION = YES;
				GCC_WARN_ABOUT_RETURN_TYPE = YES_ERROR;
				GCC_WARN_UNDECLARED_SELECTOR = YES;
				GCC_WARN_UNINITIALIZED_AUTOS = YES_AGGRESSIVE;
				GCC_WARN_UNUSED_FUNCTION = YES;
				GCC_WARN_UNUSED_VARIABLE = YES;
				IPHONEOS_DEPLOYMENT_TARGET = 9.0;
				MTL_ENABLE_DEBUG_INFO = NO;
				SDKROOT = iphoneos;
				TARGETED_DEVICE_FAMILY = "1,2";
				VALIDATE_PRODUCT = YES;
				VERSIONING_SYSTEM = "apple-generic";
				VERSION_INFO_PREFIX = "";
			};
			name = Release;
		};
		485009F81E2FF23C009B6610 /* Debug */ = {
			isa = XCBuildConfiguration;
			buildSettings = {
				ALWAYS_EMBED_SWIFT_STANDARD_LIBRARIES = YES;
				CLANG_ALLOW_NON_MODULAR_INCLUDES_IN_FRAMEWORK_MODULES = YES;
				CLANG_ENABLE_MODULES = YES;
				CLANG_WARN_DOCUMENTATION_COMMENTS = NO;
				CODE_SIGN_IDENTITY = "";
				DEFINES_MODULE = YES;
				DYLIB_COMPATIBILITY_VERSION = 1;
				DYLIB_CURRENT_VERSION = 1;
				DYLIB_INSTALL_NAME_BASE = "@rpath";
				HEADER_SEARCH_PATHS = (
					"$(inherited)",
					"$(SRCROOT)/ElectrodeContainer/Libraries/ReactNative/**",
				);
				FRAMEWORK_SEARCH_PATHS = (
					"$(inherited)",
				);
				INFOPLIST_FILE = ElectrodeContainer/Info.plist;
				INSTALL_PATH = "$(LOCAL_LIBRARY_DIR)/Frameworks";
				IPHONEOS_DEPLOYMENT_TARGET = 9.0;
				LD_RUNPATH_SEARCH_PATHS = "$(inherited) @executable_path/Frameworks @loader_path/Frameworks";
				LIBRARY_SEARCH_PATHS = (
					"$(inherited)",
					"$(SRCROOT)/ElectrodeContainer/Libraries/ReactNative/**",
					"$(SRCROOT)/ElectrodeContainer/Libraries/CodePush/**",
				);
				OTHER_LDFLAGS = (
					"-ObjC",
					"-lc++",
					"-lz",
				);
				PRODUCT_BUNDLE_IDENTIFIER = com.walmart.electronics.ElectrodeContainer;
				PRODUCT_NAME = "$(TARGET_NAME)";
				SKIP_INSTALL = YES;
				SWIFT_ACTIVE_COMPILATION_CONDITIONS = DEBUG;
				SWIFT_OPTIMIZATION_LEVEL = "-Onone";
				SWIFT_VERSION = 3.0;
			};
			name = Debug;
		};
		485009F91E2FF23C009B6610 /* Release */ = {
			isa = XCBuildConfiguration;
			buildSettings = {
				CLANG_ALLOW_NON_MODULAR_INCLUDES_IN_FRAMEWORK_MODULES = YES;
				CODE_SIGN_IDENTITY = "";
				DEFINES_MODULE = YES;
				DYLIB_COMPATIBILITY_VERSION = 1;
				DYLIB_CURRENT_VERSION = 1;
				DYLIB_INSTALL_NAME_BASE = "@rpath";
				HEADER_SEARCH_PATHS = (
					"$(inherited)",
					"$(SRCROOT)/ElectrodeContainer/Libraries/ReactNative/**",
					"$(SRCROOT)/ElectrodeContainer/Libraries/CodePush/**",
				);
				FRAMEWORK_SEARCH_PATHS = (
					"$(inherited)",
				);
				INFOPLIST_FILE = ElectrodeContainer/Info.plist;
				INSTALL_PATH = "$(LOCAL_LIBRARY_DIR)/Frameworks";
				IPHONEOS_DEPLOYMENT_TARGET = 9.0;
				LD_RUNPATH_SEARCH_PATHS = "$(inherited) @executable_path/Frameworks @loader_path/Frameworks";
				LIBRARY_SEARCH_PATHS = (
					"$(inherited)",
					"$(SRCROOT)/ElectrodeContainer/Libraries/ReactNative/**",
					"$(SRCROOT)/ElectrodeContainer/Libraries/CodePush/**",
				);
				OTHER_LDFLAGS = (
					"-ObjC",
					"-lc++",
					"-lz",
				);
				PRODUCT_BUNDLE_IDENTIFIER = com.walmart.electronics.ElectrodeContainer;
				PRODUCT_NAME = "$(TARGET_NAME)";
				SKIP_INSTALL = YES;
				SWIFT_VERSION = 3.0;
			};
			name = Release;
		};
		485009FB1E2FF23C009B6610 /* Debug */ = {
			isa = XCBuildConfiguration;
			buildSettings = {
				INFOPLIST_FILE = ElectrodeContainerTests/Info.plist;
				LD_RUNPATH_SEARCH_PATHS = "$(inherited) @executable_path/Frameworks @loader_path/Frameworks";
				LIBRARY_SEARCH_PATHS = (
					"$(inherited)",
					"$(SRCROOT)/ElectrodeContainer/Libraries/ReactNative/**",
					"$(SRCROOT)/ElectrodeContainer/Libraries/CodePush/**",
				);
				PRODUCT_BUNDLE_IDENTIFIER = com.walmart.electronics.ElectrodeContainerTests;
				PRODUCT_NAME = "$(TARGET_NAME)";
				TEST_HOST = "";
			};
			name = Debug;
		};
		485009FC1E2FF23C009B6610 /* Release */ = {
			isa = XCBuildConfiguration;
			buildSettings = {
				DEVELOPMENT_TEAM = DXZ5VF8836;
				HEADER_SEARCH_PATHS = (
					"$(inherited)",
					"\"$(SRCROOT)/ElectrodeContainer/Libraries/CodePush\"",
				);
				FRAMEWORK_SEARCH_PATHS = (
					"$(inherited)",
				);
				INFOPLIST_FILE = ElectrodeContainerTests/Info.plist;
				LD_RUNPATH_SEARCH_PATHS = "$(inherited) @executable_path/Frameworks @loader_path/Frameworks";
				LIBRARY_SEARCH_PATHS = (
					"$(inherited)",
					"$(SRCROOT)/ElectrodeContainer/Libraries/ReactNative/**",
					"$(SRCROOT)/ElectrodeContainer/Libraries/CodePush/**",
				);
				PRODUCT_BUNDLE_IDENTIFIER = com.walmart.electronics.ElectrodeContainerTests;
				PRODUCT_NAME = "$(TARGET_NAME)";
				TEST_HOST = "";
			};
			name = Release;
		};
/* End XCBuildConfiguration section */

/* Begin XCConfigurationList section */
		485009DD1E2FF23B009B6610 /* Build configuration list for PBXProject "ElectrodeContainer" */ = {
			isa = XCConfigurationList;
			buildConfigurations = (
				485009F51E2FF23C009B6610 /* Debug */,
				303268E41EA8139700A41A8F /* QADeployment */,
				485009F61E2FF23C009B6610 /* Release */,
			);
			defaultConfigurationIsVisible = 0;
			defaultConfigurationName = Release;
		};
		485009F71E2FF23C009B6610 /* Build configuration list for PBXNativeTarget "ElectrodeContainer" */ = {
			isa = XCConfigurationList;
			buildConfigurations = (
				485009F81E2FF23C009B6610 /* Debug */,
				303268E51EA8139700A41A8F /* QADeployment */,
				485009F91E2FF23C009B6610 /* Release */,
			);
			defaultConfigurationIsVisible = 0;
			defaultConfigurationName = Release;
		};
		485009FA1E2FF23C009B6610 /* Build configuration list for PBXNativeTarget "ElectrodeContainerTests" */ = {
			isa = XCConfigurationList;
			buildConfigurations = (
				485009FB1E2FF23C009B6610 /* Debug */,
				303268E61EA8139700A41A8F /* QADeployment */,
				485009FC1E2FF23C009B6610 /* Release */,
			);
			defaultConfigurationIsVisible = 0;
			defaultConfigurationName = Release;
		};
/* End XCConfigurationList section */
	};
	rootObject = 485009DA1E2FF23B009B6610 /* Project object */;
}
